// !$*UTF8*$!
{
	archiveVersion = 1;
	classes = {
	};
	objectVersion = 51;
	objects = {

/* Begin PBXBuildFile section */
		3301BEF423F962F000B4364D /* RandomAIWithRole.swift in Sources */ = {isa = PBXBuildFile; fileRef = 3301BEF323F962F000B4364D /* RandomAIWithRole.swift */; };
		3301BEF523F962F000B4364D /* RandomAIWithRole.swift in Sources */ = {isa = PBXBuildFile; fileRef = 3301BEF323F962F000B4364D /* RandomAIWithRole.swift */; };
		3301BEF723F9A44100B4364D /* GameLoader.swift in Sources */ = {isa = PBXBuildFile; fileRef = 3301BEF623F9A44100B4364D /* GameLoader.swift */; };
		3301BEF823F9A44100B4364D /* GameLoader.swift in Sources */ = {isa = PBXBuildFile; fileRef = 3301BEF623F9A44100B4364D /* GameLoader.swift */; };
		3301BEFA23F9A79B00B4364D /* AIPlayerAgent.swift in Sources */ = {isa = PBXBuildFile; fileRef = 3301BEF923F9A79B00B4364D /* AIPlayerAgent.swift */; };
		3301E63823F7EEF700AB35C7 /* AIProtocol.swift in Sources */ = {isa = PBXBuildFile; fileRef = 3301E63723F7EEF700AB35C7 /* AIProtocol.swift */; };
		3301E63923F7EEF700AB35C7 /* AIProtocol.swift in Sources */ = {isa = PBXBuildFile; fileRef = 3301E63723F7EEF700AB35C7 /* AIProtocol.swift */; };
		3301E64023F80AE600AB35C7 /* StatsViewController.swift in Sources */ = {isa = PBXBuildFile; fileRef = 3301E63F23F80AE600AB35C7 /* StatsViewController.swift */; };
		3302905C23F327AE0099C438 /* Saloon.swift in Sources */ = {isa = PBXBuildFile; fileRef = ADE91AC523B9F84200F7316B /* Saloon.swift */; };
		3302905E23F329780099C438 /* Saloon.swift in Sources */ = {isa = PBXBuildFile; fileRef = ADE91AC523B9F84200F7316B /* Saloon.swift */; };
		3302906023F32AC20099C438 /* Beer.swift in Sources */ = {isa = PBXBuildFile; fileRef = ADD5643423A4E09C00C1BD01 /* Beer.swift */; };
		3302906123F32AC30099C438 /* Beer.swift in Sources */ = {isa = PBXBuildFile; fileRef = ADD5643423A4E09C00C1BD01 /* Beer.swift */; };
		3302E51C23F8E34C004FE76E /* RandomAI.swift in Sources */ = {isa = PBXBuildFile; fileRef = 3302E51B23F8E34C004FE76E /* RandomAI.swift */; };
		3302E51D23F8E34C004FE76E /* RandomAI.swift in Sources */ = {isa = PBXBuildFile; fileRef = 3302E51B23F8E34C004FE76E /* RandomAI.swift */; };
		3303E23B2408E28400BB9E23 /* GameUpdateEliminatePlayer.swift in Sources */ = {isa = PBXBuildFile; fileRef = 3303E23A2408E28400BB9E23 /* GameUpdateEliminatePlayer.swift */; };
		3303E23D2408E3C000BB9E23 /* GameUpdateEliminatePlayerTests.swift in Sources */ = {isa = PBXBuildFile; fileRef = 3303E23C2408E3C000BB9E23 /* GameUpdateEliminatePlayerTests.swift */; };
		3303E23E2408E4A600BB9E23 /* GameUpdateEliminatePlayer.swift in Sources */ = {isa = PBXBuildFile; fileRef = 3303E23A2408E28400BB9E23 /* GameUpdateEliminatePlayer.swift */; };
		3303E2402408E91C00BB9E23 /* ResolveBarrelTests.swift in Sources */ = {isa = PBXBuildFile; fileRef = 3303E23F2408E91C00BB9E23 /* ResolveBarrelTests.swift */; };
		3309D7082408D1EE00713E15 /* GameUpdateSetTurnTests.swift in Sources */ = {isa = PBXBuildFile; fileRef = 3309D7072408D1EE00713E15 /* GameUpdateSetTurnTests.swift */; };
		3309D70B2408D36600713E15 /* GameUpdateSetTurn.swift in Sources */ = {isa = PBXBuildFile; fileRef = 3309D70A2408D36600713E15 /* GameUpdateSetTurn.swift */; };
		3309D70C2408D36A00713E15 /* GameUpdateSetTurn.swift in Sources */ = {isa = PBXBuildFile; fileRef = 3309D70A2408D36600713E15 /* GameUpdateSetTurn.swift */; };
		3309D70E2408D49D00713E15 /* GameUpdateSetChallenge.swift in Sources */ = {isa = PBXBuildFile; fileRef = 3309D70D2408D49D00713E15 /* GameUpdateSetChallenge.swift */; };
		3309D70F2408D49D00713E15 /* GameUpdateSetChallenge.swift in Sources */ = {isa = PBXBuildFile; fileRef = 3309D70D2408D49D00713E15 /* GameUpdateSetChallenge.swift */; };
		3309D7112408D56F00713E15 /* GameUpdateSetChallengeTests.swift in Sources */ = {isa = PBXBuildFile; fileRef = 3309D7102408D56F00713E15 /* GameUpdateSetChallengeTests.swift */; };
		3309D7132408D89200713E15 /* GameUpdateFlipOverFirstDeckCard.swift in Sources */ = {isa = PBXBuildFile; fileRef = 3309D7122408D89200713E15 /* GameUpdateFlipOverFirstDeckCard.swift */; };
		3309D7142408D89200713E15 /* GameUpdateFlipOverFirstDeckCard.swift in Sources */ = {isa = PBXBuildFile; fileRef = 3309D7122408D89200713E15 /* GameUpdateFlipOverFirstDeckCard.swift */; };
		3309D7162408D90200713E15 /* GameUpdateFlipOverFirstDeckCardTests.swift in Sources */ = {isa = PBXBuildFile; fileRef = 3309D7152408D90200713E15 /* GameUpdateFlipOverFirstDeckCardTests.swift */; };
		3309D7182408DC3000713E15 /* Eliminate.swift in Sources */ = {isa = PBXBuildFile; fileRef = 3309D7172408DC3000713E15 /* Eliminate.swift */; };
		3309D7192408DC3000713E15 /* Eliminate.swift in Sources */ = {isa = PBXBuildFile; fileRef = 3309D7172408DC3000713E15 /* Eliminate.swift */; };
		3309D71B2408DE4200713E15 /* EliminateTests.swift in Sources */ = {isa = PBXBuildFile; fileRef = 3309D71A2408DE4200713E15 /* EliminateTests.swift */; };
		330B7E0E23F70CAB00B3653D /* OutcomeCalculatorProtocol.swift in Sources */ = {isa = PBXBuildFile; fileRef = 330B7E0D23F70CAB00B3653D /* OutcomeCalculatorProtocol.swift */; };
		330B7E0F23F70CAF00B3653D /* OutcomeCalculatorProtocol.swift in Sources */ = {isa = PBXBuildFile; fileRef = 330B7E0D23F70CAB00B3653D /* OutcomeCalculatorProtocol.swift */; };
		330B7E1123F70D0200B3653D /* OutcomeCalculator.swift in Sources */ = {isa = PBXBuildFile; fileRef = 330B7E1023F70D0200B3653D /* OutcomeCalculator.swift */; };
		330B7E1223F70D0200B3653D /* OutcomeCalculator.swift in Sources */ = {isa = PBXBuildFile; fileRef = 330B7E1023F70D0200B3653D /* OutcomeCalculator.swift */; };
		330B7E1423F70D8700B3653D /* OutcomeCalculatorTests.swift in Sources */ = {isa = PBXBuildFile; fileRef = 330B7E1323F70D8700B3653D /* OutcomeCalculatorTests.swift */; };
		3322724F23F5CEDE0028933D /* StartTurnTests.swift in Sources */ = {isa = PBXBuildFile; fileRef = 33AFB62823DCAD1800C96CED /* StartTurnTests.swift */; };
		3322725023F5CEDE0028933D /* BeerTests.swift in Sources */ = {isa = PBXBuildFile; fileRef = AD48DD2F23BEB11800E5B552 /* BeerTests.swift */; };
		3322725123F5CEDE0028933D /* SaloonTests.swift in Sources */ = {isa = PBXBuildFile; fileRef = AD48DD3123BEB12800E5B552 /* SaloonTests.swift */; };
		3322725223F5CEDE0028933D /* StagecoachTests.swift in Sources */ = {isa = PBXBuildFile; fileRef = AD48DD2923BEAE1300E5B552 /* StagecoachTests.swift */; };
		3322725323F5CEDE0028933D /* WellsFargoTests.swift in Sources */ = {isa = PBXBuildFile; fileRef = AD48DD2B23BEAFAF00E5B552 /* WellsFargoTests.swift */; };
		3322725423F5CEDE0028933D /* EquipTests.swift in Sources */ = {isa = PBXBuildFile; fileRef = AD48DD2D23BEB06600E5B552 /* EquipTests.swift */; };
		3322725523F5CEDE0028933D /* PanicTests.swift in Sources */ = {isa = PBXBuildFile; fileRef = 33A4381623E4C1FD00C39DD6 /* PanicTests.swift */; };
		3322725623F5CEDE0028933D /* CatBalouTests.swift in Sources */ = {isa = PBXBuildFile; fileRef = 33A4380F23E496FF00C39DD6 /* CatBalouTests.swift */; };
		3322725723F5CEDE0028933D /* EndTurnTests.swift in Sources */ = {isa = PBXBuildFile; fileRef = 33B7DFA523E20BDD0051718E /* EndTurnTests.swift */; };
		3322725823F5CEDE0028933D /* ShootTest.swift in Sources */ = {isa = PBXBuildFile; fileRef = 33A1410C23E5CFE800E40AA8 /* ShootTest.swift */; };
		3322725923F5CEDE0028933D /* MissedTests.swift in Sources */ = {isa = PBXBuildFile; fileRef = 33AE8F5823E6303B00DC2A41 /* MissedTests.swift */; };
		3322725A23F5CEDE0028933D /* GatlingTests.swift in Sources */ = {isa = PBXBuildFile; fileRef = 33B04DBF23E6ED7C006636F5 /* GatlingTests.swift */; };
		3322725B23F5CEDE0028933D /* LooseLifeTests.swift in Sources */ = {isa = PBXBuildFile; fileRef = 33EC5D3623E71C9D00E14890 /* LooseLifeTests.swift */; };
		3322725C23F5CEDE0028933D /* IndiansTests.swift in Sources */ = {isa = PBXBuildFile; fileRef = 33EC5D3823E7362C00E14890 /* IndiansTests.swift */; };
		3322725D23F5CEDE0028933D /* DiscardBangTests.swift in Sources */ = {isa = PBXBuildFile; fileRef = 33EC5D3D23E7387F00E14890 /* DiscardBangTests.swift */; };
		3322725E23F5CEDE0028933D /* DuelTests.swift in Sources */ = {isa = PBXBuildFile; fileRef = 33EC5D3F23E7410E00E14890 /* DuelTests.swift */; };
		3322725F23F5CEDE0028933D /* GeneralStoreTests.swift in Sources */ = {isa = PBXBuildFile; fileRef = 33C45DCB23EB0F7200B62508 /* GeneralStoreTests.swift */; };
		3322726123F5CEDE0028933D /* ChooseCardTests.swift in Sources */ = {isa = PBXBuildFile; fileRef = 33C45DD923EB154900B62508 /* ChooseCardTests.swift */; };
		3322726223F5CEDE0028933D /* JailTests.swift in Sources */ = {isa = PBXBuildFile; fileRef = 33C45DDB23EB15A400B62508 /* JailTests.swift */; };
		3322726323F5CEDE0028933D /* ResolveJailTests.swift in Sources */ = {isa = PBXBuildFile; fileRef = 33C45DE023EB168E00B62508 /* ResolveJailTests.swift */; };
		3322726423F5CEDE0028933D /* ResolveDynamiteTests.swift in Sources */ = {isa = PBXBuildFile; fileRef = 33C45DE523EB184F00B62508 /* ResolveDynamiteTests.swift */; };
		3322726523F5CEDE0028933D /* DiscardBeerTests.swift in Sources */ = {isa = PBXBuildFile; fileRef = 33C45DEA23EB190600B62508 /* DiscardBeerTests.swift */; };
		3324018E23DBA6C800B92439 /* UICollectionViewExtension.swift in Sources */ = {isa = PBXBuildFile; fileRef = 3324018D23DBA6C800B92439 /* UICollectionViewExtension.swift */; };
		332499B323DB9F650082EF09 /* GameViewController.swift in Sources */ = {isa = PBXBuildFile; fileRef = 332499B223DB9F650082EF09 /* GameViewController.swift */; };
		335A147423F312F700D9971E /* GameDatabase.swift in Sources */ = {isa = PBXBuildFile; fileRef = 33BA280023F1E9830084A3C9 /* GameDatabase.swift */; };
		336AA6F023F1450800328837 /* GameDatabaseProtocol.swift in Sources */ = {isa = PBXBuildFile; fileRef = 336AA6EF23F1450800328837 /* GameDatabaseProtocol.swift */; };
		336AA6F123F1450B00328837 /* GameDatabaseProtocol.swift in Sources */ = {isa = PBXBuildFile; fileRef = 336AA6EF23F1450800328837 /* GameDatabaseProtocol.swift */; };
		336AA6F223F14D4B00328837 /* GameEngineTests.swift in Sources */ = {isa = PBXBuildFile; fileRef = 33F2505C23DDDBCC00A0FDD1 /* GameEngineTests.swift */; };
		3383ABD023F461D20028B4B3 /* Jail.swift in Sources */ = {isa = PBXBuildFile; fileRef = ADB5A0FA23BAB7DD0050E173 /* Jail.swift */; };
		3383ABD123F461D20028B4B3 /* Jail.swift in Sources */ = {isa = PBXBuildFile; fileRef = ADB5A0FA23BAB7DD0050E173 /* Jail.swift */; };
		3383ABD323F4657C0028B4B3 /* Bang.swift in Sources */ = {isa = PBXBuildFile; fileRef = ADB5A0FD23BAB8070050E173 /* Bang.swift */; };
		3383ABD423F4657C0028B4B3 /* Bang.swift in Sources */ = {isa = PBXBuildFile; fileRef = ADB5A0FD23BAB8070050E173 /* Bang.swift */; };
		3383ABD623F5312B0028B4B3 /* Missed.swift in Sources */ = {isa = PBXBuildFile; fileRef = ADB5A10023BAB81E0050E173 /* Missed.swift */; };
		3383ABD723F5312B0028B4B3 /* Missed.swift in Sources */ = {isa = PBXBuildFile; fileRef = ADB5A10023BAB81E0050E173 /* Missed.swift */; };
		3383ABD923F5332A0028B4B3 /* Gatling.swift in Sources */ = {isa = PBXBuildFile; fileRef = ADB5A10623BAB84E0050E173 /* Gatling.swift */; };
		3383ABDA23F5332A0028B4B3 /* Gatling.swift in Sources */ = {isa = PBXBuildFile; fileRef = ADB5A10623BAB84E0050E173 /* Gatling.swift */; };
		3383ABDC23F533390028B4B3 /* Indians.swift in Sources */ = {isa = PBXBuildFile; fileRef = ADB5A10923BAB8630050E173 /* Indians.swift */; };
		3383ABDD23F533390028B4B3 /* Indians.swift in Sources */ = {isa = PBXBuildFile; fileRef = ADB5A10923BAB8630050E173 /* Indians.swift */; };
		3383ABDE23F5333C0028B4B3 /* Duel.swift in Sources */ = {isa = PBXBuildFile; fileRef = ADB5A10323BAB8370050E173 /* Duel.swift */; };
		3383ABDF23F5333D0028B4B3 /* Duel.swift in Sources */ = {isa = PBXBuildFile; fileRef = ADB5A10323BAB8370050E173 /* Duel.swift */; };
		3383ABE023F533480028B4B3 /* DiscardBang.swift in Sources */ = {isa = PBXBuildFile; fileRef = 33EC5D3A23E737E500E14890 /* DiscardBang.swift */; };
		3383ABE123F533490028B4B3 /* DiscardBang.swift in Sources */ = {isa = PBXBuildFile; fileRef = 33EC5D3A23E737E500E14890 /* DiscardBang.swift */; };
		3383ABE523F53AC10028B4B3 /* ResolveBarrel.swift in Sources */ = {isa = PBXBuildFile; fileRef = 33C45DD123EB11EB00B62508 /* ResolveBarrel.swift */; };
		3383ABE623F53AFA0028B4B3 /* ResolveDynamite.swift in Sources */ = {isa = PBXBuildFile; fileRef = 33C45DE223EB176B00B62508 /* ResolveDynamite.swift */; };
		3383ABE723F53AFA0028B4B3 /* ResolveDynamite.swift in Sources */ = {isa = PBXBuildFile; fileRef = 33C45DE223EB176B00B62508 /* ResolveDynamite.swift */; };
		3383ABE823F53AFD0028B4B3 /* ResolveBarrel.swift in Sources */ = {isa = PBXBuildFile; fileRef = 33C45DD123EB11EB00B62508 /* ResolveBarrel.swift */; };
		3383ABE923F53B540028B4B3 /* DiscardBeer.swift in Sources */ = {isa = PBXBuildFile; fileRef = 33C45DE723EB18A800B62508 /* DiscardBeer.swift */; };
		3383ABEA23F53B550028B4B3 /* DiscardBeer.swift in Sources */ = {isa = PBXBuildFile; fileRef = 33C45DE723EB18A800B62508 /* DiscardBeer.swift */; };
		3383ABEE23F53B950028B4B3 /* ResolveJail.swift in Sources */ = {isa = PBXBuildFile; fileRef = 33C45DDD23EB15E900B62508 /* ResolveJail.swift */; };
		3383ABEF23F53B960028B4B3 /* ResolveJail.swift in Sources */ = {isa = PBXBuildFile; fileRef = 33C45DDD23EB15E900B62508 /* ResolveJail.swift */; };
		3383ABF023F53B980028B4B3 /* LooseLife.swift in Sources */ = {isa = PBXBuildFile; fileRef = 33EC5D3323E71C1400E14890 /* LooseLife.swift */; };
		3383ABF123F53B990028B4B3 /* LooseLife.swift in Sources */ = {isa = PBXBuildFile; fileRef = 33EC5D3323E71C1400E14890 /* LooseLife.swift */; };
		3383ABF223F53B9C0028B4B3 /* EndTurn.swift in Sources */ = {isa = PBXBuildFile; fileRef = ADB5A11523BABBE80050E173 /* EndTurn.swift */; };
		3383ABF323F53B9C0028B4B3 /* EndTurn.swift in Sources */ = {isa = PBXBuildFile; fileRef = ADB5A11523BABBE80050E173 /* EndTurn.swift */; };
		3383AC1023F53BBF0028B4B3 /* GeneralStore.swift in Sources */ = {isa = PBXBuildFile; fileRef = ADB5A11223BAB9330050E173 /* GeneralStore.swift */; };
		3383AC1123F53BBF0028B4B3 /* ChooseCard.swift in Sources */ = {isa = PBXBuildFile; fileRef = 33C45DD623EB14A100B62508 /* ChooseCard.swift */; };
		3383AC1223F53BBF0028B4B3 /* GeneralStore.swift in Sources */ = {isa = PBXBuildFile; fileRef = ADB5A11223BAB9330050E173 /* GeneralStore.swift */; };
		3383AC1323F53BBF0028B4B3 /* ChooseCard.swift in Sources */ = {isa = PBXBuildFile; fileRef = 33C45DD623EB14A100B62508 /* ChooseCard.swift */; };
		338E39A023F3E3F7002FA99B /* CatBalou.swift in Sources */ = {isa = PBXBuildFile; fileRef = ADB5A10F23BAB89C0050E173 /* CatBalou.swift */; };
		338E39A123F3E3F8002FA99B /* CatBalou.swift in Sources */ = {isa = PBXBuildFile; fileRef = ADB5A10F23BAB89C0050E173 /* CatBalou.swift */; };
		338E39A223F3E3FD002FA99B /* Panic.swift in Sources */ = {isa = PBXBuildFile; fileRef = ADB5A10C23BAB8780050E173 /* Panic.swift */; };
		338E39A323F3E3FE002FA99B /* Panic.swift in Sources */ = {isa = PBXBuildFile; fileRef = ADB5A10C23BAB8780050E173 /* Panic.swift */; };
		3395258023E37CCE003DE948 /* GameEngineProtocol.swift in Sources */ = {isa = PBXBuildFile; fileRef = 3395257F23E37CCE003DE948 /* GameEngineProtocol.swift */; };
		3395258123E37CCE003DE948 /* GameEngineProtocol.swift in Sources */ = {isa = PBXBuildFile; fileRef = 3395257F23E37CCE003DE948 /* GameEngineProtocol.swift */; };
		3395258323E37D07003DE948 /* GameSetupProtocol.swift in Sources */ = {isa = PBXBuildFile; fileRef = 3395258223E37D07003DE948 /* GameSetupProtocol.swift */; };
		3395258423E37D07003DE948 /* GameSetupProtocol.swift in Sources */ = {isa = PBXBuildFile; fileRef = 3395258223E37D07003DE948 /* GameSetupProtocol.swift */; };
		3395258623E37D3E003DE948 /* ResourcesProviderProtocol.swift in Sources */ = {isa = PBXBuildFile; fileRef = 3395258523E37D3E003DE948 /* ResourcesProviderProtocol.swift */; };
		3395258723E37D3E003DE948 /* ResourcesProviderProtocol.swift in Sources */ = {isa = PBXBuildFile; fileRef = 3395258523E37D3E003DE948 /* ResourcesProviderProtocol.swift */; };
		339A294923EFEFE7002C5CD8 /* ChallengeExtension.swift in Sources */ = {isa = PBXBuildFile; fileRef = 339A294823EFEFE7002C5CD8 /* ChallengeExtension.swift */; };
		339A294A23EFEFE7002C5CD8 /* ChallengeExtension.swift in Sources */ = {isa = PBXBuildFile; fileRef = 339A294823EFEFE7002C5CD8 /* ChallengeExtension.swift */; };
		339A294F23EFFE70002C5CD8 /* GameStateExtension.swift in Sources */ = {isa = PBXBuildFile; fileRef = 339A294E23EFFE70002C5CD8 /* GameStateExtension.swift */; };
		339A295023EFFE70002C5CD8 /* GameStateExtension.swift in Sources */ = {isa = PBXBuildFile; fileRef = 339A294E23EFFE70002C5CD8 /* GameStateExtension.swift */; };
		33A4381223E4BD3200C39DD6 /* ArrayExtension.swift in Sources */ = {isa = PBXBuildFile; fileRef = 33A4381123E4BD3200C39DD6 /* ArrayExtension.swift */; };
		33A4381323E4BD3200C39DD6 /* ArrayExtension.swift in Sources */ = {isa = PBXBuildFile; fileRef = 33A4381123E4BD3200C39DD6 /* ArrayExtension.swift */; };
		33A4381523E4BE8200C39DD6 /* ArrayExtensionTests.swift in Sources */ = {isa = PBXBuildFile; fileRef = 33A4381423E4BE8200C39DD6 /* ArrayExtensionTests.swift */; };
		33A733EE23DC4A5300E9B2AD /* Subscribable.swift in Sources */ = {isa = PBXBuildFile; fileRef = 33A733ED23DC4A5300E9B2AD /* Subscribable.swift */; };
		33A733F823DC5AC300E9B2AD /* GameEngine.swift in Sources */ = {isa = PBXBuildFile; fileRef = 33A733F723DC5AC300E9B2AD /* GameEngine.swift */; };
		33A815E623DB507D0081A055 /* Assets.xcassets in Resources */ = {isa = PBXBuildFile; fileRef = ADB7D2F4239EE03900653905 /* Assets.xcassets */; };
		33A815EB23DB525A0081A055 /* figures.json in Resources */ = {isa = PBXBuildFile; fileRef = AD49F86923BA074100543F59 /* figures.json */; };
		33A815ED23DB54350081A055 /* roles.json in Resources */ = {isa = PBXBuildFile; fileRef = 33A815EC23DB54350081A055 /* roles.json */; };
		33A815EE23DB54350081A055 /* roles.json in Resources */ = {isa = PBXBuildFile; fileRef = 33A815EC23DB54350081A055 /* roles.json */; };
		33AFA25323DC201A00425BEB /* ClassNameProtocol.swift in Sources */ = {isa = PBXBuildFile; fileRef = 33AFA25223DC201A00425BEB /* ClassNameProtocol.swift */; };
		33BA280123F1E9830084A3C9 /* GameDatabase.swift in Sources */ = {isa = PBXBuildFile; fileRef = 33BA280023F1E9830084A3C9 /* GameDatabase.swift */; };
		33BA280323F1EDCE0084A3C9 /* GameUpdate.swift in Sources */ = {isa = PBXBuildFile; fileRef = 33BA280223F1EDCE0084A3C9 /* GameUpdate.swift */; };
		33BA280423F1EDCE0084A3C9 /* GameUpdate.swift in Sources */ = {isa = PBXBuildFile; fileRef = 33BA280223F1EDCE0084A3C9 /* GameUpdate.swift */; };
		33BA280723F1EF100084A3C9 /* GameUpdateTests.swift in Sources */ = {isa = PBXBuildFile; fileRef = 33BA280623F1EF100084A3C9 /* GameUpdateTests.swift */; };
		33D477E723E4F9E300E232D9 /* RangeCalculatorProtocol.swift in Sources */ = {isa = PBXBuildFile; fileRef = 33D477E623E4F9E200E232D9 /* RangeCalculatorProtocol.swift */; };
		33D477E823E4F9E300E232D9 /* RangeCalculatorProtocol.swift in Sources */ = {isa = PBXBuildFile; fileRef = 33D477E623E4F9E200E232D9 /* RangeCalculatorProtocol.swift */; };
		33D477EA23E4FA0F00E232D9 /* RangeCalculator.swift in Sources */ = {isa = PBXBuildFile; fileRef = 33D477E923E4FA0F00E232D9 /* RangeCalculator.swift */; };
		33D477EB23E4FA0F00E232D9 /* RangeCalculator.swift in Sources */ = {isa = PBXBuildFile; fileRef = 33D477E923E4FA0F00E232D9 /* RangeCalculator.swift */; };
		33D477ED23E55AFA00E232D9 /* RangeCalculatorTests.swift in Sources */ = {isa = PBXBuildFile; fileRef = 33D477EC23E55AFA00E232D9 /* RangeCalculatorTests.swift */; };
		33D477F123E57DE500E232D9 /* FigureProtocol.swift in Sources */ = {isa = PBXBuildFile; fileRef = 33D477F023E57DE500E232D9 /* FigureProtocol.swift */; };
		33D477F223E57DE500E232D9 /* FigureProtocol.swift in Sources */ = {isa = PBXBuildFile; fileRef = 33D477F023E57DE500E232D9 /* FigureProtocol.swift */; };
		33D477F423E57FDD00E232D9 /* MockFigureProtocolExtension.swift in Sources */ = {isa = PBXBuildFile; fileRef = 33D477F323E57FDD00E232D9 /* MockFigureProtocolExtension.swift */; };
		33D964AC23DD9049007295E7 /* ResourcesProviderTests+Cards.swift in Sources */ = {isa = PBXBuildFile; fileRef = 33D964AB23DD9049007295E7 /* ResourcesProviderTests+Cards.swift */; };
		33D964AE23DD907E007295E7 /* ResourcesProviderTests+Figures.swift in Sources */ = {isa = PBXBuildFile; fileRef = 33D964AD23DD907E007295E7 /* ResourcesProviderTests+Figures.swift */; };
		33D964B223DD9119007295E7 /* MatcherExtension.swift in Sources */ = {isa = PBXBuildFile; fileRef = 33D964B123DD9119007295E7 /* MatcherExtension.swift */; };
		33D964B523DDDB1E007295E7 /* GameEngine.swift in Sources */ = {isa = PBXBuildFile; fileRef = 33A733F723DC5AC300E9B2AD /* GameEngine.swift */; };
		33E4411B24077CA000B2848E /* PlayersAdapter.swift in Sources */ = {isa = PBXBuildFile; fileRef = 33E4411524077CA000B2848E /* PlayersAdapter.swift */; };
		33E4411C24077CA000B2848E /* ActionsAdapter.swift in Sources */ = {isa = PBXBuildFile; fileRef = 33E4411624077CA000B2848E /* ActionsAdapter.swift */; };
		33E4411D24077CA000B2848E /* ActionCell.swift in Sources */ = {isa = PBXBuildFile; fileRef = 33E4411824077CA000B2848E /* ActionCell.swift */; };
		33E4411E24077CA000B2848E /* PlayerCell.swift in Sources */ = {isa = PBXBuildFile; fileRef = 33E4411924077CA000B2848E /* PlayerCell.swift */; };
		33E4411F24077CA000B2848E /* MessageCell.swift in Sources */ = {isa = PBXBuildFile; fileRef = 33E4411A24077CA000B2848E /* MessageCell.swift */; };
		33E4412124077D8000B2848E /* Score.swift in Sources */ = {isa = PBXBuildFile; fileRef = 33E4412024077D8000B2848E /* Score.swift */; };
		33E4412224077D8000B2848E /* Score.swift in Sources */ = {isa = PBXBuildFile; fileRef = 33E4412024077D8000B2848E /* Score.swift */; };
		33E4412424077DAB00B2848E /* UITableViewExtension.swift in Sources */ = {isa = PBXBuildFile; fileRef = 33E4412324077DAB00B2848E /* UITableViewExtension.swift */; };
		33EBF4DC23F34A5300C300A7 /* WellsFargo.swift in Sources */ = {isa = PBXBuildFile; fileRef = AD49F86E23BA0E3E00543F59 /* WellsFargo.swift */; };
		33EBF4DD23F34A5400C300A7 /* WellsFargo.swift in Sources */ = {isa = PBXBuildFile; fileRef = AD49F86E23BA0E3E00543F59 /* WellsFargo.swift */; };
		33EBF4DE23F34A5700C300A7 /* Stagecoach.swift in Sources */ = {isa = PBXBuildFile; fileRef = AD49F86B23BA0C4600543F59 /* Stagecoach.swift */; };
		33EBF4DF23F34A5800C300A7 /* Stagecoach.swift in Sources */ = {isa = PBXBuildFile; fileRef = AD49F86B23BA0C4600543F59 /* Stagecoach.swift */; };
		33EBF4E223F35A5E00C300A7 /* Equip.swift in Sources */ = {isa = PBXBuildFile; fileRef = ADB5A0F423BAB29C0050E173 /* Equip.swift */; };
		33EBF4E323F35A5F00C300A7 /* Equip.swift in Sources */ = {isa = PBXBuildFile; fileRef = ADB5A0F423BAB29C0050E173 /* Equip.swift */; };
		33F94AB223F056DA00D1BCFE /* StartTurn.swift in Sources */ = {isa = PBXBuildFile; fileRef = 33AFB62523DCAC9E00C96CED /* StartTurn.swift */; };
		33F94AB323F056DA00D1BCFE /* StartTurn.swift in Sources */ = {isa = PBXBuildFile; fileRef = 33AFB62523DCAC9E00C96CED /* StartTurn.swift */; };
		33F94AB623F0580800D1BCFE /* GameUpdateProtocol.swift in Sources */ = {isa = PBXBuildFile; fileRef = 33F94AB523F0580800D1BCFE /* GameUpdateProtocol.swift */; };
		33F94AB723F0580800D1BCFE /* GameUpdateProtocol.swift in Sources */ = {isa = PBXBuildFile; fileRef = 33F94AB523F0580800D1BCFE /* GameUpdateProtocol.swift */; };
		8DBD562D47470962F400716D /* libPods-WildWestTests.a in Frameworks */ = {isa = PBXBuildFile; fileRef = 102E20EA2AD38505FB9CFBD5 /* libPods-WildWestTests.a */; };
		AD186BDF23A461F300ABF3E7 /* GeneratedMocks.swift in Sources */ = {isa = PBXBuildFile; fileRef = AD186BDE23A461F300ABF3E7 /* GeneratedMocks.swift */; };
		AD36CDDD23C51EFA008D4EDB /* ResourcesProvider.swift in Sources */ = {isa = PBXBuildFile; fileRef = AD36CDDC23C51EFA008D4EDB /* ResourcesProvider.swift */; };
		AD36CDDE23C51EFA008D4EDB /* ResourcesProvider.swift in Sources */ = {isa = PBXBuildFile; fileRef = AD36CDDC23C51EFA008D4EDB /* ResourcesProvider.swift */; };
		AD46810E23BEA2B0000B42C7 /* PlayerExtension.swift in Sources */ = {isa = PBXBuildFile; fileRef = AD46810D23BEA2B0000B42C7 /* PlayerExtension.swift */; };
		AD46810F23BEA2B0000B42C7 /* PlayerExtension.swift in Sources */ = {isa = PBXBuildFile; fileRef = AD46810D23BEA2B0000B42C7 /* PlayerExtension.swift */; };
		AD49F86723BA054400543F59 /* Figure.swift in Sources */ = {isa = PBXBuildFile; fileRef = AD49F86623BA054400543F59 /* Figure.swift */; };
		AD49F86823BA054D00543F59 /* Figure.swift in Sources */ = {isa = PBXBuildFile; fileRef = AD49F86623BA054400543F59 /* Figure.swift */; };
		AD49F86A23BA074100543F59 /* figures.json in Resources */ = {isa = PBXBuildFile; fileRef = AD49F86923BA074100543F59 /* figures.json */; };
		AD4BE6AA23DA4B12003A610A /* CollectionExtension.swift in Sources */ = {isa = PBXBuildFile; fileRef = AD4BE6A923DA4B12003A610A /* CollectionExtension.swift */; };
		AD52B99323B175110013240B /* Card.swift in Sources */ = {isa = PBXBuildFile; fileRef = AD52B99223B175110013240B /* Card.swift */; };
		AD52B99423B175110013240B /* Card.swift in Sources */ = {isa = PBXBuildFile; fileRef = AD52B99223B175110013240B /* Card.swift */; };
		AD52B99923B178CC0013240B /* Player.swift in Sources */ = {isa = PBXBuildFile; fileRef = AD52B99823B178CC0013240B /* Player.swift */; };
		AD52B99A23B178CC0013240B /* Player.swift in Sources */ = {isa = PBXBuildFile; fileRef = AD52B99823B178CC0013240B /* Player.swift */; };
		AD52B99C23B17A310013240B /* GameState.swift in Sources */ = {isa = PBXBuildFile; fileRef = AD52B99B23B17A310013240B /* GameState.swift */; };
		AD52B99D23B17A310013240B /* GameState.swift in Sources */ = {isa = PBXBuildFile; fileRef = AD52B99B23B17A310013240B /* GameState.swift */; };
		AD671A1C23D8F9D600F0AA4A /* CardExtension.swift in Sources */ = {isa = PBXBuildFile; fileRef = AD671A1B23D8F9D600F0AA4A /* CardExtension.swift */; };
		AD671A1D23D8F9D600F0AA4A /* CardExtension.swift in Sources */ = {isa = PBXBuildFile; fileRef = AD671A1B23D8F9D600F0AA4A /* CardExtension.swift */; };
		AD7EAFBF23D7846D00FE23D5 /* GameSetupTests.swift in Sources */ = {isa = PBXBuildFile; fileRef = AD7EAFBE23D7846D00FE23D5 /* GameSetupTests.swift */; };
		AD7F34B923D79841001B4072 /* MockCardProtocolExtension.swift in Sources */ = {isa = PBXBuildFile; fileRef = AD7F34B823D79841001B4072 /* MockCardProtocolExtension.swift */; };
		AD7F34BD23D79879001B4072 /* MockPlayerProtocolExtension.swift in Sources */ = {isa = PBXBuildFile; fileRef = AD7F34BC23D79879001B4072 /* MockPlayerProtocolExtension.swift */; };
		AD7F34BF23D79893001B4072 /* MockGameStateProtocolExtension.swift in Sources */ = {isa = PBXBuildFile; fileRef = AD7F34BE23D79893001B4072 /* MockGameStateProtocolExtension.swift */; };
		ADB7D2EC239EE03800653905 /* AppDelegate.swift in Sources */ = {isa = PBXBuildFile; fileRef = ADB7D2EB239EE03800653905 /* AppDelegate.swift */; };
		ADB7D2F3239EE03800653905 /* Main.storyboard in Resources */ = {isa = PBXBuildFile; fileRef = ADB7D2F1239EE03800653905 /* Main.storyboard */; };
		ADB7D2F5239EE03900653905 /* Assets.xcassets in Resources */ = {isa = PBXBuildFile; fileRef = ADB7D2F4239EE03900653905 /* Assets.xcassets */; };
		ADB7D2F8239EE03900653905 /* LaunchScreen.storyboard in Resources */ = {isa = PBXBuildFile; fileRef = ADB7D2F6239EE03900653905 /* LaunchScreen.storyboard */; };
		ADD035CC23A95F37003B2576 /* RuleProtocol.swift in Sources */ = {isa = PBXBuildFile; fileRef = ADD035CB23A95F37003B2576 /* RuleProtocol.swift */; };
		ADD035CD23A95F37003B2576 /* RuleProtocol.swift in Sources */ = {isa = PBXBuildFile; fileRef = ADD035CB23A95F37003B2576 /* RuleProtocol.swift */; };
		ADD035CF23A96002003B2576 /* CardProtocol.swift in Sources */ = {isa = PBXBuildFile; fileRef = ADD035CE23A96002003B2576 /* CardProtocol.swift */; };
		ADD035D023A96002003B2576 /* CardProtocol.swift in Sources */ = {isa = PBXBuildFile; fileRef = ADD035CE23A96002003B2576 /* CardProtocol.swift */; };
		ADD035D523A96034003B2576 /* PlayerProtocol.swift in Sources */ = {isa = PBXBuildFile; fileRef = ADD035D423A96034003B2576 /* PlayerProtocol.swift */; };
		ADD035D623A96034003B2576 /* PlayerProtocol.swift in Sources */ = {isa = PBXBuildFile; fileRef = ADD035D423A96034003B2576 /* PlayerProtocol.swift */; };
		ADD035D823A9604F003B2576 /* GameStateProtocol.swift in Sources */ = {isa = PBXBuildFile; fileRef = ADD035D723A9604F003B2576 /* GameStateProtocol.swift */; };
		ADD035D923A9604F003B2576 /* GameStateProtocol.swift in Sources */ = {isa = PBXBuildFile; fileRef = ADD035D723A9604F003B2576 /* GameStateProtocol.swift */; };
		ADE91ACD23B9FE2300F7316B /* JsonReader.swift in Sources */ = {isa = PBXBuildFile; fileRef = ADE91ACC23B9FE2300F7316B /* JsonReader.swift */; };
		ADE91ACE23B9FE2300F7316B /* JsonReader.swift in Sources */ = {isa = PBXBuildFile; fileRef = ADE91ACC23B9FE2300F7316B /* JsonReader.swift */; };
		ADE91AD023B9FF0700F7316B /* cards.json in Resources */ = {isa = PBXBuildFile; fileRef = ADE91ACF23B9FF0700F7316B /* cards.json */; };
		ADE91AD123B9FF0700F7316B /* cards.json in Resources */ = {isa = PBXBuildFile; fileRef = ADE91ACF23B9FF0700F7316B /* cards.json */; };
		ADE91AD423BA00DC00F7316B /* GameSetup.swift in Sources */ = {isa = PBXBuildFile; fileRef = ADE91AD323BA00DC00F7316B /* GameSetup.swift */; };
		ADE91AD523BA00DC00F7316B /* GameSetup.swift in Sources */ = {isa = PBXBuildFile; fileRef = ADE91AD323BA00DC00F7316B /* GameSetup.swift */; };
		D42ED72C28166C49D2A60FC9 /* Pods_WildWest.framework in Frameworks */ = {isa = PBXBuildFile; fileRef = 8C300D3666EB3B530B73C9D4 /* Pods_WildWest.framework */; };
/* End PBXBuildFile section */

/* Begin PBXContainerItemProxy section */
		ADB7D2FF239EE03900653905 /* PBXContainerItemProxy */ = {
			isa = PBXContainerItemProxy;
			containerPortal = ADB7D2E0239EE03800653905 /* Project object */;
			proxyType = 1;
			remoteGlobalIDString = ADB7D2E7239EE03800653905;
			remoteInfo = WildWest;
		};
/* End PBXContainerItemProxy section */

/* Begin PBXFileReference section */
		102E20EA2AD38505FB9CFBD5 /* libPods-WildWestTests.a */ = {isa = PBXFileReference; explicitFileType = archive.ar; includeInIndex = 0; path = "libPods-WildWestTests.a"; sourceTree = BUILT_PRODUCTS_DIR; };
		15EFD4A90888EB671B9B5CF5 /* Pods-WildWestTests.debug.xcconfig */ = {isa = PBXFileReference; includeInIndex = 1; lastKnownFileType = text.xcconfig; name = "Pods-WildWestTests.debug.xcconfig"; path = "Target Support Files/Pods-WildWestTests/Pods-WildWestTests.debug.xcconfig"; sourceTree = "<group>"; };
		3301BEF323F962F000B4364D /* RandomAIWithRole.swift */ = {isa = PBXFileReference; lastKnownFileType = sourcecode.swift; path = RandomAIWithRole.swift; sourceTree = "<group>"; };
		3301BEF623F9A44100B4364D /* GameLoader.swift */ = {isa = PBXFileReference; lastKnownFileType = sourcecode.swift; path = GameLoader.swift; sourceTree = "<group>"; };
		3301BEF923F9A79B00B4364D /* AIPlayerAgent.swift */ = {isa = PBXFileReference; lastKnownFileType = sourcecode.swift; path = AIPlayerAgent.swift; sourceTree = "<group>"; };
		3301E63723F7EEF700AB35C7 /* AIProtocol.swift */ = {isa = PBXFileReference; lastKnownFileType = sourcecode.swift; path = AIProtocol.swift; sourceTree = "<group>"; };
		3301E63F23F80AE600AB35C7 /* StatsViewController.swift */ = {isa = PBXFileReference; lastKnownFileType = sourcecode.swift; path = StatsViewController.swift; sourceTree = "<group>"; };
		3302E51B23F8E34C004FE76E /* RandomAI.swift */ = {isa = PBXFileReference; lastKnownFileType = sourcecode.swift; path = RandomAI.swift; sourceTree = "<group>"; };
		3303E23A2408E28400BB9E23 /* GameUpdateEliminatePlayer.swift */ = {isa = PBXFileReference; lastKnownFileType = sourcecode.swift; path = GameUpdateEliminatePlayer.swift; sourceTree = "<group>"; };
		3303E23C2408E3C000BB9E23 /* GameUpdateEliminatePlayerTests.swift */ = {isa = PBXFileReference; lastKnownFileType = sourcecode.swift; path = GameUpdateEliminatePlayerTests.swift; sourceTree = "<group>"; };
		3303E23F2408E91C00BB9E23 /* ResolveBarrelTests.swift */ = {isa = PBXFileReference; fileEncoding = 4; lastKnownFileType = sourcecode.swift; path = ResolveBarrelTests.swift; sourceTree = "<group>"; };
		3309D7072408D1EE00713E15 /* GameUpdateSetTurnTests.swift */ = {isa = PBXFileReference; lastKnownFileType = sourcecode.swift; path = GameUpdateSetTurnTests.swift; sourceTree = "<group>"; };
		3309D70A2408D36600713E15 /* GameUpdateSetTurn.swift */ = {isa = PBXFileReference; lastKnownFileType = sourcecode.swift; path = GameUpdateSetTurn.swift; sourceTree = "<group>"; };
		3309D70D2408D49D00713E15 /* GameUpdateSetChallenge.swift */ = {isa = PBXFileReference; lastKnownFileType = sourcecode.swift; path = GameUpdateSetChallenge.swift; sourceTree = "<group>"; };
		3309D7102408D56F00713E15 /* GameUpdateSetChallengeTests.swift */ = {isa = PBXFileReference; lastKnownFileType = sourcecode.swift; path = GameUpdateSetChallengeTests.swift; sourceTree = "<group>"; };
		3309D7122408D89200713E15 /* GameUpdateFlipOverFirstDeckCard.swift */ = {isa = PBXFileReference; lastKnownFileType = sourcecode.swift; path = GameUpdateFlipOverFirstDeckCard.swift; sourceTree = "<group>"; };
		3309D7152408D90200713E15 /* GameUpdateFlipOverFirstDeckCardTests.swift */ = {isa = PBXFileReference; lastKnownFileType = sourcecode.swift; path = GameUpdateFlipOverFirstDeckCardTests.swift; sourceTree = "<group>"; };
		3309D7172408DC3000713E15 /* Eliminate.swift */ = {isa = PBXFileReference; lastKnownFileType = sourcecode.swift; path = Eliminate.swift; sourceTree = "<group>"; };
		3309D71A2408DE4200713E15 /* EliminateTests.swift */ = {isa = PBXFileReference; lastKnownFileType = sourcecode.swift; path = EliminateTests.swift; sourceTree = "<group>"; };
		330B7E0D23F70CAB00B3653D /* OutcomeCalculatorProtocol.swift */ = {isa = PBXFileReference; lastKnownFileType = sourcecode.swift; path = OutcomeCalculatorProtocol.swift; sourceTree = "<group>"; };
		330B7E1023F70D0200B3653D /* OutcomeCalculator.swift */ = {isa = PBXFileReference; lastKnownFileType = sourcecode.swift; path = OutcomeCalculator.swift; sourceTree = "<group>"; };
		330B7E1323F70D8700B3653D /* OutcomeCalculatorTests.swift */ = {isa = PBXFileReference; lastKnownFileType = sourcecode.swift; path = OutcomeCalculatorTests.swift; sourceTree = "<group>"; };
		3324018D23DBA6C800B92439 /* UICollectionViewExtension.swift */ = {isa = PBXFileReference; lastKnownFileType = sourcecode.swift; path = UICollectionViewExtension.swift; sourceTree = "<group>"; };
		332499B223DB9F650082EF09 /* GameViewController.swift */ = {isa = PBXFileReference; lastKnownFileType = sourcecode.swift; path = GameViewController.swift; sourceTree = "<group>"; };
		336AA6EF23F1450800328837 /* GameDatabaseProtocol.swift */ = {isa = PBXFileReference; lastKnownFileType = sourcecode.swift; path = GameDatabaseProtocol.swift; sourceTree = "<group>"; };
		3395257F23E37CCE003DE948 /* GameEngineProtocol.swift */ = {isa = PBXFileReference; lastKnownFileType = sourcecode.swift; path = GameEngineProtocol.swift; sourceTree = "<group>"; };
		3395258223E37D07003DE948 /* GameSetupProtocol.swift */ = {isa = PBXFileReference; lastKnownFileType = sourcecode.swift; path = GameSetupProtocol.swift; sourceTree = "<group>"; };
		3395258523E37D3E003DE948 /* ResourcesProviderProtocol.swift */ = {isa = PBXFileReference; lastKnownFileType = sourcecode.swift; path = ResourcesProviderProtocol.swift; sourceTree = "<group>"; };
		339A294823EFEFE7002C5CD8 /* ChallengeExtension.swift */ = {isa = PBXFileReference; lastKnownFileType = sourcecode.swift; path = ChallengeExtension.swift; sourceTree = "<group>"; };
		339A294E23EFFE70002C5CD8 /* GameStateExtension.swift */ = {isa = PBXFileReference; lastKnownFileType = sourcecode.swift; path = GameStateExtension.swift; sourceTree = "<group>"; };
		33A1410C23E5CFE800E40AA8 /* ShootTest.swift */ = {isa = PBXFileReference; lastKnownFileType = sourcecode.swift; path = ShootTest.swift; sourceTree = "<group>"; };
		33A4380F23E496FF00C39DD6 /* CatBalouTests.swift */ = {isa = PBXFileReference; lastKnownFileType = sourcecode.swift; path = CatBalouTests.swift; sourceTree = "<group>"; };
		33A4381123E4BD3200C39DD6 /* ArrayExtension.swift */ = {isa = PBXFileReference; lastKnownFileType = sourcecode.swift; path = ArrayExtension.swift; sourceTree = "<group>"; };
		33A4381423E4BE8200C39DD6 /* ArrayExtensionTests.swift */ = {isa = PBXFileReference; lastKnownFileType = sourcecode.swift; path = ArrayExtensionTests.swift; sourceTree = "<group>"; };
		33A4381623E4C1FD00C39DD6 /* PanicTests.swift */ = {isa = PBXFileReference; lastKnownFileType = sourcecode.swift; path = PanicTests.swift; sourceTree = "<group>"; };
		33A733ED23DC4A5300E9B2AD /* Subscribable.swift */ = {isa = PBXFileReference; lastKnownFileType = sourcecode.swift; path = Subscribable.swift; sourceTree = "<group>"; };
		33A733F723DC5AC300E9B2AD /* GameEngine.swift */ = {isa = PBXFileReference; lastKnownFileType = sourcecode.swift; path = GameEngine.swift; sourceTree = "<group>"; };
		33A815EC23DB54350081A055 /* roles.json */ = {isa = PBXFileReference; fileEncoding = 4; lastKnownFileType = text.json; path = roles.json; sourceTree = "<group>"; };
		33AE8F5823E6303B00DC2A41 /* MissedTests.swift */ = {isa = PBXFileReference; lastKnownFileType = sourcecode.swift; path = MissedTests.swift; sourceTree = "<group>"; };
		33AFA25223DC201A00425BEB /* ClassNameProtocol.swift */ = {isa = PBXFileReference; lastKnownFileType = sourcecode.swift; path = ClassNameProtocol.swift; sourceTree = "<group>"; };
		33AFB62523DCAC9E00C96CED /* StartTurn.swift */ = {isa = PBXFileReference; lastKnownFileType = sourcecode.swift; path = StartTurn.swift; sourceTree = "<group>"; };
		33AFB62823DCAD1800C96CED /* StartTurnTests.swift */ = {isa = PBXFileReference; lastKnownFileType = sourcecode.swift; path = StartTurnTests.swift; sourceTree = "<group>"; };
		33B04DBF23E6ED7C006636F5 /* GatlingTests.swift */ = {isa = PBXFileReference; lastKnownFileType = sourcecode.swift; path = GatlingTests.swift; sourceTree = "<group>"; };
		33B7DFA523E20BDD0051718E /* EndTurnTests.swift */ = {isa = PBXFileReference; lastKnownFileType = sourcecode.swift; path = EndTurnTests.swift; sourceTree = "<group>"; };
		33BA280023F1E9830084A3C9 /* GameDatabase.swift */ = {isa = PBXFileReference; lastKnownFileType = sourcecode.swift; path = GameDatabase.swift; sourceTree = "<group>"; };
		33BA280223F1EDCE0084A3C9 /* GameUpdate.swift */ = {isa = PBXFileReference; lastKnownFileType = sourcecode.swift; path = GameUpdate.swift; sourceTree = "<group>"; };
		33BA280623F1EF100084A3C9 /* GameUpdateTests.swift */ = {isa = PBXFileReference; lastKnownFileType = sourcecode.swift; path = GameUpdateTests.swift; sourceTree = "<group>"; };
		33C45DCB23EB0F7200B62508 /* GeneralStoreTests.swift */ = {isa = PBXFileReference; lastKnownFileType = sourcecode.swift; path = GeneralStoreTests.swift; sourceTree = "<group>"; };
		33C45DD123EB11EB00B62508 /* ResolveBarrel.swift */ = {isa = PBXFileReference; lastKnownFileType = sourcecode.swift; path = ResolveBarrel.swift; sourceTree = "<group>"; };
		33C45DD623EB14A100B62508 /* ChooseCard.swift */ = {isa = PBXFileReference; lastKnownFileType = sourcecode.swift; path = ChooseCard.swift; sourceTree = "<group>"; };
		33C45DD923EB154900B62508 /* ChooseCardTests.swift */ = {isa = PBXFileReference; lastKnownFileType = sourcecode.swift; path = ChooseCardTests.swift; sourceTree = "<group>"; };
		33C45DDB23EB15A400B62508 /* JailTests.swift */ = {isa = PBXFileReference; lastKnownFileType = sourcecode.swift; path = JailTests.swift; sourceTree = "<group>"; };
		33C45DDD23EB15E900B62508 /* ResolveJail.swift */ = {isa = PBXFileReference; lastKnownFileType = sourcecode.swift; path = ResolveJail.swift; sourceTree = "<group>"; };
		33C45DE023EB168E00B62508 /* ResolveJailTests.swift */ = {isa = PBXFileReference; lastKnownFileType = sourcecode.swift; path = ResolveJailTests.swift; sourceTree = "<group>"; };
		33C45DE223EB176B00B62508 /* ResolveDynamite.swift */ = {isa = PBXFileReference; lastKnownFileType = sourcecode.swift; path = ResolveDynamite.swift; sourceTree = "<group>"; };
		33C45DE523EB184F00B62508 /* ResolveDynamiteTests.swift */ = {isa = PBXFileReference; lastKnownFileType = sourcecode.swift; path = ResolveDynamiteTests.swift; sourceTree = "<group>"; };
		33C45DE723EB18A800B62508 /* DiscardBeer.swift */ = {isa = PBXFileReference; lastKnownFileType = sourcecode.swift; path = DiscardBeer.swift; sourceTree = "<group>"; };
		33C45DEA23EB190600B62508 /* DiscardBeerTests.swift */ = {isa = PBXFileReference; lastKnownFileType = sourcecode.swift; path = DiscardBeerTests.swift; sourceTree = "<group>"; };
		33D477E623E4F9E200E232D9 /* RangeCalculatorProtocol.swift */ = {isa = PBXFileReference; lastKnownFileType = sourcecode.swift; path = RangeCalculatorProtocol.swift; sourceTree = "<group>"; };
		33D477E923E4FA0F00E232D9 /* RangeCalculator.swift */ = {isa = PBXFileReference; lastKnownFileType = sourcecode.swift; path = RangeCalculator.swift; sourceTree = "<group>"; };
		33D477EC23E55AFA00E232D9 /* RangeCalculatorTests.swift */ = {isa = PBXFileReference; lastKnownFileType = sourcecode.swift; path = RangeCalculatorTests.swift; sourceTree = "<group>"; };
		33D477F023E57DE500E232D9 /* FigureProtocol.swift */ = {isa = PBXFileReference; lastKnownFileType = sourcecode.swift; path = FigureProtocol.swift; sourceTree = "<group>"; };
		33D477F323E57FDD00E232D9 /* MockFigureProtocolExtension.swift */ = {isa = PBXFileReference; lastKnownFileType = sourcecode.swift; path = MockFigureProtocolExtension.swift; sourceTree = "<group>"; };
		33D964AB23DD9049007295E7 /* ResourcesProviderTests+Cards.swift */ = {isa = PBXFileReference; lastKnownFileType = sourcecode.swift; path = "ResourcesProviderTests+Cards.swift"; sourceTree = "<group>"; };
		33D964AD23DD907E007295E7 /* ResourcesProviderTests+Figures.swift */ = {isa = PBXFileReference; lastKnownFileType = sourcecode.swift; path = "ResourcesProviderTests+Figures.swift"; sourceTree = "<group>"; };
		33D964B123DD9119007295E7 /* MatcherExtension.swift */ = {isa = PBXFileReference; lastKnownFileType = sourcecode.swift; path = MatcherExtension.swift; sourceTree = "<group>"; };
		33E4411524077CA000B2848E /* PlayersAdapter.swift */ = {isa = PBXFileReference; fileEncoding = 4; lastKnownFileType = sourcecode.swift; path = PlayersAdapter.swift; sourceTree = "<group>"; };
		33E4411624077CA000B2848E /* ActionsAdapter.swift */ = {isa = PBXFileReference; fileEncoding = 4; lastKnownFileType = sourcecode.swift; path = ActionsAdapter.swift; sourceTree = "<group>"; };
		33E4411824077CA000B2848E /* ActionCell.swift */ = {isa = PBXFileReference; fileEncoding = 4; lastKnownFileType = sourcecode.swift; path = ActionCell.swift; sourceTree = "<group>"; };
		33E4411924077CA000B2848E /* PlayerCell.swift */ = {isa = PBXFileReference; fileEncoding = 4; lastKnownFileType = sourcecode.swift; path = PlayerCell.swift; sourceTree = "<group>"; };
		33E4411A24077CA000B2848E /* MessageCell.swift */ = {isa = PBXFileReference; fileEncoding = 4; lastKnownFileType = sourcecode.swift; path = MessageCell.swift; sourceTree = "<group>"; };
		33E4412024077D8000B2848E /* Score.swift */ = {isa = PBXFileReference; lastKnownFileType = sourcecode.swift; path = Score.swift; sourceTree = "<group>"; };
		33E4412324077DAB00B2848E /* UITableViewExtension.swift */ = {isa = PBXFileReference; fileEncoding = 4; lastKnownFileType = sourcecode.swift; path = UITableViewExtension.swift; sourceTree = "<group>"; };
		33EC5D3323E71C1400E14890 /* LooseLife.swift */ = {isa = PBXFileReference; lastKnownFileType = sourcecode.swift; path = LooseLife.swift; sourceTree = "<group>"; };
		33EC5D3623E71C9D00E14890 /* LooseLifeTests.swift */ = {isa = PBXFileReference; lastKnownFileType = sourcecode.swift; path = LooseLifeTests.swift; sourceTree = "<group>"; };
		33EC5D3823E7362C00E14890 /* IndiansTests.swift */ = {isa = PBXFileReference; lastKnownFileType = sourcecode.swift; path = IndiansTests.swift; sourceTree = "<group>"; };
		33EC5D3A23E737E500E14890 /* DiscardBang.swift */ = {isa = PBXFileReference; lastKnownFileType = sourcecode.swift; path = DiscardBang.swift; sourceTree = "<group>"; };
		33EC5D3D23E7387F00E14890 /* DiscardBangTests.swift */ = {isa = PBXFileReference; lastKnownFileType = sourcecode.swift; path = DiscardBangTests.swift; sourceTree = "<group>"; };
		33EC5D3F23E7410E00E14890 /* DuelTests.swift */ = {isa = PBXFileReference; lastKnownFileType = sourcecode.swift; path = DuelTests.swift; sourceTree = "<group>"; };
		33F2505C23DDDBCC00A0FDD1 /* GameEngineTests.swift */ = {isa = PBXFileReference; lastKnownFileType = sourcecode.swift; path = GameEngineTests.swift; sourceTree = "<group>"; };
		33F94AB523F0580800D1BCFE /* GameUpdateProtocol.swift */ = {isa = PBXFileReference; lastKnownFileType = sourcecode.swift; path = GameUpdateProtocol.swift; sourceTree = "<group>"; };
		51195E55CF3E86BE639C2405 /* Pods-WildWest.debug.xcconfig */ = {isa = PBXFileReference; includeInIndex = 1; lastKnownFileType = text.xcconfig; name = "Pods-WildWest.debug.xcconfig"; path = "Target Support Files/Pods-WildWest/Pods-WildWest.debug.xcconfig"; sourceTree = "<group>"; };
		6D17AD4368D4F158C313A85D /* Pods-WildWestTests.release.xcconfig */ = {isa = PBXFileReference; includeInIndex = 1; lastKnownFileType = text.xcconfig; name = "Pods-WildWestTests.release.xcconfig"; path = "Target Support Files/Pods-WildWestTests/Pods-WildWestTests.release.xcconfig"; sourceTree = "<group>"; };
		873275DE3D79FFF36F6D066E /* Pods-WildWest.release.xcconfig */ = {isa = PBXFileReference; includeInIndex = 1; lastKnownFileType = text.xcconfig; name = "Pods-WildWest.release.xcconfig"; path = "Target Support Files/Pods-WildWest/Pods-WildWest.release.xcconfig"; sourceTree = "<group>"; };
		8C300D3666EB3B530B73C9D4 /* Pods_WildWest.framework */ = {isa = PBXFileReference; explicitFileType = wrapper.framework; includeInIndex = 0; path = Pods_WildWest.framework; sourceTree = BUILT_PRODUCTS_DIR; };
		AD186BDE23A461F300ABF3E7 /* GeneratedMocks.swift */ = {isa = PBXFileReference; fileEncoding = 4; lastKnownFileType = sourcecode.swift; path = GeneratedMocks.swift; sourceTree = "<group>"; };
		AD36CDDC23C51EFA008D4EDB /* ResourcesProvider.swift */ = {isa = PBXFileReference; lastKnownFileType = sourcecode.swift; path = ResourcesProvider.swift; sourceTree = "<group>"; };
		AD46810D23BEA2B0000B42C7 /* PlayerExtension.swift */ = {isa = PBXFileReference; lastKnownFileType = sourcecode.swift; path = PlayerExtension.swift; sourceTree = "<group>"; };
		AD48DD2923BEAE1300E5B552 /* StagecoachTests.swift */ = {isa = PBXFileReference; lastKnownFileType = sourcecode.swift; path = StagecoachTests.swift; sourceTree = "<group>"; };
		AD48DD2B23BEAFAF00E5B552 /* WellsFargoTests.swift */ = {isa = PBXFileReference; lastKnownFileType = sourcecode.swift; path = WellsFargoTests.swift; sourceTree = "<group>"; };
		AD48DD2D23BEB06600E5B552 /* EquipTests.swift */ = {isa = PBXFileReference; lastKnownFileType = sourcecode.swift; path = EquipTests.swift; sourceTree = "<group>"; };
		AD48DD2F23BEB11800E5B552 /* BeerTests.swift */ = {isa = PBXFileReference; lastKnownFileType = sourcecode.swift; path = BeerTests.swift; sourceTree = "<group>"; };
		AD48DD3123BEB12800E5B552 /* SaloonTests.swift */ = {isa = PBXFileReference; lastKnownFileType = sourcecode.swift; path = SaloonTests.swift; sourceTree = "<group>"; };
		AD49F86623BA054400543F59 /* Figure.swift */ = {isa = PBXFileReference; lastKnownFileType = sourcecode.swift; path = Figure.swift; sourceTree = "<group>"; };
		AD49F86923BA074100543F59 /* figures.json */ = {isa = PBXFileReference; lastKnownFileType = text.json; path = figures.json; sourceTree = "<group>"; };
		AD49F86B23BA0C4600543F59 /* Stagecoach.swift */ = {isa = PBXFileReference; lastKnownFileType = sourcecode.swift; path = Stagecoach.swift; sourceTree = "<group>"; };
		AD49F86E23BA0E3E00543F59 /* WellsFargo.swift */ = {isa = PBXFileReference; lastKnownFileType = sourcecode.swift; path = WellsFargo.swift; sourceTree = "<group>"; };
		AD4BE6A923DA4B12003A610A /* CollectionExtension.swift */ = {isa = PBXFileReference; lastKnownFileType = sourcecode.swift; path = CollectionExtension.swift; sourceTree = "<group>"; };
		AD52B99223B175110013240B /* Card.swift */ = {isa = PBXFileReference; lastKnownFileType = sourcecode.swift; path = Card.swift; sourceTree = "<group>"; };
		AD52B99823B178CC0013240B /* Player.swift */ = {isa = PBXFileReference; lastKnownFileType = sourcecode.swift; path = Player.swift; sourceTree = "<group>"; };
		AD52B99B23B17A310013240B /* GameState.swift */ = {isa = PBXFileReference; lastKnownFileType = sourcecode.swift; path = GameState.swift; sourceTree = "<group>"; };
		AD671A1B23D8F9D600F0AA4A /* CardExtension.swift */ = {isa = PBXFileReference; lastKnownFileType = sourcecode.swift; path = CardExtension.swift; sourceTree = "<group>"; };
		AD7EAFBE23D7846D00FE23D5 /* GameSetupTests.swift */ = {isa = PBXFileReference; lastKnownFileType = sourcecode.swift; path = GameSetupTests.swift; sourceTree = "<group>"; };
		AD7F34B823D79841001B4072 /* MockCardProtocolExtension.swift */ = {isa = PBXFileReference; lastKnownFileType = sourcecode.swift; path = MockCardProtocolExtension.swift; sourceTree = "<group>"; };
		AD7F34BC23D79879001B4072 /* MockPlayerProtocolExtension.swift */ = {isa = PBXFileReference; lastKnownFileType = sourcecode.swift; path = MockPlayerProtocolExtension.swift; sourceTree = "<group>"; };
		AD7F34BE23D79893001B4072 /* MockGameStateProtocolExtension.swift */ = {isa = PBXFileReference; lastKnownFileType = sourcecode.swift; path = MockGameStateProtocolExtension.swift; sourceTree = "<group>"; };
		ADB5A0F423BAB29C0050E173 /* Equip.swift */ = {isa = PBXFileReference; lastKnownFileType = sourcecode.swift; path = Equip.swift; sourceTree = "<group>"; };
		ADB5A0FA23BAB7DD0050E173 /* Jail.swift */ = {isa = PBXFileReference; lastKnownFileType = sourcecode.swift; path = Jail.swift; sourceTree = "<group>"; };
		ADB5A0FD23BAB8070050E173 /* Bang.swift */ = {isa = PBXFileReference; lastKnownFileType = sourcecode.swift; path = Bang.swift; sourceTree = "<group>"; };
		ADB5A10023BAB81E0050E173 /* Missed.swift */ = {isa = PBXFileReference; lastKnownFileType = sourcecode.swift; path = Missed.swift; sourceTree = "<group>"; };
		ADB5A10323BAB8370050E173 /* Duel.swift */ = {isa = PBXFileReference; lastKnownFileType = sourcecode.swift; path = Duel.swift; sourceTree = "<group>"; };
		ADB5A10623BAB84E0050E173 /* Gatling.swift */ = {isa = PBXFileReference; lastKnownFileType = sourcecode.swift; path = Gatling.swift; sourceTree = "<group>"; };
		ADB5A10923BAB8630050E173 /* Indians.swift */ = {isa = PBXFileReference; lastKnownFileType = sourcecode.swift; path = Indians.swift; sourceTree = "<group>"; };
		ADB5A10C23BAB8780050E173 /* Panic.swift */ = {isa = PBXFileReference; lastKnownFileType = sourcecode.swift; path = Panic.swift; sourceTree = "<group>"; };
		ADB5A10F23BAB89C0050E173 /* CatBalou.swift */ = {isa = PBXFileReference; lastKnownFileType = sourcecode.swift; path = CatBalou.swift; sourceTree = "<group>"; };
		ADB5A11223BAB9330050E173 /* GeneralStore.swift */ = {isa = PBXFileReference; lastKnownFileType = sourcecode.swift; path = GeneralStore.swift; sourceTree = "<group>"; };
		ADB5A11523BABBE80050E173 /* EndTurn.swift */ = {isa = PBXFileReference; lastKnownFileType = sourcecode.swift; path = EndTurn.swift; sourceTree = "<group>"; };
		ADB7D2E8239EE03800653905 /* WildWest.app */ = {isa = PBXFileReference; explicitFileType = wrapper.application; includeInIndex = 0; path = WildWest.app; sourceTree = BUILT_PRODUCTS_DIR; };
		ADB7D2EB239EE03800653905 /* AppDelegate.swift */ = {isa = PBXFileReference; lastKnownFileType = sourcecode.swift; path = AppDelegate.swift; sourceTree = "<group>"; };
		ADB7D2F2239EE03800653905 /* Base */ = {isa = PBXFileReference; lastKnownFileType = file.storyboard; name = Base; path = Base.lproj/Main.storyboard; sourceTree = "<group>"; };
		ADB7D2F4239EE03900653905 /* Assets.xcassets */ = {isa = PBXFileReference; lastKnownFileType = folder.assetcatalog; path = Assets.xcassets; sourceTree = "<group>"; };
		ADB7D2F7239EE03900653905 /* Base */ = {isa = PBXFileReference; lastKnownFileType = file.storyboard; name = Base; path = Base.lproj/LaunchScreen.storyboard; sourceTree = "<group>"; };
		ADB7D2F9239EE03900653905 /* Info.plist */ = {isa = PBXFileReference; lastKnownFileType = text.plist.xml; path = Info.plist; sourceTree = "<group>"; };
		ADB7D2FE239EE03900653905 /* WildWestTests.xctest */ = {isa = PBXFileReference; explicitFileType = wrapper.cfbundle; includeInIndex = 0; path = WildWestTests.xctest; sourceTree = BUILT_PRODUCTS_DIR; };
		ADB7D304239EE03900653905 /* Info.plist */ = {isa = PBXFileReference; lastKnownFileType = text.plist.xml; path = Info.plist; sourceTree = "<group>"; };
		ADD035CB23A95F37003B2576 /* RuleProtocol.swift */ = {isa = PBXFileReference; lastKnownFileType = sourcecode.swift; path = RuleProtocol.swift; sourceTree = "<group>"; };
		ADD035CE23A96002003B2576 /* CardProtocol.swift */ = {isa = PBXFileReference; lastKnownFileType = sourcecode.swift; path = CardProtocol.swift; sourceTree = "<group>"; };
		ADD035D423A96034003B2576 /* PlayerProtocol.swift */ = {isa = PBXFileReference; lastKnownFileType = sourcecode.swift; path = PlayerProtocol.swift; sourceTree = "<group>"; };
		ADD035D723A9604F003B2576 /* GameStateProtocol.swift */ = {isa = PBXFileReference; lastKnownFileType = sourcecode.swift; path = GameStateProtocol.swift; sourceTree = "<group>"; };
		ADD5643423A4E09C00C1BD01 /* Beer.swift */ = {isa = PBXFileReference; lastKnownFileType = sourcecode.swift; path = Beer.swift; sourceTree = "<group>"; };
		ADE91AC523B9F84200F7316B /* Saloon.swift */ = {isa = PBXFileReference; lastKnownFileType = sourcecode.swift; path = Saloon.swift; sourceTree = "<group>"; };
		ADE91ACC23B9FE2300F7316B /* JsonReader.swift */ = {isa = PBXFileReference; lastKnownFileType = sourcecode.swift; path = JsonReader.swift; sourceTree = "<group>"; };
		ADE91ACF23B9FF0700F7316B /* cards.json */ = {isa = PBXFileReference; lastKnownFileType = text.json; path = cards.json; sourceTree = "<group>"; };
		ADE91AD323BA00DC00F7316B /* GameSetup.swift */ = {isa = PBXFileReference; lastKnownFileType = sourcecode.swift; path = GameSetup.swift; sourceTree = "<group>"; };
/* End PBXFileReference section */

/* Begin PBXFrameworksBuildPhase section */
		ADB7D2E5239EE03800653905 /* Frameworks */ = {
			isa = PBXFrameworksBuildPhase;
			buildActionMask = 2147483647;
			files = (
				D42ED72C28166C49D2A60FC9 /* Pods_WildWest.framework in Frameworks */,
			);
			runOnlyForDeploymentPostprocessing = 0;
		};
		ADB7D2FB239EE03900653905 /* Frameworks */ = {
			isa = PBXFrameworksBuildPhase;
			buildActionMask = 2147483647;
			files = (
				8DBD562D47470962F400716D /* libPods-WildWestTests.a in Frameworks */,
			);
			runOnlyForDeploymentPostprocessing = 0;
		};
/* End PBXFrameworksBuildPhase section */

/* Begin PBXGroup section */
		0B678BA1DAA05FDC7F98BA1E /* Pods */ = {
			isa = PBXGroup;
			children = (
				51195E55CF3E86BE639C2405 /* Pods-WildWest.debug.xcconfig */,
				873275DE3D79FFF36F6D066E /* Pods-WildWest.release.xcconfig */,
				15EFD4A90888EB671B9B5CF5 /* Pods-WildWestTests.debug.xcconfig */,
				6D17AD4368D4F158C313A85D /* Pods-WildWestTests.release.xcconfig */,
			);
			path = Pods;
			sourceTree = "<group>";
		};
		3301E63323F7EEB800AB35C7 /* ai */ = {
			isa = PBXGroup;
			children = (
				3301E63723F7EEF700AB35C7 /* AIProtocol.swift */,
				3302E51B23F8E34C004FE76E /* RandomAI.swift */,
				3301BEF323F962F000B4364D /* RandomAIWithRole.swift */,
				33E4412024077D8000B2848E /* Score.swift */,
			);
			path = ai;
			sourceTree = "<group>";
		};
		3309D7062408D1BE00713E15 /* update */ = {
			isa = PBXGroup;
			children = (
				3309D7072408D1EE00713E15 /* GameUpdateSetTurnTests.swift */,
				3309D7102408D56F00713E15 /* GameUpdateSetChallengeTests.swift */,
				3309D7152408D90200713E15 /* GameUpdateFlipOverFirstDeckCardTests.swift */,
				3303E23C2408E3C000BB9E23 /* GameUpdateEliminatePlayerTests.swift */,
			);
			path = update;
			sourceTree = "<group>";
		};
		3309D7092408D31E00713E15 /* update */ = {
			isa = PBXGroup;
			children = (
				3309D70A2408D36600713E15 /* GameUpdateSetTurn.swift */,
				3309D70D2408D49D00713E15 /* GameUpdateSetChallenge.swift */,
				3309D7122408D89200713E15 /* GameUpdateFlipOverFirstDeckCard.swift */,
				3303E23A2408E28400BB9E23 /* GameUpdateEliminatePlayer.swift */,
			);
			path = update;
			sourceTree = "<group>";
		};
		3366493823F93EE000125483 /* database */ = {
			isa = PBXGroup;
			children = (
				336AA6EF23F1450800328837 /* GameDatabaseProtocol.swift */,
				33BA280023F1E9830084A3C9 /* GameDatabase.swift */,
			);
			path = database;
			sourceTree = "<group>";
		};
		3385A1F423F9352800CD9660 /* game */ = {
			isa = PBXGroup;
			children = (
				332499B223DB9F650082EF09 /* GameViewController.swift */,
				3301BEF623F9A44100B4364D /* GameLoader.swift */,
				3301BEF923F9A79B00B4364D /* AIPlayerAgent.swift */,
				33E4411424077CA000B2848E /* adapter */,
				33E4411724077CA000B2848E /* cell */,
			);
			path = game;
			sourceTree = "<group>";
		};
		3385A1F523F9353C00CD9660 /* stats */ = {
			isa = PBXGroup;
			children = (
				3301E63F23F80AE600AB35C7 /* StatsViewController.swift */,
			);
			path = stats;
			sourceTree = "<group>";
		};
		338A4D1123E7F589005698FD /* rules */ = {
			isa = PBXGroup;
			children = (
				33BA280623F1EF100084A3C9 /* GameUpdateTests.swift */,
				33D477EC23E55AFA00E232D9 /* RangeCalculatorTests.swift */,
				330B7E1323F70D8700B3653D /* OutcomeCalculatorTests.swift */,
			);
			path = rules;
			sourceTree = "<group>";
		};
		338A4D1223E7F59E005698FD /* provider */ = {
			isa = PBXGroup;
			children = (
				33D964AB23DD9049007295E7 /* ResourcesProviderTests+Cards.swift */,
				33D964AD23DD907E007295E7 /* ResourcesProviderTests+Figures.swift */,
			);
			path = provider;
			sourceTree = "<group>";
		};
		339A295123EFFEB2002C5CD8 /* convenience */ = {
			isa = PBXGroup;
			children = (
				AD46810D23BEA2B0000B42C7 /* PlayerExtension.swift */,
				AD671A1B23D8F9D600F0AA4A /* CardExtension.swift */,
				339A294823EFEFE7002C5CD8 /* ChallengeExtension.swift */,
				339A294E23EFFE70002C5CD8 /* GameStateExtension.swift */,
			);
			path = convenience;
			sourceTree = "<group>";
		};
		33D477EF23E57CE100E232D9 /* provider */ = {
			isa = PBXGroup;
			children = (
				3395258523E37D3E003DE948 /* ResourcesProviderProtocol.swift */,
				AD36CDDC23C51EFA008D4EDB /* ResourcesProvider.swift */,
			);
			path = provider;
			sourceTree = "<group>";
		};
		33E4411424077CA000B2848E /* adapter */ = {
			isa = PBXGroup;
			children = (
				33E4411524077CA000B2848E /* PlayersAdapter.swift */,
				33E4411624077CA000B2848E /* ActionsAdapter.swift */,
			);
			path = adapter;
			sourceTree = "<group>";
		};
		33E4411724077CA000B2848E /* cell */ = {
			isa = PBXGroup;
			children = (
				33E4411824077CA000B2848E /* ActionCell.swift */,
				33E4411924077CA000B2848E /* PlayerCell.swift */,
				33E4411A24077CA000B2848E /* MessageCell.swift */,
			);
			path = cell;
			sourceTree = "<group>";
		};
		33EC5D3223E6F93F00E14890 /* cuckoo */ = {
			isa = PBXGroup;
			children = (
				AD7F34B823D79841001B4072 /* MockCardProtocolExtension.swift */,
				33D477F323E57FDD00E232D9 /* MockFigureProtocolExtension.swift */,
				AD7F34BC23D79879001B4072 /* MockPlayerProtocolExtension.swift */,
				AD7F34BE23D79893001B4072 /* MockGameStateProtocolExtension.swift */,
				33D964B123DD9119007295E7 /* MatcherExtension.swift */,
			);
			path = cuckoo;
			sourceTree = "<group>";
		};
		AD208A6623C6809B0082AC98 /* extensions */ = {
			isa = PBXGroup;
			children = (
				AD4BE6A923DA4B12003A610A /* CollectionExtension.swift */,
				33A4381423E4BE8200C39DD6 /* ArrayExtensionTests.swift */,
			);
			path = extensions;
			sourceTree = "<group>";
		};
		AD36CDD723C51C27008D4EDB /* engine */ = {
			isa = PBXGroup;
			children = (
				3395257F23E37CCE003DE948 /* GameEngineProtocol.swift */,
				3395258223E37D07003DE948 /* GameSetupProtocol.swift */,
				33A733F723DC5AC300E9B2AD /* GameEngine.swift */,
				ADE91AD323BA00DC00F7316B /* GameSetup.swift */,
				AD36CDD823C51C34008D4EDB /* state */,
				3366493823F93EE000125483 /* database */,
				AD46810C23BEA27F000B42C7 /* rule */,
				AD36CDDA23C51DA6008D4EDB /* action */,
				3309D7092408D31E00713E15 /* update */,
				3301E63323F7EEB800AB35C7 /* ai */,
				339A295123EFFEB2002C5CD8 /* convenience */,
			);
			path = engine;
			sourceTree = "<group>";
		};
		AD36CDD823C51C34008D4EDB /* state */ = {
			isa = PBXGroup;
			children = (
				ADD035D723A9604F003B2576 /* GameStateProtocol.swift */,
				ADD035D423A96034003B2576 /* PlayerProtocol.swift */,
				ADD035CE23A96002003B2576 /* CardProtocol.swift */,
				33D477F023E57DE500E232D9 /* FigureProtocol.swift */,
				AD52B99B23B17A310013240B /* GameState.swift */,
				AD52B99823B178CC0013240B /* Player.swift */,
				AD52B99223B175110013240B /* Card.swift */,
				AD49F86623BA054400543F59 /* Figure.swift */,
			);
			path = state;
			sourceTree = "<group>";
		};
		AD36CDDA23C51DA6008D4EDB /* action */ = {
			isa = PBXGroup;
			children = (
				ADD5643423A4E09C00C1BD01 /* Beer.swift */,
				ADE91AC523B9F84200F7316B /* Saloon.swift */,
				AD49F86B23BA0C4600543F59 /* Stagecoach.swift */,
				AD49F86E23BA0E3E00543F59 /* WellsFargo.swift */,
				ADB5A0F423BAB29C0050E173 /* Equip.swift */,
				ADB5A10C23BAB8780050E173 /* Panic.swift */,
				ADB5A10F23BAB89C0050E173 /* CatBalou.swift */,
				ADB5A0FA23BAB7DD0050E173 /* Jail.swift */,
				ADB5A0FD23BAB8070050E173 /* Bang.swift */,
				ADB5A10023BAB81E0050E173 /* Missed.swift */,
				ADB5A10623BAB84E0050E173 /* Gatling.swift */,
				ADB5A10923BAB8630050E173 /* Indians.swift */,
				ADB5A10323BAB8370050E173 /* Duel.swift */,
				33EC5D3A23E737E500E14890 /* DiscardBang.swift */,
				ADB5A11223BAB9330050E173 /* GeneralStore.swift */,
				33C45DD623EB14A100B62508 /* ChooseCard.swift */,
				33AFB62523DCAC9E00C96CED /* StartTurn.swift */,
				ADB5A11523BABBE80050E173 /* EndTurn.swift */,
				33EC5D3323E71C1400E14890 /* LooseLife.swift */,
				33C45DDD23EB15E900B62508 /* ResolveJail.swift */,
				33C45DD123EB11EB00B62508 /* ResolveBarrel.swift */,
				33C45DE223EB176B00B62508 /* ResolveDynamite.swift */,
				33C45DE723EB18A800B62508 /* DiscardBeer.swift */,
				3309D7172408DC3000713E15 /* Eliminate.swift */,
			);
			path = action;
			sourceTree = "<group>";
		};
		AD36CDDF23C51F08008D4EDB /* misc */ = {
			isa = PBXGroup;
			children = (
				ADE91ACC23B9FE2300F7316B /* JsonReader.swift */,
				3324018D23DBA6C800B92439 /* UICollectionViewExtension.swift */,
				33E4412324077DAB00B2848E /* UITableViewExtension.swift */,
				33AFA25223DC201A00425BEB /* ClassNameProtocol.swift */,
				33A733ED23DC4A5300E9B2AD /* Subscribable.swift */,
				33A4381123E4BD3200C39DD6 /* ArrayExtension.swift */,
			);
			path = misc;
			sourceTree = "<group>";
		};
		AD36CDE023C51F59008D4EDB /* resources */ = {
			isa = PBXGroup;
			children = (
				ADE91ACF23B9FF0700F7316B /* cards.json */,
				AD49F86923BA074100543F59 /* figures.json */,
				33A815EC23DB54350081A055 /* roles.json */,
			);
			path = resources;
			sourceTree = "<group>";
		};
		AD46810C23BEA27F000B42C7 /* rule */ = {
			isa = PBXGroup;
			children = (
				ADD035CB23A95F37003B2576 /* RuleProtocol.swift */,
				33F94AB523F0580800D1BCFE /* GameUpdateProtocol.swift */,
				33BA280223F1EDCE0084A3C9 /* GameUpdate.swift */,
				33D477E623E4F9E200E232D9 /* RangeCalculatorProtocol.swift */,
				33D477E923E4FA0F00E232D9 /* RangeCalculator.swift */,
				330B7E0D23F70CAB00B3653D /* OutcomeCalculatorProtocol.swift */,
				330B7E1023F70D0200B3653D /* OutcomeCalculator.swift */,
			);
			path = rule;
			sourceTree = "<group>";
		};
		AD48DD2823BEABD100E5B552 /* action */ = {
			isa = PBXGroup;
			children = (
				33AFB62823DCAD1800C96CED /* StartTurnTests.swift */,
				AD48DD2F23BEB11800E5B552 /* BeerTests.swift */,
				AD48DD3123BEB12800E5B552 /* SaloonTests.swift */,
				AD48DD2923BEAE1300E5B552 /* StagecoachTests.swift */,
				AD48DD2B23BEAFAF00E5B552 /* WellsFargoTests.swift */,
				AD48DD2D23BEB06600E5B552 /* EquipTests.swift */,
				33A4381623E4C1FD00C39DD6 /* PanicTests.swift */,
				33A4380F23E496FF00C39DD6 /* CatBalouTests.swift */,
				33B7DFA523E20BDD0051718E /* EndTurnTests.swift */,
				33A1410C23E5CFE800E40AA8 /* ShootTest.swift */,
				33AE8F5823E6303B00DC2A41 /* MissedTests.swift */,
				33B04DBF23E6ED7C006636F5 /* GatlingTests.swift */,
				33EC5D3623E71C9D00E14890 /* LooseLifeTests.swift */,
				33EC5D3823E7362C00E14890 /* IndiansTests.swift */,
				33EC5D3D23E7387F00E14890 /* DiscardBangTests.swift */,
				33EC5D3F23E7410E00E14890 /* DuelTests.swift */,
				33C45DCB23EB0F7200B62508 /* GeneralStoreTests.swift */,
				33C45DD923EB154900B62508 /* ChooseCardTests.swift */,
				33C45DDB23EB15A400B62508 /* JailTests.swift */,
				33C45DE023EB168E00B62508 /* ResolveJailTests.swift */,
				33C45DE523EB184F00B62508 /* ResolveDynamiteTests.swift */,
				3303E23F2408E91C00BB9E23 /* ResolveBarrelTests.swift */,
				33C45DEA23EB190600B62508 /* DiscardBeerTests.swift */,
				3309D71A2408DE4200713E15 /* EliminateTests.swift */,
			);
			path = action;
			sourceTree = "<group>";
		};
		AD7EAFBD23D7846000FE23D5 /* engine */ = {
			isa = PBXGroup;
			children = (
				AD7EAFBE23D7846D00FE23D5 /* GameSetupTests.swift */,
				33F2505C23DDDBCC00A0FDD1 /* GameEngineTests.swift */,
			);
			path = engine;
			sourceTree = "<group>";
		};
		ADB7D2DF239EE03800653905 = {
			isa = PBXGroup;
			children = (
				ADB7D2EA239EE03800653905 /* WildWest */,
				ADB7D301239EE03900653905 /* WildWestTests */,
				ADB7D2E9239EE03800653905 /* Products */,
				0B678BA1DAA05FDC7F98BA1E /* Pods */,
				C261B90D4E9953E24737D8E2 /* Frameworks */,
			);
			sourceTree = "<group>";
		};
		ADB7D2E9239EE03800653905 /* Products */ = {
			isa = PBXGroup;
			children = (
				ADB7D2E8239EE03800653905 /* WildWest.app */,
				ADB7D2FE239EE03900653905 /* WildWestTests.xctest */,
			);
			name = Products;
			sourceTree = "<group>";
		};
		ADB7D2EA239EE03800653905 /* WildWest */ = {
			isa = PBXGroup;
			children = (
				AD36CDD723C51C27008D4EDB /* engine */,
				ADE91AD223BA005000F7316B /* ui */,
				33D477EF23E57CE100E232D9 /* provider */,
				AD36CDDF23C51F08008D4EDB /* misc */,
				AD36CDE023C51F59008D4EDB /* resources */,
				ADB7D2EB239EE03800653905 /* AppDelegate.swift */,
				ADB7D2F4239EE03900653905 /* Assets.xcassets */,
				ADB7D2F9239EE03900653905 /* Info.plist */,
			);
			path = WildWest;
			sourceTree = "<group>";
		};
		ADB7D301239EE03900653905 /* WildWestTests */ = {
			isa = PBXGroup;
			children = (
				AD7EAFBD23D7846000FE23D5 /* engine */,
				AD48DD2823BEABD100E5B552 /* action */,
				338A4D1123E7F589005698FD /* rules */,
				3309D7062408D1BE00713E15 /* update */,
				338A4D1223E7F59E005698FD /* provider */,
				33EC5D3223E6F93F00E14890 /* cuckoo */,
				AD208A6623C6809B0082AC98 /* extensions */,
				AD186BDE23A461F300ABF3E7 /* GeneratedMocks.swift */,
				ADB7D304239EE03900653905 /* Info.plist */,
			);
			path = WildWestTests;
			sourceTree = "<group>";
		};
		ADE91AD223BA005000F7316B /* ui */ = {
			isa = PBXGroup;
			children = (
				3385A1F423F9352800CD9660 /* game */,
				3385A1F523F9353C00CD9660 /* stats */,
				ADB7D2F6239EE03900653905 /* LaunchScreen.storyboard */,
				ADB7D2F1239EE03800653905 /* Main.storyboard */,
			);
			path = ui;
			sourceTree = "<group>";
		};
		C261B90D4E9953E24737D8E2 /* Frameworks */ = {
			isa = PBXGroup;
			children = (
				8C300D3666EB3B530B73C9D4 /* Pods_WildWest.framework */,
				102E20EA2AD38505FB9CFBD5 /* libPods-WildWestTests.a */,
			);
			name = Frameworks;
			sourceTree = "<group>";
		};
/* End PBXGroup section */

/* Begin PBXNativeTarget section */
		ADB7D2E7239EE03800653905 /* WildWest */ = {
			isa = PBXNativeTarget;
			buildConfigurationList = ADB7D307239EE03900653905 /* Build configuration list for PBXNativeTarget "WildWest" */;
			buildPhases = (
				2DF289D4DAA701C3A4808EFC /* [CP] Check Pods Manifest.lock */,
				ADB7D2E4239EE03800653905 /* Sources */,
				ADB7D2E5239EE03800653905 /* Frameworks */,
				ADB7D2E6239EE03800653905 /* Resources */,
				AD8540A223A4291100568FE9 /* Run Swiftlint */,
				EDBCE575E9629DBC63D5C556 /* [CP] Embed Pods Frameworks */,
			);
			buildRules = (
			);
			dependencies = (
			);
			name = WildWest;
			productName = WildWest;
			productReference = ADB7D2E8239EE03800653905 /* WildWest.app */;
			productType = "com.apple.product-type.application";
		};
		ADB7D2FD239EE03900653905 /* WildWestTests */ = {
			isa = PBXNativeTarget;
			buildConfigurationList = ADB7D30A239EE03900653905 /* Build configuration list for PBXNativeTarget "WildWestTests" */;
			buildPhases = (
				EB6EE4491E93C5577B29AB62 /* [CP] Check Pods Manifest.lock */,
				AD186BDD23A4618500ABF3E7 /* Run Cuckoo */,
				ADB7D2FA239EE03900653905 /* Sources */,
				ADB7D2FB239EE03900653905 /* Frameworks */,
				ADB7D2FC239EE03900653905 /* Resources */,
			);
			buildRules = (
			);
			dependencies = (
				ADB7D300239EE03900653905 /* PBXTargetDependency */,
			);
			name = WildWestTests;
			productName = WildWestTests;
			productReference = ADB7D2FE239EE03900653905 /* WildWestTests.xctest */;
			productType = "com.apple.product-type.bundle.unit-test";
		};
/* End PBXNativeTarget section */

/* Begin PBXProject section */
		ADB7D2E0239EE03800653905 /* Project object */ = {
			isa = PBXProject;
			attributes = {
				LastSwiftUpdateCheck = 1120;
				LastUpgradeCheck = 1120;
				ORGANIZATIONNAME = creativeGames;
				TargetAttributes = {
					ADB7D2E7239EE03800653905 = {
						CreatedOnToolsVersion = 11.2.1;
					};
					ADB7D2FD239EE03900653905 = {
						CreatedOnToolsVersion = 11.2.1;
					};
				};
			};
			buildConfigurationList = ADB7D2E3239EE03800653905 /* Build configuration list for PBXProject "WildWest" */;
			compatibilityVersion = "Xcode 9.3";
			developmentRegion = en;
			hasScannedForEncodings = 0;
			knownRegions = (
				en,
				Base,
			);
			mainGroup = ADB7D2DF239EE03800653905;
			productRefGroup = ADB7D2E9239EE03800653905 /* Products */;
			projectDirPath = "";
			projectRoot = "";
			targets = (
				ADB7D2E7239EE03800653905 /* WildWest */,
				ADB7D2FD239EE03900653905 /* WildWestTests */,
			);
		};
/* End PBXProject section */

/* Begin PBXResourcesBuildPhase section */
		ADB7D2E6239EE03800653905 /* Resources */ = {
			isa = PBXResourcesBuildPhase;
			buildActionMask = 2147483647;
			files = (
				ADB7D2F8239EE03900653905 /* LaunchScreen.storyboard in Resources */,
				ADB7D2F5239EE03900653905 /* Assets.xcassets in Resources */,
				ADB7D2F3239EE03800653905 /* Main.storyboard in Resources */,
				33A815ED23DB54350081A055 /* roles.json in Resources */,
				ADE91AD023B9FF0700F7316B /* cards.json in Resources */,
				AD49F86A23BA074100543F59 /* figures.json in Resources */,
			);
			runOnlyForDeploymentPostprocessing = 0;
		};
		ADB7D2FC239EE03900653905 /* Resources */ = {
			isa = PBXResourcesBuildPhase;
			buildActionMask = 2147483647;
			files = (
				33A815EB23DB525A0081A055 /* figures.json in Resources */,
				33A815E623DB507D0081A055 /* Assets.xcassets in Resources */,
				ADE91AD123B9FF0700F7316B /* cards.json in Resources */,
				33A815EE23DB54350081A055 /* roles.json in Resources */,
			);
			runOnlyForDeploymentPostprocessing = 0;
		};
/* End PBXResourcesBuildPhase section */

/* Begin PBXShellScriptBuildPhase section */
		2DF289D4DAA701C3A4808EFC /* [CP] Check Pods Manifest.lock */ = {
			isa = PBXShellScriptBuildPhase;
			buildActionMask = 2147483647;
			files = (
			);
			inputFileListPaths = (
			);
			inputPaths = (
				"${PODS_PODFILE_DIR_PATH}/Podfile.lock",
				"${PODS_ROOT}/Manifest.lock",
			);
			name = "[CP] Check Pods Manifest.lock";
			outputFileListPaths = (
			);
			outputPaths = (
				"$(DERIVED_FILE_DIR)/Pods-WildWest-checkManifestLockResult.txt",
			);
			runOnlyForDeploymentPostprocessing = 0;
			shellPath = /bin/sh;
			shellScript = "diff \"${PODS_PODFILE_DIR_PATH}/Podfile.lock\" \"${PODS_ROOT}/Manifest.lock\" > /dev/null\nif [ $? != 0 ] ; then\n    # print error to STDERR\n    echo \"error: The sandbox is not in sync with the Podfile.lock. Run 'pod install' or update your CocoaPods installation.\" >&2\n    exit 1\nfi\n# This output is used by Xcode 'outputs' to avoid re-running this script phase.\necho \"SUCCESS\" > \"${SCRIPT_OUTPUT_FILE_0}\"\n";
			showEnvVarsInLog = 0;
		};
		AD186BDD23A4618500ABF3E7 /* Run Cuckoo */ = {
			isa = PBXShellScriptBuildPhase;
			buildActionMask = 2147483647;
			files = (
			);
			inputFileListPaths = (
			);
			inputPaths = (
			);
			name = "Run Cuckoo";
			outputFileListPaths = (
			);
			outputPaths = (
			);
			runOnlyForDeploymentPostprocessing = 0;
			shellPath = /bin/sh;
			shellScript = "# Define output file. Change \"${PROJECT_DIR}/${PROJECT_NAME}Tests\" to your test's root source folder, if it's not the default name.\nOUTPUT_FILE=\"${PROJECT_DIR}/${PROJECT_NAME}Tests/GeneratedMocks.swift\"\necho \"Generated Mocks File = ${OUTPUT_FILE}\"\n\n# Define input directory. Change \"${PROJECT_DIR}/${PROJECT_NAME}\" to your project's root source folder, if it's not the default name.\nINPUT_DIR=\"${PROJECT_DIR}/${PROJECT_NAME}\"\necho \"Mocks Input Directory = ${INPUT_DIR}\"\n\n# Generate mock files, include as many input files as you'd like to create mocks for.\n\"${PODS_ROOT}/Cuckoo/run\" generate --testable \"${PROJECT_NAME}\" \\\n--output \"${OUTPUT_FILE}\" \\\n--no-header \\\n--no-class-mocking \\\n\"${INPUT_DIR}/engine/state/GameStateProtocol.swift\" \\\n\"${INPUT_DIR}/engine/state/PlayerProtocol.swift\" \\\n\"${INPUT_DIR}/engine/state/CardProtocol.swift\" \\\n\"${INPUT_DIR}/engine/state/FigureProtocol.swift\" \\\n\"${INPUT_DIR}/engine/database/GameDatabaseProtocol.swift\" \\\n\"${INPUT_DIR}/engine/rule/RuleProtocol.swift\" \\\n\"${INPUT_DIR}/engine/rule/GameUpdateProtocol.swift\" \\\n\"${INPUT_DIR}/engine/rule/RangeCalculatorProtocol.swift\" \\\n\"${INPUT_DIR}/engine/rule/OutcomeCalculatorProtocol.swift\"\n";
		};
		AD8540A223A4291100568FE9 /* Run Swiftlint */ = {
			isa = PBXShellScriptBuildPhase;
			buildActionMask = 2147483647;
			files = (
			);
			inputFileListPaths = (
			);
			inputPaths = (
			);
			name = "Run Swiftlint";
			outputFileListPaths = (
			);
			outputPaths = (
			);
			runOnlyForDeploymentPostprocessing = 0;
			shellPath = /bin/sh;
			shellScript = "# Type a script or drag a script file from your workspace to insert its path.\n\"${PODS_ROOT}/SwiftLint/swiftlint\"\n";
		};
		EB6EE4491E93C5577B29AB62 /* [CP] Check Pods Manifest.lock */ = {
			isa = PBXShellScriptBuildPhase;
			buildActionMask = 2147483647;
			files = (
			);
			inputFileListPaths = (
			);
			inputPaths = (
				"${PODS_PODFILE_DIR_PATH}/Podfile.lock",
				"${PODS_ROOT}/Manifest.lock",
			);
			name = "[CP] Check Pods Manifest.lock";
			outputFileListPaths = (
			);
			outputPaths = (
				"$(DERIVED_FILE_DIR)/Pods-WildWestTests-checkManifestLockResult.txt",
			);
			runOnlyForDeploymentPostprocessing = 0;
			shellPath = /bin/sh;
			shellScript = "diff \"${PODS_PODFILE_DIR_PATH}/Podfile.lock\" \"${PODS_ROOT}/Manifest.lock\" > /dev/null\nif [ $? != 0 ] ; then\n    # print error to STDERR\n    echo \"error: The sandbox is not in sync with the Podfile.lock. Run 'pod install' or update your CocoaPods installation.\" >&2\n    exit 1\nfi\n# This output is used by Xcode 'outputs' to avoid re-running this script phase.\necho \"SUCCESS\" > \"${SCRIPT_OUTPUT_FILE_0}\"\n";
			showEnvVarsInLog = 0;
		};
		EDBCE575E9629DBC63D5C556 /* [CP] Embed Pods Frameworks */ = {
			isa = PBXShellScriptBuildPhase;
			buildActionMask = 2147483647;
			files = (
			);
			inputFileListPaths = (
				"${PODS_ROOT}/Target Support Files/Pods-WildWest/Pods-WildWest-frameworks-${CONFIGURATION}-input-files.xcfilelist",
			);
			name = "[CP] Embed Pods Frameworks";
			outputFileListPaths = (
				"${PODS_ROOT}/Target Support Files/Pods-WildWest/Pods-WildWest-frameworks-${CONFIGURATION}-output-files.xcfilelist",
			);
			runOnlyForDeploymentPostprocessing = 0;
			shellPath = /bin/sh;
			shellScript = "\"${PODS_ROOT}/Target Support Files/Pods-WildWest/Pods-WildWest-frameworks.sh\"\n";
			showEnvVarsInLog = 0;
		};
/* End PBXShellScriptBuildPhase section */

/* Begin PBXSourcesBuildPhase section */
		ADB7D2E4239EE03800653905 /* Sources */ = {
			isa = PBXSourcesBuildPhase;
			buildActionMask = 2147483647;
			files = (
				ADE91AD423BA00DC00F7316B /* GameSetup.swift in Sources */,
				33D477EA23E4FA0F00E232D9 /* RangeCalculator.swift in Sources */,
				ADD035D523A96034003B2576 /* PlayerProtocol.swift in Sources */,
				3301BEF723F9A44100B4364D /* GameLoader.swift in Sources */,
				33D477F123E57DE500E232D9 /* FigureProtocol.swift in Sources */,
				330B7E0E23F70CAB00B3653D /* OutcomeCalculatorProtocol.swift in Sources */,
				3395258323E37D07003DE948 /* GameSetupProtocol.swift in Sources */,
				AD49F86723BA054400543F59 /* Figure.swift in Sources */,
				AD46810E23BEA2B0000B42C7 /* PlayerExtension.swift in Sources */,
				3301E64023F80AE600AB35C7 /* StatsViewController.swift in Sources */,
				339A294F23EFFE70002C5CD8 /* GameStateExtension.swift in Sources */,
				3309D70E2408D49D00713E15 /* GameUpdateSetChallenge.swift in Sources */,
				3383ABE123F533490028B4B3 /* DiscardBang.swift in Sources */,
				ADB7D2EC239EE03800653905 /* AppDelegate.swift in Sources */,
				AD52B99923B178CC0013240B /* Player.swift in Sources */,
				3324018E23DBA6C800B92439 /* UICollectionViewExtension.swift in Sources */,
				3301BEF423F962F000B4364D /* RandomAIWithRole.swift in Sources */,
				33A4381223E4BD3200C39DD6 /* ArrayExtension.swift in Sources */,
				3383ABE723F53AFA0028B4B3 /* ResolveDynamite.swift in Sources */,
				3383ABDA23F5332A0028B4B3 /* Gatling.swift in Sources */,
				3302906123F32AC30099C438 /* Beer.swift in Sources */,
				336AA6F023F1450800328837 /* GameDatabaseProtocol.swift in Sources */,
				33E4411D24077CA000B2848E /* ActionCell.swift in Sources */,
				3383ABEE23F53B950028B4B3 /* ResolveJail.swift in Sources */,
				3383ABF023F53B980028B4B3 /* LooseLife.swift in Sources */,
				33A733F823DC5AC300E9B2AD /* GameEngine.swift in Sources */,
				338E39A223F3E3FD002FA99B /* Panic.swift in Sources */,
				33AFA25323DC201A00425BEB /* ClassNameProtocol.swift in Sources */,
				AD36CDDD23C51EFA008D4EDB /* ResourcesProvider.swift in Sources */,
				33E4411B24077CA000B2848E /* PlayersAdapter.swift in Sources */,
				33E4411F24077CA000B2848E /* MessageCell.swift in Sources */,
				3383ABE523F53AC10028B4B3 /* ResolveBarrel.swift in Sources */,
				ADD035D823A9604F003B2576 /* GameStateProtocol.swift in Sources */,
				ADE91ACD23B9FE2300F7316B /* JsonReader.swift in Sources */,
				3395258623E37D3E003DE948 /* ResourcesProviderProtocol.swift in Sources */,
				33E4412124077D8000B2848E /* Score.swift in Sources */,
				330B7E1123F70D0200B3653D /* OutcomeCalculator.swift in Sources */,
				3301E63823F7EEF700AB35C7 /* AIProtocol.swift in Sources */,
				3302E51C23F8E34C004FE76E /* RandomAI.swift in Sources */,
				332499B323DB9F650082EF09 /* GameViewController.swift in Sources */,
				3309D7182408DC3000713E15 /* Eliminate.swift in Sources */,
				AD671A1C23D8F9D600F0AA4A /* CardExtension.swift in Sources */,
				3301BEFA23F9A79B00B4364D /* AIPlayerAgent.swift in Sources */,
				3303E23B2408E28400BB9E23 /* GameUpdateEliminatePlayer.swift in Sources */,
				33E4412424077DAB00B2848E /* UITableViewExtension.swift in Sources */,
				33EBF4DE23F34A5700C300A7 /* Stagecoach.swift in Sources */,
				AD52B99C23B17A310013240B /* GameState.swift in Sources */,
				33F94AB623F0580800D1BCFE /* GameUpdateProtocol.swift in Sources */,
				33F94AB223F056DA00D1BCFE /* StartTurn.swift in Sources */,
				33EBF4DC23F34A5300C300A7 /* WellsFargo.swift in Sources */,
				338E39A023F3E3F7002FA99B /* CatBalou.swift in Sources */,
				33D477E723E4F9E300E232D9 /* RangeCalculatorProtocol.swift in Sources */,
				3395258023E37CCE003DE948 /* GameEngineProtocol.swift in Sources */,
				3383ABD423F4657C0028B4B3 /* Bang.swift in Sources */,
				AD52B99323B175110013240B /* Card.swift in Sources */,
				ADD035CC23A95F37003B2576 /* RuleProtocol.swift in Sources */,
				3383ABDF23F5333D0028B4B3 /* Duel.swift in Sources */,
				ADD035CF23A96002003B2576 /* CardProtocol.swift in Sources */,
				3383ABD123F461D20028B4B3 /* Jail.swift in Sources */,
				3383ABF223F53B9C0028B4B3 /* EndTurn.swift in Sources */,
				3383ABDD23F533390028B4B3 /* Indians.swift in Sources */,
				33BA280123F1E9830084A3C9 /* GameDatabase.swift in Sources */,
				33EBF4E323F35A5F00C300A7 /* Equip.swift in Sources */,
				3302905E23F329780099C438 /* Saloon.swift in Sources */,
				3383ABD623F5312B0028B4B3 /* Missed.swift in Sources */,
				3309D7132408D89200713E15 /* GameUpdateFlipOverFirstDeckCard.swift in Sources */,
				33A733EE23DC4A5300E9B2AD /* Subscribable.swift in Sources */,
				3383ABEA23F53B550028B4B3 /* DiscardBeer.swift in Sources */,
				33E4411C24077CA000B2848E /* ActionsAdapter.swift in Sources */,
				3383AC1023F53BBF0028B4B3 /* GeneralStore.swift in Sources */,
				33E4411E24077CA000B2848E /* PlayerCell.swift in Sources */,
				33BA280323F1EDCE0084A3C9 /* GameUpdate.swift in Sources */,
				339A294923EFEFE7002C5CD8 /* ChallengeExtension.swift in Sources */,
				3309D70B2408D36600713E15 /* GameUpdateSetTurn.swift in Sources */,
				3383AC1123F53BBF0028B4B3 /* ChooseCard.swift in Sources */,
			);
			runOnlyForDeploymentPostprocessing = 0;
		};
		ADB7D2FA239EE03900653905 /* Sources */ = {
			isa = PBXSourcesBuildPhase;
			buildActionMask = 2147483647;
			files = (
				338E39A323F3E3FE002FA99B /* Panic.swift in Sources */,
				3383ABD923F5332A0028B4B3 /* Gatling.swift in Sources */,
				33BA280423F1EDCE0084A3C9 /* GameUpdate.swift in Sources */,
				3395258423E37D07003DE948 /* GameSetupProtocol.swift in Sources */,
				3322726223F5CEDE0028933D /* JailTests.swift in Sources */,
				ADD035CD23A95F37003B2576 /* RuleProtocol.swift in Sources */,
				3302905C23F327AE0099C438 /* Saloon.swift in Sources */,
				AD49F86823BA054D00543F59 /* Figure.swift in Sources */,
				AD52B99D23B17A310013240B /* GameState.swift in Sources */,
				3309D70F2408D49D00713E15 /* GameUpdateSetChallenge.swift in Sources */,
				339A294A23EFEFE7002C5CD8 /* ChallengeExtension.swift in Sources */,
				3301BEF523F962F000B4364D /* RandomAIWithRole.swift in Sources */,
				3303E23D2408E3C000BB9E23 /* GameUpdateEliminatePlayerTests.swift in Sources */,
				AD46810F23BEA2B0000B42C7 /* PlayerExtension.swift in Sources */,
				3383ABE023F533480028B4B3 /* DiscardBang.swift in Sources */,
				33D964B523DDDB1E007295E7 /* GameEngine.swift in Sources */,
				3322726123F5CEDE0028933D /* ChooseCardTests.swift in Sources */,
				33EBF4E223F35A5E00C300A7 /* Equip.swift in Sources */,
				335A147423F312F700D9971E /* GameDatabase.swift in Sources */,
				AD7F34B923D79841001B4072 /* MockCardProtocolExtension.swift in Sources */,
				AD7EAFBF23D7846D00FE23D5 /* GameSetupTests.swift in Sources */,
				3383ABE823F53AFD0028B4B3 /* ResolveBarrel.swift in Sources */,
				3322725123F5CEDE0028933D /* SaloonTests.swift in Sources */,
				ADD035D923A9604F003B2576 /* GameStateProtocol.swift in Sources */,
				3322725523F5CEDE0028933D /* PanicTests.swift in Sources */,
				AD36CDDE23C51EFA008D4EDB /* ResourcesProvider.swift in Sources */,
				3322725623F5CEDE0028933D /* CatBalouTests.swift in Sources */,
				3383AC1223F53BBF0028B4B3 /* GeneralStore.swift in Sources */,
				336AA6F223F14D4B00328837 /* GameEngineTests.swift in Sources */,
				330B7E1423F70D8700B3653D /* OutcomeCalculatorTests.swift in Sources */,
				33A4381523E4BE8200C39DD6 /* ArrayExtensionTests.swift in Sources */,
				3322725323F5CEDE0028933D /* WellsFargoTests.swift in Sources */,
				330B7E1223F70D0200B3653D /* OutcomeCalculator.swift in Sources */,
				338E39A123F3E3F8002FA99B /* CatBalou.swift in Sources */,
				33A4381323E4BD3200C39DD6 /* ArrayExtension.swift in Sources */,
				33F94AB723F0580800D1BCFE /* GameUpdateProtocol.swift in Sources */,
				3383ABD023F461D20028B4B3 /* Jail.swift in Sources */,
				AD186BDF23A461F300ABF3E7 /* GeneratedMocks.swift in Sources */,
				3309D7112408D56F00713E15 /* GameUpdateSetChallengeTests.swift in Sources */,
				3322724F23F5CEDE0028933D /* StartTurnTests.swift in Sources */,
				3302906023F32AC20099C438 /* Beer.swift in Sources */,
				33D477ED23E55AFA00E232D9 /* RangeCalculatorTests.swift in Sources */,
				3322725923F5CEDE0028933D /* MissedTests.swift in Sources */,
				3383ABEF23F53B960028B4B3 /* ResolveJail.swift in Sources */,
				33D964AC23DD9049007295E7 /* ResourcesProviderTests+Cards.swift in Sources */,
				33D964AE23DD907E007295E7 /* ResourcesProviderTests+Figures.swift in Sources */,
				3383ABE923F53B540028B4B3 /* DiscardBeer.swift in Sources */,
				3395258123E37CCE003DE948 /* GameEngineProtocol.swift in Sources */,
				3309D70C2408D36A00713E15 /* GameUpdateSetTurn.swift in Sources */,
				33BA280723F1EF100084A3C9 /* GameUpdateTests.swift in Sources */,
				33F94AB323F056DA00D1BCFE /* StartTurn.swift in Sources */,
				330B7E0F23F70CAF00B3653D /* OutcomeCalculatorProtocol.swift in Sources */,
				336AA6F123F1450B00328837 /* GameDatabaseProtocol.swift in Sources */,
				3383ABE623F53AFA0028B4B3 /* ResolveDynamite.swift in Sources */,
				3322725223F5CEDE0028933D /* StagecoachTests.swift in Sources */,
				3322725F23F5CEDE0028933D /* GeneralStoreTests.swift in Sources */,
				33D477F223E57DE500E232D9 /* FigureProtocol.swift in Sources */,
				3322726323F5CEDE0028933D /* ResolveJailTests.swift in Sources */,
				339A295023EFFE70002C5CD8 /* GameStateExtension.swift in Sources */,
				3322726523F5CEDE0028933D /* DiscardBeerTests.swift in Sources */,
				33D477E823E4F9E300E232D9 /* RangeCalculatorProtocol.swift in Sources */,
				3322725823F5CEDE0028933D /* ShootTest.swift in Sources */,
				3309D7142408D89200713E15 /* GameUpdateFlipOverFirstDeckCard.swift in Sources */,
				ADD035D623A96034003B2576 /* PlayerProtocol.swift in Sources */,
				3383ABDC23F533390028B4B3 /* Indians.swift in Sources */,
				3309D7082408D1EE00713E15 /* GameUpdateSetTurnTests.swift in Sources */,
				3322725723F5CEDE0028933D /* EndTurnTests.swift in Sources */,
				3309D7192408DC3000713E15 /* Eliminate.swift in Sources */,
				ADE91ACE23B9FE2300F7316B /* JsonReader.swift in Sources */,
				33D477EB23E4FA0F00E232D9 /* RangeCalculator.swift in Sources */,
				AD4BE6AA23DA4B12003A610A /* CollectionExtension.swift in Sources */,
				3383ABD723F5312B0028B4B3 /* Missed.swift in Sources */,
				33D964B223DD9119007295E7 /* MatcherExtension.swift in Sources */,
				3322725023F5CEDE0028933D /* BeerTests.swift in Sources */,
				3383AC1323F53BBF0028B4B3 /* ChooseCard.swift in Sources */,
				3309D7162408D90200713E15 /* GameUpdateFlipOverFirstDeckCardTests.swift in Sources */,
				3383ABF123F53B990028B4B3 /* LooseLife.swift in Sources */,
				3322725C23F5CEDE0028933D /* IndiansTests.swift in Sources */,
				3322725E23F5CEDE0028933D /* DuelTests.swift in Sources */,
				3383ABD323F4657C0028B4B3 /* Bang.swift in Sources */,
				3322725423F5CEDE0028933D /* EquipTests.swift in Sources */,
				AD7F34BF23D79893001B4072 /* MockGameStateProtocolExtension.swift in Sources */,
				AD7F34BD23D79879001B4072 /* MockPlayerProtocolExtension.swift in Sources */,
				33D477F423E57FDD00E232D9 /* MockFigureProtocolExtension.swift in Sources */,
				3322725B23F5CEDE0028933D /* LooseLifeTests.swift in Sources */,
				3322725D23F5CEDE0028933D /* DiscardBangTests.swift in Sources */,
				3301E63923F7EEF700AB35C7 /* AIProtocol.swift in Sources */,
				3303E23E2408E4A600BB9E23 /* GameUpdateEliminatePlayer.swift in Sources */,
				ADD035D023A96002003B2576 /* CardProtocol.swift in Sources */,
				3302E51D23F8E34C004FE76E /* RandomAI.swift in Sources */,
				AD52B99A23B178CC0013240B /* Player.swift in Sources */,
				ADE91AD523BA00DC00F7316B /* GameSetup.swift in Sources */,
				3303E2402408E91C00BB9E23 /* ResolveBarrelTests.swift in Sources */,
				3301BEF823F9A44100B4364D /* GameLoader.swift in Sources */,
				3383ABF323F53B9C0028B4B3 /* EndTurn.swift in Sources */,
				AD52B99423B175110013240B /* Card.swift in Sources */,
				3383ABDE23F5333C0028B4B3 /* Duel.swift in Sources */,
				33EBF4DD23F34A5400C300A7 /* WellsFargo.swift in Sources */,
				33E4412224077D8000B2848E /* Score.swift in Sources */,
				AD671A1D23D8F9D600F0AA4A /* CardExtension.swift in Sources */,
				3322726423F5CEDE0028933D /* ResolveDynamiteTests.swift in Sources */,
				3309D71B2408DE4200713E15 /* EliminateTests.swift in Sources */,
				3395258723E37D3E003DE948 /* ResourcesProviderProtocol.swift in Sources */,
				3322725A23F5CEDE0028933D /* GatlingTests.swift in Sources */,
				33EBF4DF23F34A5800C300A7 /* Stagecoach.swift in Sources */,
			);
			runOnlyForDeploymentPostprocessing = 0;
		};
/* End PBXSourcesBuildPhase section */

/* Begin PBXTargetDependency section */
		ADB7D300239EE03900653905 /* PBXTargetDependency */ = {
			isa = PBXTargetDependency;
			target = ADB7D2E7239EE03800653905 /* WildWest */;
			targetProxy = ADB7D2FF239EE03900653905 /* PBXContainerItemProxy */;
		};
/* End PBXTargetDependency section */

/* Begin PBXVariantGroup section */
		ADB7D2F1239EE03800653905 /* Main.storyboard */ = {
			isa = PBXVariantGroup;
			children = (
				ADB7D2F2239EE03800653905 /* Base */,
			);
			name = Main.storyboard;
			sourceTree = "<group>";
		};
		ADB7D2F6239EE03900653905 /* LaunchScreen.storyboard */ = {
			isa = PBXVariantGroup;
			children = (
				ADB7D2F7239EE03900653905 /* Base */,
			);
			name = LaunchScreen.storyboard;
			sourceTree = "<group>";
		};
/* End PBXVariantGroup section */

/* Begin XCBuildConfiguration section */
		ADB7D305239EE03900653905 /* Debug */ = {
			isa = XCBuildConfiguration;
			buildSettings = {
				ALWAYS_SEARCH_USER_PATHS = NO;
				CLANG_ANALYZER_NONNULL = YES;
				CLANG_ANALYZER_NUMBER_OBJECT_CONVERSION = YES_AGGRESSIVE;
				CLANG_CXX_LANGUAGE_STANDARD = "gnu++14";
				CLANG_CXX_LIBRARY = "libc++";
				CLANG_ENABLE_MODULES = YES;
				CLANG_ENABLE_OBJC_ARC = YES;
				CLANG_ENABLE_OBJC_WEAK = YES;
				CLANG_WARN_BLOCK_CAPTURE_AUTORELEASING = YES;
				CLANG_WARN_BOOL_CONVERSION = YES;
				CLANG_WARN_COMMA = YES;
				CLANG_WARN_CONSTANT_CONVERSION = YES;
				CLANG_WARN_DEPRECATED_OBJC_IMPLEMENTATIONS = YES;
				CLANG_WARN_DIRECT_OBJC_ISA_USAGE = YES_ERROR;
				CLANG_WARN_DOCUMENTATION_COMMENTS = YES;
				CLANG_WARN_EMPTY_BODY = YES;
				CLANG_WARN_ENUM_CONVERSION = YES;
				CLANG_WARN_INFINITE_RECURSION = YES;
				CLANG_WARN_INT_CONVERSION = YES;
				CLANG_WARN_NON_LITERAL_NULL_CONVERSION = YES;
				CLANG_WARN_OBJC_IMPLICIT_RETAIN_SELF = YES;
				CLANG_WARN_OBJC_LITERAL_CONVERSION = YES;
				CLANG_WARN_OBJC_ROOT_CLASS = YES_ERROR;
				CLANG_WARN_RANGE_LOOP_ANALYSIS = YES;
				CLANG_WARN_STRICT_PROTOTYPES = YES;
				CLANG_WARN_SUSPICIOUS_MOVE = YES;
				CLANG_WARN_UNGUARDED_AVAILABILITY = YES_AGGRESSIVE;
				CLANG_WARN_UNREACHABLE_CODE = YES;
				CLANG_WARN__DUPLICATE_METHOD_MATCH = YES;
				COPY_PHASE_STRIP = NO;
				DEBUG_INFORMATION_FORMAT = dwarf;
				ENABLE_STRICT_OBJC_MSGSEND = YES;
				ENABLE_TESTABILITY = YES;
				GCC_C_LANGUAGE_STANDARD = gnu11;
				GCC_DYNAMIC_NO_PIC = NO;
				GCC_NO_COMMON_BLOCKS = YES;
				GCC_OPTIMIZATION_LEVEL = s;
				GCC_PREPROCESSOR_DEFINITIONS = (
					"DEBUG=1",
					"$(inherited)",
				);
				GCC_WARN_64_TO_32_BIT_CONVERSION = YES;
				GCC_WARN_ABOUT_RETURN_TYPE = YES_ERROR;
				GCC_WARN_UNDECLARED_SELECTOR = YES;
				GCC_WARN_UNINITIALIZED_AUTOS = YES_AGGRESSIVE;
				GCC_WARN_UNUSED_FUNCTION = YES;
				GCC_WARN_UNUSED_VARIABLE = YES;
				IPHONEOS_DEPLOYMENT_TARGET = 9.3;
				MTL_ENABLE_DEBUG_INFO = INCLUDE_SOURCE;
				MTL_FAST_MATH = YES;
				ONLY_ACTIVE_ARCH = YES;
				OTHER_SWIFT_FLAGS = "-Xfrontend -warn-long-expression-type-checking=100 -Xfrontend -warn-long-function-bodies=100 -Onone";
				SDKROOT = iphoneos;
				SWIFT_ACTIVE_COMPILATION_CONDITIONS = DEBUG;
				SWIFT_OPTIMIZATION_LEVEL = "-Onone";
				SWIFT_VERSION = 5.0;
			};
			name = Debug;
		};
		ADB7D306239EE03900653905 /* Release */ = {
			isa = XCBuildConfiguration;
			buildSettings = {
				ALWAYS_SEARCH_USER_PATHS = NO;
				CLANG_ANALYZER_NONNULL = YES;
				CLANG_ANALYZER_NUMBER_OBJECT_CONVERSION = YES_AGGRESSIVE;
				CLANG_CXX_LANGUAGE_STANDARD = "gnu++14";
				CLANG_CXX_LIBRARY = "libc++";
				CLANG_ENABLE_MODULES = YES;
				CLANG_ENABLE_OBJC_ARC = YES;
				CLANG_ENABLE_OBJC_WEAK = YES;
				CLANG_WARN_BLOCK_CAPTURE_AUTORELEASING = YES;
				CLANG_WARN_BOOL_CONVERSION = YES;
				CLANG_WARN_COMMA = YES;
				CLANG_WARN_CONSTANT_CONVERSION = YES;
				CLANG_WARN_DEPRECATED_OBJC_IMPLEMENTATIONS = YES;
				CLANG_WARN_DIRECT_OBJC_ISA_USAGE = YES_ERROR;
				CLANG_WARN_DOCUMENTATION_COMMENTS = YES;
				CLANG_WARN_EMPTY_BODY = YES;
				CLANG_WARN_ENUM_CONVERSION = YES;
				CLANG_WARN_INFINITE_RECURSION = YES;
				CLANG_WARN_INT_CONVERSION = YES;
				CLANG_WARN_NON_LITERAL_NULL_CONVERSION = YES;
				CLANG_WARN_OBJC_IMPLICIT_RETAIN_SELF = YES;
				CLANG_WARN_OBJC_LITERAL_CONVERSION = YES;
				CLANG_WARN_OBJC_ROOT_CLASS = YES_ERROR;
				CLANG_WARN_RANGE_LOOP_ANALYSIS = YES;
				CLANG_WARN_STRICT_PROTOTYPES = YES;
				CLANG_WARN_SUSPICIOUS_MOVE = YES;
				CLANG_WARN_UNGUARDED_AVAILABILITY = YES_AGGRESSIVE;
				CLANG_WARN_UNREACHABLE_CODE = YES;
				CLANG_WARN__DUPLICATE_METHOD_MATCH = YES;
				COPY_PHASE_STRIP = NO;
				DEBUG_INFORMATION_FORMAT = "dwarf-with-dsym";
				ENABLE_NS_ASSERTIONS = NO;
				ENABLE_STRICT_OBJC_MSGSEND = YES;
				GCC_C_LANGUAGE_STANDARD = gnu11;
				GCC_NO_COMMON_BLOCKS = YES;
				GCC_WARN_64_TO_32_BIT_CONVERSION = YES;
				GCC_WARN_ABOUT_RETURN_TYPE = YES_ERROR;
				GCC_WARN_UNDECLARED_SELECTOR = YES;
				GCC_WARN_UNINITIALIZED_AUTOS = YES_AGGRESSIVE;
				GCC_WARN_UNUSED_FUNCTION = YES;
				GCC_WARN_UNUSED_VARIABLE = YES;
				IPHONEOS_DEPLOYMENT_TARGET = 9.3;
				MTL_ENABLE_DEBUG_INFO = NO;
				MTL_FAST_MATH = YES;
				OTHER_SWIFT_FLAGS = "-Xfrontend -warn-long-expression-type-checking=100 -Xfrontend -warn-long-function-bodies=100 -Onone";
				SDKROOT = iphoneos;
				SWIFT_COMPILATION_MODE = wholemodule;
				SWIFT_OPTIMIZATION_LEVEL = "-O";
				SWIFT_VERSION = 5.0;
				VALIDATE_PRODUCT = YES;
			};
			name = Release;
		};
		ADB7D308239EE03900653905 /* Debug */ = {
			isa = XCBuildConfiguration;
			baseConfigurationReference = 51195E55CF3E86BE639C2405 /* Pods-WildWest.debug.xcconfig */;
			buildSettings = {
				ASSETCATALOG_COMPILER_APPICON_NAME = AppIcon;
				CODE_SIGN_IDENTITY = "iPhone Developer";
				CODE_SIGN_STYLE = Manual;
				DEVELOPMENT_TEAM = WC7W275DZZ;
				INFOPLIST_FILE = WildWest/Info.plist;
				LD_RUNPATH_SEARCH_PATHS = (
					"$(inherited)",
					"@executable_path/Frameworks",
				);
				PRODUCT_BUNDLE_IDENTIFIER = com.creativegames.wildwest;
				PRODUCT_NAME = "$(TARGET_NAME)";
				PROVISIONING_PROFILE_SPECIFIER = "Provisionning Wildcard development iOS";
				TARGETED_DEVICE_FAMILY = "1,2";
			};
			name = Debug;
		};
		ADB7D309239EE03900653905 /* Release */ = {
			isa = XCBuildConfiguration;
			baseConfigurationReference = 873275DE3D79FFF36F6D066E /* Pods-WildWest.release.xcconfig */;
			buildSettings = {
				ASSETCATALOG_COMPILER_APPICON_NAME = AppIcon;
				CODE_SIGN_IDENTITY = "iPhone Developer";
				CODE_SIGN_STYLE = Manual;
				DEVELOPMENT_TEAM = WC7W275DZZ;
				INFOPLIST_FILE = WildWest/Info.plist;
				LD_RUNPATH_SEARCH_PATHS = (
					"$(inherited)",
					"@executable_path/Frameworks",
				);
				PRODUCT_BUNDLE_IDENTIFIER = com.creativegames.wildwest;
				PRODUCT_NAME = "$(TARGET_NAME)";
				PROVISIONING_PROFILE_SPECIFIER = "Provisionning Wildcard development iOS";
				TARGETED_DEVICE_FAMILY = "1,2";
			};
			name = Release;
		};
		ADB7D30B239EE03900653905 /* Debug */ = {
			isa = XCBuildConfiguration;
			baseConfigurationReference = 15EFD4A90888EB671B9B5CF5 /* Pods-WildWestTests.debug.xcconfig */;
			buildSettings = {
				CODE_SIGN_STYLE = Manual;
				DEVELOPMENT_TEAM = "";
				INFOPLIST_FILE = WildWestTests/Info.plist;
				LD_RUNPATH_SEARCH_PATHS = (
					"$(inherited)",
					"@executable_path/Frameworks",
					"@loader_path/Frameworks",
				);
				PRODUCT_BUNDLE_IDENTIFIER = com.creativegames.WildWestTests;
				PRODUCT_NAME = "$(TARGET_NAME)";
				PROVISIONING_PROFILE_SPECIFIER = "";
				"PROVISIONING_PROFILE_SPECIFIER[sdk=macosx*]" = "";
			};
			name = Debug;
		};
		ADB7D30C239EE03900653905 /* Release */ = {
			isa = XCBuildConfiguration;
			baseConfigurationReference = 6D17AD4368D4F158C313A85D /* Pods-WildWestTests.release.xcconfig */;
			buildSettings = {
				CODE_SIGN_STYLE = Manual;
				DEVELOPMENT_TEAM = "";
				INFOPLIST_FILE = WildWestTests/Info.plist;
				LD_RUNPATH_SEARCH_PATHS = (
					"$(inherited)",
					"@executable_path/Frameworks",
					"@loader_path/Frameworks",
				);
				PRODUCT_BUNDLE_IDENTIFIER = com.creativegames.WildWestTests;
				PRODUCT_NAME = "$(TARGET_NAME)";
				PROVISIONING_PROFILE_SPECIFIER = "";
				"PROVISIONING_PROFILE_SPECIFIER[sdk=macosx*]" = "";
			};
			name = Release;
		};
/* End XCBuildConfiguration section */

/* Begin XCConfigurationList section */
		ADB7D2E3239EE03800653905 /* Build configuration list for PBXProject "WildWest" */ = {
			isa = XCConfigurationList;
			buildConfigurations = (
				ADB7D305239EE03900653905 /* Debug */,
				ADB7D306239EE03900653905 /* Release */,
			);
			defaultConfigurationIsVisible = 0;
			defaultConfigurationName = Release;
		};
		ADB7D307239EE03900653905 /* Build configuration list for PBXNativeTarget "WildWest" */ = {
			isa = XCConfigurationList;
			buildConfigurations = (
				ADB7D308239EE03900653905 /* Debug */,
				ADB7D309239EE03900653905 /* Release */,
			);
			defaultConfigurationIsVisible = 0;
			defaultConfigurationName = Release;
		};
		ADB7D30A239EE03900653905 /* Build configuration list for PBXNativeTarget "WildWestTests" */ = {
			isa = XCConfigurationList;
			buildConfigurations = (
				ADB7D30B239EE03900653905 /* Debug */,
				ADB7D30C239EE03900653905 /* Release */,
			);
			defaultConfigurationIsVisible = 0;
			defaultConfigurationName = Release;
		};
/* End XCConfigurationList section */
	};
	rootObject = ADB7D2E0239EE03800653905 /* Project object */;
}
