// !$*UTF8*$!
{
	archiveVersion = 1;
	classes = {
	};
	objectVersion = 51;
	objects = {

/* Begin PBXBuildFile section */
		3324018E23DBA6C800B92439 /* UICollectionViewExtension.swift in Sources */ = {isa = PBXBuildFile; fileRef = 3324018D23DBA6C800B92439 /* UICollectionViewExtension.swift */; };
		3324019023DBAA7500B92439 /* UIViewExtension.swift in Sources */ = {isa = PBXBuildFile; fileRef = 3324018F23DBAA7500B92439 /* UIViewExtension.swift */; };
		332499AF23DB9EFE0082EF09 /* CardCell.swift in Sources */ = {isa = PBXBuildFile; fileRef = 332499AE23DB9EFE0082EF09 /* CardCell.swift */; };
		332499B123DB9F140082EF09 /* PlayerCell.swift in Sources */ = {isa = PBXBuildFile; fileRef = 332499B023DB9F140082EF09 /* PlayerCell.swift */; };
		332499B323DB9F650082EF09 /* GameViewController.swift in Sources */ = {isa = PBXBuildFile; fileRef = 332499B223DB9F650082EF09 /* GameViewController.swift */; };
		33A733EE23DC4A5300E9B2AD /* Subscribable.swift in Sources */ = {isa = PBXBuildFile; fileRef = 33A733ED23DC4A5300E9B2AD /* Subscribable.swift */; };
		33A733F223DC514500E9B2AD /* ActionsViewController.swift in Sources */ = {isa = PBXBuildFile; fileRef = 33A733F123DC514500E9B2AD /* ActionsViewController.swift */; };
		33A733F623DC553900E9B2AD /* GameAI.swift in Sources */ = {isa = PBXBuildFile; fileRef = 33A733F523DC553900E9B2AD /* GameAI.swift */; };
		33A733F823DC5AC300E9B2AD /* GameEngine.swift in Sources */ = {isa = PBXBuildFile; fileRef = 33A733F723DC5AC300E9B2AD /* GameEngine.swift */; };
		33A733F923DC5B3D00E9B2AD /* GameAI.swift in Sources */ = {isa = PBXBuildFile; fileRef = 33A733F523DC553900E9B2AD /* GameAI.swift */; };
		33A815E623DB507D0081A055 /* Assets.xcassets in Resources */ = {isa = PBXBuildFile; fileRef = ADB7D2F4239EE03900653905 /* Assets.xcassets */; };
		33A815E823DB51BE0081A055 /* GameResourcesFiguresTests.swift in Sources */ = {isa = PBXBuildFile; fileRef = 33A815E723DB51BE0081A055 /* GameResourcesFiguresTests.swift */; };
		33A815EA23DB51D40081A055 /* GameResourcesCardsTests.swift in Sources */ = {isa = PBXBuildFile; fileRef = 33A815E923DB51D40081A055 /* GameResourcesCardsTests.swift */; };
		33A815EB23DB525A0081A055 /* figures.json in Resources */ = {isa = PBXBuildFile; fileRef = AD49F86923BA074100543F59 /* figures.json */; };
		33A815ED23DB54350081A055 /* roles.json in Resources */ = {isa = PBXBuildFile; fileRef = 33A815EC23DB54350081A055 /* roles.json */; };
		33A815EE23DB54350081A055 /* roles.json in Resources */ = {isa = PBXBuildFile; fileRef = 33A815EC23DB54350081A055 /* roles.json */; };
		33A815F023DB547D0081A055 /* RoleCard.swift in Sources */ = {isa = PBXBuildFile; fileRef = 33A815EF23DB547D0081A055 /* RoleCard.swift */; };
		33A815F123DB547D0081A055 /* RoleCard.swift in Sources */ = {isa = PBXBuildFile; fileRef = 33A815EF23DB547D0081A055 /* RoleCard.swift */; };
		33A815F323DB55350081A055 /* GameResourcesRolesTests.swift in Sources */ = {isa = PBXBuildFile; fileRef = 33A815F223DB55350081A055 /* GameResourcesRolesTests.swift */; };
		33AFA25323DC201A00425BEB /* ClassNameProtocol.swift in Sources */ = {isa = PBXBuildFile; fileRef = 33AFA25223DC201A00425BEB /* ClassNameProtocol.swift */; };
		8DBD562D47470962F400716D /* libPods-WildWestTests.a in Frameworks */ = {isa = PBXBuildFile; fileRef = 102E20EA2AD38505FB9CFBD5 /* libPods-WildWestTests.a */; };
		AD186BDF23A461F300ABF3E7 /* GeneratedMocks.swift in Sources */ = {isa = PBXBuildFile; fileRef = AD186BDE23A461F300ABF3E7 /* GeneratedMocks.swift */; };
		AD36CDDD23C51EFA008D4EDB /* GameResources.swift in Sources */ = {isa = PBXBuildFile; fileRef = AD36CDDC23C51EFA008D4EDB /* GameResources.swift */; };
		AD36CDDE23C51EFA008D4EDB /* GameResources.swift in Sources */ = {isa = PBXBuildFile; fileRef = AD36CDDC23C51EFA008D4EDB /* GameResources.swift */; };
		AD36CDEF23C52306008D4EDB /* CardTests.swift in Sources */ = {isa = PBXBuildFile; fileRef = AD36CDEE23C52306008D4EDB /* CardTests.swift */; };
		AD36CDF123C523BD008D4EDB /* CardListTests.swift in Sources */ = {isa = PBXBuildFile; fileRef = AD36CDF023C523BD008D4EDB /* CardListTests.swift */; };
		AD46810E23BEA2B0000B42C7 /* PlayerExtension.swift in Sources */ = {isa = PBXBuildFile; fileRef = AD46810D23BEA2B0000B42C7 /* PlayerExtension.swift */; };
		AD46810F23BEA2B0000B42C7 /* PlayerExtension.swift in Sources */ = {isa = PBXBuildFile; fileRef = AD46810D23BEA2B0000B42C7 /* PlayerExtension.swift */; };
		AD48DD2A23BEAE1300E5B552 /* StagecoachTests.swift in Sources */ = {isa = PBXBuildFile; fileRef = AD48DD2923BEAE1300E5B552 /* StagecoachTests.swift */; };
		AD48DD2C23BEAFAF00E5B552 /* WellsFargoTests.swift in Sources */ = {isa = PBXBuildFile; fileRef = AD48DD2B23BEAFAF00E5B552 /* WellsFargoTests.swift */; };
		AD48DD2E23BEB06600E5B552 /* EquipTests.swift in Sources */ = {isa = PBXBuildFile; fileRef = AD48DD2D23BEB06600E5B552 /* EquipTests.swift */; };
		AD48DD3023BEB11800E5B552 /* BeerTests.swift in Sources */ = {isa = PBXBuildFile; fileRef = AD48DD2F23BEB11800E5B552 /* BeerTests.swift */; };
		AD48DD3223BEB12800E5B552 /* SaloonTests.swift in Sources */ = {isa = PBXBuildFile; fileRef = AD48DD3123BEB12800E5B552 /* SaloonTests.swift */; };
		AD49F86723BA054400543F59 /* Figure.swift in Sources */ = {isa = PBXBuildFile; fileRef = AD49F86623BA054400543F59 /* Figure.swift */; };
		AD49F86823BA054D00543F59 /* Figure.swift in Sources */ = {isa = PBXBuildFile; fileRef = AD49F86623BA054400543F59 /* Figure.swift */; };
		AD49F86A23BA074100543F59 /* figures.json in Resources */ = {isa = PBXBuildFile; fileRef = AD49F86923BA074100543F59 /* figures.json */; };
		AD49F86C23BA0C4600543F59 /* Stagecoach.swift in Sources */ = {isa = PBXBuildFile; fileRef = AD49F86B23BA0C4600543F59 /* Stagecoach.swift */; };
		AD49F86D23BA0C4600543F59 /* Stagecoach.swift in Sources */ = {isa = PBXBuildFile; fileRef = AD49F86B23BA0C4600543F59 /* Stagecoach.swift */; };
		AD49F86F23BA0E3E00543F59 /* WellsFargo.swift in Sources */ = {isa = PBXBuildFile; fileRef = AD49F86E23BA0E3E00543F59 /* WellsFargo.swift */; };
		AD49F87023BA0E3E00543F59 /* WellsFargo.swift in Sources */ = {isa = PBXBuildFile; fileRef = AD49F86E23BA0E3E00543F59 /* WellsFargo.swift */; };
		AD4BE6AA23DA4B12003A610A /* CollectionExtension.swift in Sources */ = {isa = PBXBuildFile; fileRef = AD4BE6A923DA4B12003A610A /* CollectionExtension.swift */; };
		AD52B99323B175110013240B /* Card.swift in Sources */ = {isa = PBXBuildFile; fileRef = AD52B99223B175110013240B /* Card.swift */; };
		AD52B99423B175110013240B /* Card.swift in Sources */ = {isa = PBXBuildFile; fileRef = AD52B99223B175110013240B /* Card.swift */; };
		AD52B99623B1771E0013240B /* CardList.swift in Sources */ = {isa = PBXBuildFile; fileRef = AD52B99523B1771E0013240B /* CardList.swift */; };
		AD52B99723B1771E0013240B /* CardList.swift in Sources */ = {isa = PBXBuildFile; fileRef = AD52B99523B1771E0013240B /* CardList.swift */; };
		AD52B99923B178CC0013240B /* Player.swift in Sources */ = {isa = PBXBuildFile; fileRef = AD52B99823B178CC0013240B /* Player.swift */; };
		AD52B99A23B178CC0013240B /* Player.swift in Sources */ = {isa = PBXBuildFile; fileRef = AD52B99823B178CC0013240B /* Player.swift */; };
		AD52B99C23B17A310013240B /* GameState.swift in Sources */ = {isa = PBXBuildFile; fileRef = AD52B99B23B17A310013240B /* GameState.swift */; };
		AD52B99D23B17A310013240B /* GameState.swift in Sources */ = {isa = PBXBuildFile; fileRef = AD52B99B23B17A310013240B /* GameState.swift */; };
		AD671A1923D8DCE000F0AA4A /* BeerLastLifePoint.swift in Sources */ = {isa = PBXBuildFile; fileRef = AD671A1823D8DCE000F0AA4A /* BeerLastLifePoint.swift */; };
		AD671A1A23D8DCE000F0AA4A /* BeerLastLifePoint.swift in Sources */ = {isa = PBXBuildFile; fileRef = AD671A1823D8DCE000F0AA4A /* BeerLastLifePoint.swift */; };
		AD671A1C23D8F9D600F0AA4A /* CardExtension.swift in Sources */ = {isa = PBXBuildFile; fileRef = AD671A1B23D8F9D600F0AA4A /* CardExtension.swift */; };
		AD671A1D23D8F9D600F0AA4A /* CardExtension.swift in Sources */ = {isa = PBXBuildFile; fileRef = AD671A1B23D8F9D600F0AA4A /* CardExtension.swift */; };
		AD7EAFBA23D7817E00FE23D5 /* JailTests.swift in Sources */ = {isa = PBXBuildFile; fileRef = AD7EAFB923D7817E00FE23D5 /* JailTests.swift */; };
		AD7EAFBC23D7825800FE23D5 /* GameStateTests.swift in Sources */ = {isa = PBXBuildFile; fileRef = AD7EAFBB23D7825800FE23D5 /* GameStateTests.swift */; };
		AD7EAFBF23D7846D00FE23D5 /* GameSetupTests.swift in Sources */ = {isa = PBXBuildFile; fileRef = AD7EAFBE23D7846D00FE23D5 /* GameSetupTests.swift */; };
		AD7F34B923D79841001B4072 /* MockCardProtocolExtension.swift in Sources */ = {isa = PBXBuildFile; fileRef = AD7F34B823D79841001B4072 /* MockCardProtocolExtension.swift */; };
		AD7F34BB23D7985C001B4072 /* MockCardListProtocolExtension.swift in Sources */ = {isa = PBXBuildFile; fileRef = AD7F34BA23D7985C001B4072 /* MockCardListProtocolExtension.swift */; };
		AD7F34BD23D79879001B4072 /* MockPlayerProtocolExtension.swift in Sources */ = {isa = PBXBuildFile; fileRef = AD7F34BC23D79879001B4072 /* MockPlayerProtocolExtension.swift */; };
		AD7F34BF23D79893001B4072 /* MockGameStateProtocolExtension.swift in Sources */ = {isa = PBXBuildFile; fileRef = AD7F34BE23D79893001B4072 /* MockGameStateProtocolExtension.swift */; };
		ADB5A0F523BAB29C0050E173 /* Equip.swift in Sources */ = {isa = PBXBuildFile; fileRef = ADB5A0F423BAB29C0050E173 /* Equip.swift */; };
		ADB5A0F623BAB29C0050E173 /* Equip.swift in Sources */ = {isa = PBXBuildFile; fileRef = ADB5A0F423BAB29C0050E173 /* Equip.swift */; };
		ADB5A0FB23BAB7DD0050E173 /* Jail.swift in Sources */ = {isa = PBXBuildFile; fileRef = ADB5A0FA23BAB7DD0050E173 /* Jail.swift */; };
		ADB5A0FC23BAB7DD0050E173 /* Jail.swift in Sources */ = {isa = PBXBuildFile; fileRef = ADB5A0FA23BAB7DD0050E173 /* Jail.swift */; };
		ADB5A0FE23BAB8070050E173 /* Shoot.swift in Sources */ = {isa = PBXBuildFile; fileRef = ADB5A0FD23BAB8070050E173 /* Shoot.swift */; };
		ADB5A0FF23BAB8070050E173 /* Shoot.swift in Sources */ = {isa = PBXBuildFile; fileRef = ADB5A0FD23BAB8070050E173 /* Shoot.swift */; };
		ADB5A10123BAB81E0050E173 /* Missed.swift in Sources */ = {isa = PBXBuildFile; fileRef = ADB5A10023BAB81E0050E173 /* Missed.swift */; };
		ADB5A10223BAB81E0050E173 /* Missed.swift in Sources */ = {isa = PBXBuildFile; fileRef = ADB5A10023BAB81E0050E173 /* Missed.swift */; };
		ADB5A10423BAB8370050E173 /* Duel.swift in Sources */ = {isa = PBXBuildFile; fileRef = ADB5A10323BAB8370050E173 /* Duel.swift */; };
		ADB5A10523BAB8370050E173 /* Duel.swift in Sources */ = {isa = PBXBuildFile; fileRef = ADB5A10323BAB8370050E173 /* Duel.swift */; };
		ADB5A10723BAB84E0050E173 /* Gatling.swift in Sources */ = {isa = PBXBuildFile; fileRef = ADB5A10623BAB84E0050E173 /* Gatling.swift */; };
		ADB5A10823BAB84E0050E173 /* Gatling.swift in Sources */ = {isa = PBXBuildFile; fileRef = ADB5A10623BAB84E0050E173 /* Gatling.swift */; };
		ADB5A10A23BAB8630050E173 /* Indians.swift in Sources */ = {isa = PBXBuildFile; fileRef = ADB5A10923BAB8630050E173 /* Indians.swift */; };
		ADB5A10B23BAB8630050E173 /* Indians.swift in Sources */ = {isa = PBXBuildFile; fileRef = ADB5A10923BAB8630050E173 /* Indians.swift */; };
		ADB5A10D23BAB8780050E173 /* Panic.swift in Sources */ = {isa = PBXBuildFile; fileRef = ADB5A10C23BAB8780050E173 /* Panic.swift */; };
		ADB5A10E23BAB8780050E173 /* Panic.swift in Sources */ = {isa = PBXBuildFile; fileRef = ADB5A10C23BAB8780050E173 /* Panic.swift */; };
		ADB5A11023BAB89C0050E173 /* CatBalou.swift in Sources */ = {isa = PBXBuildFile; fileRef = ADB5A10F23BAB89C0050E173 /* CatBalou.swift */; };
		ADB5A11123BAB89C0050E173 /* CatBalou.swift in Sources */ = {isa = PBXBuildFile; fileRef = ADB5A10F23BAB89C0050E173 /* CatBalou.swift */; };
		ADB5A11323BAB9330050E173 /* GeneralStore.swift in Sources */ = {isa = PBXBuildFile; fileRef = ADB5A11223BAB9330050E173 /* GeneralStore.swift */; };
		ADB5A11423BAB9330050E173 /* GeneralStore.swift in Sources */ = {isa = PBXBuildFile; fileRef = ADB5A11223BAB9330050E173 /* GeneralStore.swift */; };
		ADB5A11623BABBE80050E173 /* EndTurn.swift in Sources */ = {isa = PBXBuildFile; fileRef = ADB5A11523BABBE80050E173 /* EndTurn.swift */; };
		ADB5A11723BABBE80050E173 /* EndTurn.swift in Sources */ = {isa = PBXBuildFile; fileRef = ADB5A11523BABBE80050E173 /* EndTurn.swift */; };
		ADB7D2EC239EE03800653905 /* AppDelegate.swift in Sources */ = {isa = PBXBuildFile; fileRef = ADB7D2EB239EE03800653905 /* AppDelegate.swift */; };
		ADB7D2F3239EE03800653905 /* Main.storyboard in Resources */ = {isa = PBXBuildFile; fileRef = ADB7D2F1239EE03800653905 /* Main.storyboard */; };
		ADB7D2F5239EE03900653905 /* Assets.xcassets in Resources */ = {isa = PBXBuildFile; fileRef = ADB7D2F4239EE03900653905 /* Assets.xcassets */; };
		ADB7D2F8239EE03900653905 /* LaunchScreen.storyboard in Resources */ = {isa = PBXBuildFile; fileRef = ADB7D2F6239EE03900653905 /* LaunchScreen.storyboard */; };
		ADD035C923A95EEB003B2576 /* ActionProtocol.swift in Sources */ = {isa = PBXBuildFile; fileRef = ADD035C823A95EEB003B2576 /* ActionProtocol.swift */; };
		ADD035CA23A95EEB003B2576 /* ActionProtocol.swift in Sources */ = {isa = PBXBuildFile; fileRef = ADD035C823A95EEB003B2576 /* ActionProtocol.swift */; };
		ADD035CC23A95F37003B2576 /* RuleProtocol.swift in Sources */ = {isa = PBXBuildFile; fileRef = ADD035CB23A95F37003B2576 /* RuleProtocol.swift */; };
		ADD035CD23A95F37003B2576 /* RuleProtocol.swift in Sources */ = {isa = PBXBuildFile; fileRef = ADD035CB23A95F37003B2576 /* RuleProtocol.swift */; };
		ADD035CF23A96002003B2576 /* CardProtocol.swift in Sources */ = {isa = PBXBuildFile; fileRef = ADD035CE23A96002003B2576 /* CardProtocol.swift */; };
		ADD035D023A96002003B2576 /* CardProtocol.swift in Sources */ = {isa = PBXBuildFile; fileRef = ADD035CE23A96002003B2576 /* CardProtocol.swift */; };
		ADD035D223A9601B003B2576 /* CardListProtocol.swift in Sources */ = {isa = PBXBuildFile; fileRef = ADD035D123A9601B003B2576 /* CardListProtocol.swift */; };
		ADD035D323A9601B003B2576 /* CardListProtocol.swift in Sources */ = {isa = PBXBuildFile; fileRef = ADD035D123A9601B003B2576 /* CardListProtocol.swift */; };
		ADD035D523A96034003B2576 /* PlayerProtocol.swift in Sources */ = {isa = PBXBuildFile; fileRef = ADD035D423A96034003B2576 /* PlayerProtocol.swift */; };
		ADD035D623A96034003B2576 /* PlayerProtocol.swift in Sources */ = {isa = PBXBuildFile; fileRef = ADD035D423A96034003B2576 /* PlayerProtocol.swift */; };
		ADD035D823A9604F003B2576 /* GameStateProtocol.swift in Sources */ = {isa = PBXBuildFile; fileRef = ADD035D723A9604F003B2576 /* GameStateProtocol.swift */; };
		ADD035D923A9604F003B2576 /* GameStateProtocol.swift in Sources */ = {isa = PBXBuildFile; fileRef = ADD035D723A9604F003B2576 /* GameStateProtocol.swift */; };
		ADD0825E23C67C96001BC18F /* PlayerTests.swift in Sources */ = {isa = PBXBuildFile; fileRef = ADD0825D23C67C96001BC18F /* PlayerTests.swift */; };
		ADD5643523A4E09C00C1BD01 /* Beer.swift in Sources */ = {isa = PBXBuildFile; fileRef = ADD5643423A4E09C00C1BD01 /* Beer.swift */; };
		ADD5643623A4E09C00C1BD01 /* Beer.swift in Sources */ = {isa = PBXBuildFile; fileRef = ADD5643423A4E09C00C1BD01 /* Beer.swift */; };
		ADE91AC623B9F84200F7316B /* Saloon.swift in Sources */ = {isa = PBXBuildFile; fileRef = ADE91AC523B9F84200F7316B /* Saloon.swift */; };
		ADE91AC723B9F84200F7316B /* Saloon.swift in Sources */ = {isa = PBXBuildFile; fileRef = ADE91AC523B9F84200F7316B /* Saloon.swift */; };
		ADE91ACD23B9FE2300F7316B /* JsonReader.swift in Sources */ = {isa = PBXBuildFile; fileRef = ADE91ACC23B9FE2300F7316B /* JsonReader.swift */; };
		ADE91ACE23B9FE2300F7316B /* JsonReader.swift in Sources */ = {isa = PBXBuildFile; fileRef = ADE91ACC23B9FE2300F7316B /* JsonReader.swift */; };
		ADE91AD023B9FF0700F7316B /* cards.json in Resources */ = {isa = PBXBuildFile; fileRef = ADE91ACF23B9FF0700F7316B /* cards.json */; };
		ADE91AD123B9FF0700F7316B /* cards.json in Resources */ = {isa = PBXBuildFile; fileRef = ADE91ACF23B9FF0700F7316B /* cards.json */; };
		ADE91AD423BA00DC00F7316B /* GameSetup.swift in Sources */ = {isa = PBXBuildFile; fileRef = ADE91AD323BA00DC00F7316B /* GameSetup.swift */; };
		ADE91AD523BA00DC00F7316B /* GameSetup.swift in Sources */ = {isa = PBXBuildFile; fileRef = ADE91AD323BA00DC00F7316B /* GameSetup.swift */; };
		D42ED72C28166C49D2A60FC9 /* Pods_WildWest.framework in Frameworks */ = {isa = PBXBuildFile; fileRef = 8C300D3666EB3B530B73C9D4 /* Pods_WildWest.framework */; };
/* End PBXBuildFile section */

/* Begin PBXContainerItemProxy section */
		ADB7D2FF239EE03900653905 /* PBXContainerItemProxy */ = {
			isa = PBXContainerItemProxy;
			containerPortal = ADB7D2E0239EE03800653905 /* Project object */;
			proxyType = 1;
			remoteGlobalIDString = ADB7D2E7239EE03800653905;
			remoteInfo = WildWest;
		};
/* End PBXContainerItemProxy section */

/* Begin PBXFileReference section */
		102E20EA2AD38505FB9CFBD5 /* libPods-WildWestTests.a */ = {isa = PBXFileReference; explicitFileType = archive.ar; includeInIndex = 0; path = "libPods-WildWestTests.a"; sourceTree = BUILT_PRODUCTS_DIR; };
		15EFD4A90888EB671B9B5CF5 /* Pods-WildWestTests.debug.xcconfig */ = {isa = PBXFileReference; includeInIndex = 1; lastKnownFileType = text.xcconfig; name = "Pods-WildWestTests.debug.xcconfig"; path = "Target Support Files/Pods-WildWestTests/Pods-WildWestTests.debug.xcconfig"; sourceTree = "<group>"; };
		3324018D23DBA6C800B92439 /* UICollectionViewExtension.swift */ = {isa = PBXFileReference; lastKnownFileType = sourcecode.swift; path = UICollectionViewExtension.swift; sourceTree = "<group>"; };
		3324018F23DBAA7500B92439 /* UIViewExtension.swift */ = {isa = PBXFileReference; lastKnownFileType = sourcecode.swift; path = UIViewExtension.swift; sourceTree = "<group>"; };
		332499AE23DB9EFE0082EF09 /* CardCell.swift */ = {isa = PBXFileReference; lastKnownFileType = sourcecode.swift; path = CardCell.swift; sourceTree = "<group>"; };
		332499B023DB9F140082EF09 /* PlayerCell.swift */ = {isa = PBXFileReference; lastKnownFileType = sourcecode.swift; path = PlayerCell.swift; sourceTree = "<group>"; };
		332499B223DB9F650082EF09 /* GameViewController.swift */ = {isa = PBXFileReference; lastKnownFileType = sourcecode.swift; path = GameViewController.swift; sourceTree = "<group>"; };
		33A733ED23DC4A5300E9B2AD /* Subscribable.swift */ = {isa = PBXFileReference; lastKnownFileType = sourcecode.swift; path = Subscribable.swift; sourceTree = "<group>"; };
		33A733F123DC514500E9B2AD /* ActionsViewController.swift */ = {isa = PBXFileReference; lastKnownFileType = sourcecode.swift; path = ActionsViewController.swift; sourceTree = "<group>"; };
		33A733F523DC553900E9B2AD /* GameAI.swift */ = {isa = PBXFileReference; lastKnownFileType = sourcecode.swift; path = GameAI.swift; sourceTree = "<group>"; };
		33A733F723DC5AC300E9B2AD /* GameEngine.swift */ = {isa = PBXFileReference; lastKnownFileType = sourcecode.swift; path = GameEngine.swift; sourceTree = "<group>"; };
		33A815E723DB51BE0081A055 /* GameResourcesFiguresTests.swift */ = {isa = PBXFileReference; lastKnownFileType = sourcecode.swift; path = GameResourcesFiguresTests.swift; sourceTree = "<group>"; };
		33A815E923DB51D40081A055 /* GameResourcesCardsTests.swift */ = {isa = PBXFileReference; lastKnownFileType = sourcecode.swift; path = GameResourcesCardsTests.swift; sourceTree = "<group>"; };
		33A815EC23DB54350081A055 /* roles.json */ = {isa = PBXFileReference; fileEncoding = 4; lastKnownFileType = text.json; path = roles.json; sourceTree = "<group>"; };
		33A815EF23DB547D0081A055 /* RoleCard.swift */ = {isa = PBXFileReference; lastKnownFileType = sourcecode.swift; path = RoleCard.swift; sourceTree = "<group>"; };
		33A815F223DB55350081A055 /* GameResourcesRolesTests.swift */ = {isa = PBXFileReference; lastKnownFileType = sourcecode.swift; path = GameResourcesRolesTests.swift; sourceTree = "<group>"; };
		33AFA25223DC201A00425BEB /* ClassNameProtocol.swift */ = {isa = PBXFileReference; lastKnownFileType = sourcecode.swift; path = ClassNameProtocol.swift; sourceTree = "<group>"; };
		51195E55CF3E86BE639C2405 /* Pods-WildWest.debug.xcconfig */ = {isa = PBXFileReference; includeInIndex = 1; lastKnownFileType = text.xcconfig; name = "Pods-WildWest.debug.xcconfig"; path = "Target Support Files/Pods-WildWest/Pods-WildWest.debug.xcconfig"; sourceTree = "<group>"; };
		6D17AD4368D4F158C313A85D /* Pods-WildWestTests.release.xcconfig */ = {isa = PBXFileReference; includeInIndex = 1; lastKnownFileType = text.xcconfig; name = "Pods-WildWestTests.release.xcconfig"; path = "Target Support Files/Pods-WildWestTests/Pods-WildWestTests.release.xcconfig"; sourceTree = "<group>"; };
		873275DE3D79FFF36F6D066E /* Pods-WildWest.release.xcconfig */ = {isa = PBXFileReference; includeInIndex = 1; lastKnownFileType = text.xcconfig; name = "Pods-WildWest.release.xcconfig"; path = "Target Support Files/Pods-WildWest/Pods-WildWest.release.xcconfig"; sourceTree = "<group>"; };
		8C300D3666EB3B530B73C9D4 /* Pods_WildWest.framework */ = {isa = PBXFileReference; explicitFileType = wrapper.framework; includeInIndex = 0; path = Pods_WildWest.framework; sourceTree = BUILT_PRODUCTS_DIR; };
		AD186BDE23A461F300ABF3E7 /* GeneratedMocks.swift */ = {isa = PBXFileReference; fileEncoding = 4; lastKnownFileType = sourcecode.swift; path = GeneratedMocks.swift; sourceTree = "<group>"; };
		AD36CDDC23C51EFA008D4EDB /* GameResources.swift */ = {isa = PBXFileReference; lastKnownFileType = sourcecode.swift; path = GameResources.swift; sourceTree = "<group>"; };
		AD36CDEE23C52306008D4EDB /* CardTests.swift */ = {isa = PBXFileReference; lastKnownFileType = sourcecode.swift; path = CardTests.swift; sourceTree = "<group>"; };
		AD36CDF023C523BD008D4EDB /* CardListTests.swift */ = {isa = PBXFileReference; lastKnownFileType = sourcecode.swift; path = CardListTests.swift; sourceTree = "<group>"; };
		AD46810D23BEA2B0000B42C7 /* PlayerExtension.swift */ = {isa = PBXFileReference; lastKnownFileType = sourcecode.swift; path = PlayerExtension.swift; sourceTree = "<group>"; };
		AD48DD2923BEAE1300E5B552 /* StagecoachTests.swift */ = {isa = PBXFileReference; lastKnownFileType = sourcecode.swift; path = StagecoachTests.swift; sourceTree = "<group>"; };
		AD48DD2B23BEAFAF00E5B552 /* WellsFargoTests.swift */ = {isa = PBXFileReference; lastKnownFileType = sourcecode.swift; path = WellsFargoTests.swift; sourceTree = "<group>"; };
		AD48DD2D23BEB06600E5B552 /* EquipTests.swift */ = {isa = PBXFileReference; lastKnownFileType = sourcecode.swift; path = EquipTests.swift; sourceTree = "<group>"; };
		AD48DD2F23BEB11800E5B552 /* BeerTests.swift */ = {isa = PBXFileReference; lastKnownFileType = sourcecode.swift; path = BeerTests.swift; sourceTree = "<group>"; };
		AD48DD3123BEB12800E5B552 /* SaloonTests.swift */ = {isa = PBXFileReference; lastKnownFileType = sourcecode.swift; path = SaloonTests.swift; sourceTree = "<group>"; };
		AD49F86623BA054400543F59 /* Figure.swift */ = {isa = PBXFileReference; lastKnownFileType = sourcecode.swift; path = Figure.swift; sourceTree = "<group>"; };
		AD49F86923BA074100543F59 /* figures.json */ = {isa = PBXFileReference; lastKnownFileType = text.json; path = figures.json; sourceTree = "<group>"; };
		AD49F86B23BA0C4600543F59 /* Stagecoach.swift */ = {isa = PBXFileReference; lastKnownFileType = sourcecode.swift; path = Stagecoach.swift; sourceTree = "<group>"; };
		AD49F86E23BA0E3E00543F59 /* WellsFargo.swift */ = {isa = PBXFileReference; lastKnownFileType = sourcecode.swift; path = WellsFargo.swift; sourceTree = "<group>"; };
		AD4BE6A923DA4B12003A610A /* CollectionExtension.swift */ = {isa = PBXFileReference; lastKnownFileType = sourcecode.swift; path = CollectionExtension.swift; sourceTree = "<group>"; };
		AD52B99223B175110013240B /* Card.swift */ = {isa = PBXFileReference; lastKnownFileType = sourcecode.swift; path = Card.swift; sourceTree = "<group>"; };
		AD52B99523B1771E0013240B /* CardList.swift */ = {isa = PBXFileReference; lastKnownFileType = sourcecode.swift; path = CardList.swift; sourceTree = "<group>"; };
		AD52B99823B178CC0013240B /* Player.swift */ = {isa = PBXFileReference; lastKnownFileType = sourcecode.swift; path = Player.swift; sourceTree = "<group>"; };
		AD52B99B23B17A310013240B /* GameState.swift */ = {isa = PBXFileReference; lastKnownFileType = sourcecode.swift; path = GameState.swift; sourceTree = "<group>"; };
		AD671A1823D8DCE000F0AA4A /* BeerLastLifePoint.swift */ = {isa = PBXFileReference; lastKnownFileType = sourcecode.swift; path = BeerLastLifePoint.swift; sourceTree = "<group>"; };
		AD671A1B23D8F9D600F0AA4A /* CardExtension.swift */ = {isa = PBXFileReference; lastKnownFileType = sourcecode.swift; path = CardExtension.swift; sourceTree = "<group>"; };
		AD7EAFB923D7817E00FE23D5 /* JailTests.swift */ = {isa = PBXFileReference; lastKnownFileType = sourcecode.swift; path = JailTests.swift; sourceTree = "<group>"; };
		AD7EAFBB23D7825800FE23D5 /* GameStateTests.swift */ = {isa = PBXFileReference; lastKnownFileType = sourcecode.swift; path = GameStateTests.swift; sourceTree = "<group>"; };
		AD7EAFBE23D7846D00FE23D5 /* GameSetupTests.swift */ = {isa = PBXFileReference; lastKnownFileType = sourcecode.swift; path = GameSetupTests.swift; sourceTree = "<group>"; };
		AD7F34B823D79841001B4072 /* MockCardProtocolExtension.swift */ = {isa = PBXFileReference; lastKnownFileType = sourcecode.swift; path = MockCardProtocolExtension.swift; sourceTree = "<group>"; };
		AD7F34BA23D7985C001B4072 /* MockCardListProtocolExtension.swift */ = {isa = PBXFileReference; lastKnownFileType = sourcecode.swift; path = MockCardListProtocolExtension.swift; sourceTree = "<group>"; };
		AD7F34BC23D79879001B4072 /* MockPlayerProtocolExtension.swift */ = {isa = PBXFileReference; lastKnownFileType = sourcecode.swift; path = MockPlayerProtocolExtension.swift; sourceTree = "<group>"; };
		AD7F34BE23D79893001B4072 /* MockGameStateProtocolExtension.swift */ = {isa = PBXFileReference; lastKnownFileType = sourcecode.swift; path = MockGameStateProtocolExtension.swift; sourceTree = "<group>"; };
		ADB5A0F423BAB29C0050E173 /* Equip.swift */ = {isa = PBXFileReference; lastKnownFileType = sourcecode.swift; path = Equip.swift; sourceTree = "<group>"; };
		ADB5A0FA23BAB7DD0050E173 /* Jail.swift */ = {isa = PBXFileReference; lastKnownFileType = sourcecode.swift; path = Jail.swift; sourceTree = "<group>"; };
		ADB5A0FD23BAB8070050E173 /* Shoot.swift */ = {isa = PBXFileReference; lastKnownFileType = sourcecode.swift; path = Shoot.swift; sourceTree = "<group>"; };
		ADB5A10023BAB81E0050E173 /* Missed.swift */ = {isa = PBXFileReference; lastKnownFileType = sourcecode.swift; path = Missed.swift; sourceTree = "<group>"; };
		ADB5A10323BAB8370050E173 /* Duel.swift */ = {isa = PBXFileReference; lastKnownFileType = sourcecode.swift; path = Duel.swift; sourceTree = "<group>"; };
		ADB5A10623BAB84E0050E173 /* Gatling.swift */ = {isa = PBXFileReference; lastKnownFileType = sourcecode.swift; path = Gatling.swift; sourceTree = "<group>"; };
		ADB5A10923BAB8630050E173 /* Indians.swift */ = {isa = PBXFileReference; lastKnownFileType = sourcecode.swift; path = Indians.swift; sourceTree = "<group>"; };
		ADB5A10C23BAB8780050E173 /* Panic.swift */ = {isa = PBXFileReference; lastKnownFileType = sourcecode.swift; path = Panic.swift; sourceTree = "<group>"; };
		ADB5A10F23BAB89C0050E173 /* CatBalou.swift */ = {isa = PBXFileReference; lastKnownFileType = sourcecode.swift; path = CatBalou.swift; sourceTree = "<group>"; };
		ADB5A11223BAB9330050E173 /* GeneralStore.swift */ = {isa = PBXFileReference; lastKnownFileType = sourcecode.swift; path = GeneralStore.swift; sourceTree = "<group>"; };
		ADB5A11523BABBE80050E173 /* EndTurn.swift */ = {isa = PBXFileReference; lastKnownFileType = sourcecode.swift; path = EndTurn.swift; sourceTree = "<group>"; };
		ADB7D2E8239EE03800653905 /* WildWest.app */ = {isa = PBXFileReference; explicitFileType = wrapper.application; includeInIndex = 0; path = WildWest.app; sourceTree = BUILT_PRODUCTS_DIR; };
		ADB7D2EB239EE03800653905 /* AppDelegate.swift */ = {isa = PBXFileReference; lastKnownFileType = sourcecode.swift; path = AppDelegate.swift; sourceTree = "<group>"; };
		ADB7D2F2239EE03800653905 /* Base */ = {isa = PBXFileReference; lastKnownFileType = file.storyboard; name = Base; path = Base.lproj/Main.storyboard; sourceTree = "<group>"; };
		ADB7D2F4239EE03900653905 /* Assets.xcassets */ = {isa = PBXFileReference; lastKnownFileType = folder.assetcatalog; path = Assets.xcassets; sourceTree = "<group>"; };
		ADB7D2F7239EE03900653905 /* Base */ = {isa = PBXFileReference; lastKnownFileType = file.storyboard; name = Base; path = Base.lproj/LaunchScreen.storyboard; sourceTree = "<group>"; };
		ADB7D2F9239EE03900653905 /* Info.plist */ = {isa = PBXFileReference; lastKnownFileType = text.plist.xml; path = Info.plist; sourceTree = "<group>"; };
		ADB7D2FE239EE03900653905 /* WildWestTests.xctest */ = {isa = PBXFileReference; explicitFileType = wrapper.cfbundle; includeInIndex = 0; path = WildWestTests.xctest; sourceTree = BUILT_PRODUCTS_DIR; };
		ADB7D304239EE03900653905 /* Info.plist */ = {isa = PBXFileReference; lastKnownFileType = text.plist.xml; path = Info.plist; sourceTree = "<group>"; };
		ADD035C823A95EEB003B2576 /* ActionProtocol.swift */ = {isa = PBXFileReference; lastKnownFileType = sourcecode.swift; path = ActionProtocol.swift; sourceTree = "<group>"; };
		ADD035CB23A95F37003B2576 /* RuleProtocol.swift */ = {isa = PBXFileReference; lastKnownFileType = sourcecode.swift; path = RuleProtocol.swift; sourceTree = "<group>"; };
		ADD035CE23A96002003B2576 /* CardProtocol.swift */ = {isa = PBXFileReference; lastKnownFileType = sourcecode.swift; path = CardProtocol.swift; sourceTree = "<group>"; };
		ADD035D123A9601B003B2576 /* CardListProtocol.swift */ = {isa = PBXFileReference; lastKnownFileType = sourcecode.swift; path = CardListProtocol.swift; sourceTree = "<group>"; };
		ADD035D423A96034003B2576 /* PlayerProtocol.swift */ = {isa = PBXFileReference; lastKnownFileType = sourcecode.swift; path = PlayerProtocol.swift; sourceTree = "<group>"; };
		ADD035D723A9604F003B2576 /* GameStateProtocol.swift */ = {isa = PBXFileReference; lastKnownFileType = sourcecode.swift; path = GameStateProtocol.swift; sourceTree = "<group>"; };
		ADD0825D23C67C96001BC18F /* PlayerTests.swift */ = {isa = PBXFileReference; lastKnownFileType = sourcecode.swift; path = PlayerTests.swift; sourceTree = "<group>"; };
		ADD5643423A4E09C00C1BD01 /* Beer.swift */ = {isa = PBXFileReference; lastKnownFileType = sourcecode.swift; path = Beer.swift; sourceTree = "<group>"; };
		ADE91AC523B9F84200F7316B /* Saloon.swift */ = {isa = PBXFileReference; lastKnownFileType = sourcecode.swift; path = Saloon.swift; sourceTree = "<group>"; };
		ADE91ACC23B9FE2300F7316B /* JsonReader.swift */ = {isa = PBXFileReference; lastKnownFileType = sourcecode.swift; path = JsonReader.swift; sourceTree = "<group>"; };
		ADE91ACF23B9FF0700F7316B /* cards.json */ = {isa = PBXFileReference; lastKnownFileType = text.json; path = cards.json; sourceTree = "<group>"; };
		ADE91AD323BA00DC00F7316B /* GameSetup.swift */ = {isa = PBXFileReference; lastKnownFileType = sourcecode.swift; path = GameSetup.swift; sourceTree = "<group>"; };
/* End PBXFileReference section */

/* Begin PBXFrameworksBuildPhase section */
		ADB7D2E5239EE03800653905 /* Frameworks */ = {
			isa = PBXFrameworksBuildPhase;
			buildActionMask = 2147483647;
			files = (
				D42ED72C28166C49D2A60FC9 /* Pods_WildWest.framework in Frameworks */,
			);
			runOnlyForDeploymentPostprocessing = 0;
		};
		ADB7D2FB239EE03900653905 /* Frameworks */ = {
			isa = PBXFrameworksBuildPhase;
			buildActionMask = 2147483647;
			files = (
				8DBD562D47470962F400716D /* libPods-WildWestTests.a in Frameworks */,
			);
			runOnlyForDeploymentPostprocessing = 0;
		};
/* End PBXFrameworksBuildPhase section */

/* Begin PBXGroup section */
		0B678BA1DAA05FDC7F98BA1E /* Pods */ = {
			isa = PBXGroup;
			children = (
				51195E55CF3E86BE639C2405 /* Pods-WildWest.debug.xcconfig */,
				873275DE3D79FFF36F6D066E /* Pods-WildWest.release.xcconfig */,
				15EFD4A90888EB671B9B5CF5 /* Pods-WildWestTests.debug.xcconfig */,
				6D17AD4368D4F158C313A85D /* Pods-WildWestTests.release.xcconfig */,
			);
			path = Pods;
			sourceTree = "<group>";
		};
		AD208A6623C6809B0082AC98 /* extensions */ = {
			isa = PBXGroup;
			children = (
				AD7F34B823D79841001B4072 /* MockCardProtocolExtension.swift */,
				AD7F34BA23D7985C001B4072 /* MockCardListProtocolExtension.swift */,
				AD7F34BC23D79879001B4072 /* MockPlayerProtocolExtension.swift */,
				AD7F34BE23D79893001B4072 /* MockGameStateProtocolExtension.swift */,
				AD4BE6A923DA4B12003A610A /* CollectionExtension.swift */,
			);
			path = extensions;
			sourceTree = "<group>";
		};
		AD36CDD723C51C27008D4EDB /* engine */ = {
			isa = PBXGroup;
			children = (
				33A733F723DC5AC300E9B2AD /* GameEngine.swift */,
				ADE91AD323BA00DC00F7316B /* GameSetup.swift */,
				33A733F523DC553900E9B2AD /* GameAI.swift */,
				AD36CDDC23C51EFA008D4EDB /* GameResources.swift */,
				AD36CDD823C51C34008D4EDB /* state */,
				AD36CDDA23C51DA6008D4EDB /* action */,
			);
			path = engine;
			sourceTree = "<group>";
		};
		AD36CDD823C51C34008D4EDB /* state */ = {
			isa = PBXGroup;
			children = (
				ADD035D723A9604F003B2576 /* GameStateProtocol.swift */,
				ADD035D423A96034003B2576 /* PlayerProtocol.swift */,
				ADD035D123A9601B003B2576 /* CardListProtocol.swift */,
				ADD035CE23A96002003B2576 /* CardProtocol.swift */,
				AD52B99B23B17A310013240B /* GameState.swift */,
				AD52B99823B178CC0013240B /* Player.swift */,
				AD52B99523B1771E0013240B /* CardList.swift */,
				AD52B99223B175110013240B /* Card.swift */,
				AD49F86623BA054400543F59 /* Figure.swift */,
				33A815EF23DB547D0081A055 /* RoleCard.swift */,
				AD46810C23BEA27F000B42C7 /* extensions */,
			);
			path = state;
			sourceTree = "<group>";
		};
		AD36CDDA23C51DA6008D4EDB /* action */ = {
			isa = PBXGroup;
			children = (
				ADD035C823A95EEB003B2576 /* ActionProtocol.swift */,
				ADD035CB23A95F37003B2576 /* RuleProtocol.swift */,
				ADD5643423A4E09C00C1BD01 /* Beer.swift */,
				ADE91AC523B9F84200F7316B /* Saloon.swift */,
				AD49F86B23BA0C4600543F59 /* Stagecoach.swift */,
				AD49F86E23BA0E3E00543F59 /* WellsFargo.swift */,
				ADB5A0F423BAB29C0050E173 /* Equip.swift */,
				ADB5A0FA23BAB7DD0050E173 /* Jail.swift */,
				ADB5A0FD23BAB8070050E173 /* Shoot.swift */,
				ADB5A10023BAB81E0050E173 /* Missed.swift */,
				ADB5A10623BAB84E0050E173 /* Gatling.swift */,
				ADB5A10923BAB8630050E173 /* Indians.swift */,
				ADB5A10323BAB8370050E173 /* Duel.swift */,
				ADB5A10C23BAB8780050E173 /* Panic.swift */,
				ADB5A10F23BAB89C0050E173 /* CatBalou.swift */,
				ADB5A11223BAB9330050E173 /* GeneralStore.swift */,
				ADB5A11523BABBE80050E173 /* EndTurn.swift */,
				AD671A1823D8DCE000F0AA4A /* BeerLastLifePoint.swift */,
			);
			path = action;
			sourceTree = "<group>";
		};
		AD36CDDF23C51F08008D4EDB /* misc */ = {
			isa = PBXGroup;
			children = (
				ADE91ACC23B9FE2300F7316B /* JsonReader.swift */,
				3324018D23DBA6C800B92439 /* UICollectionViewExtension.swift */,
				3324018F23DBAA7500B92439 /* UIViewExtension.swift */,
				33AFA25223DC201A00425BEB /* ClassNameProtocol.swift */,
				33A733ED23DC4A5300E9B2AD /* Subscribable.swift */,
			);
			path = misc;
			sourceTree = "<group>";
		};
		AD36CDE023C51F59008D4EDB /* resources */ = {
			isa = PBXGroup;
			children = (
				ADE91ACF23B9FF0700F7316B /* cards.json */,
				AD49F86923BA074100543F59 /* figures.json */,
				33A815EC23DB54350081A055 /* roles.json */,
			);
			path = resources;
			sourceTree = "<group>";
		};
		AD36CDED23C522EE008D4EDB /* state */ = {
			isa = PBXGroup;
			children = (
				AD36CDEE23C52306008D4EDB /* CardTests.swift */,
				AD36CDF023C523BD008D4EDB /* CardListTests.swift */,
				ADD0825D23C67C96001BC18F /* PlayerTests.swift */,
				AD7EAFBB23D7825800FE23D5 /* GameStateTests.swift */,
			);
			path = state;
			sourceTree = "<group>";
		};
		AD46810C23BEA27F000B42C7 /* extensions */ = {
			isa = PBXGroup;
			children = (
				AD46810D23BEA2B0000B42C7 /* PlayerExtension.swift */,
				AD671A1B23D8F9D600F0AA4A /* CardExtension.swift */,
			);
			path = extensions;
			sourceTree = "<group>";
		};
		AD48DD2823BEABD100E5B552 /* action */ = {
			isa = PBXGroup;
			children = (
				AD48DD2F23BEB11800E5B552 /* BeerTests.swift */,
				AD48DD3123BEB12800E5B552 /* SaloonTests.swift */,
				AD48DD2923BEAE1300E5B552 /* StagecoachTests.swift */,
				AD48DD2B23BEAFAF00E5B552 /* WellsFargoTests.swift */,
				AD48DD2D23BEB06600E5B552 /* EquipTests.swift */,
				AD7EAFB923D7817E00FE23D5 /* JailTests.swift */,
			);
			path = action;
			sourceTree = "<group>";
		};
		AD7EAFBD23D7846000FE23D5 /* engine */ = {
			isa = PBXGroup;
			children = (
				AD7EAFBE23D7846D00FE23D5 /* GameSetupTests.swift */,
				33A815E923DB51D40081A055 /* GameResourcesCardsTests.swift */,
				33A815E723DB51BE0081A055 /* GameResourcesFiguresTests.swift */,
				33A815F223DB55350081A055 /* GameResourcesRolesTests.swift */,
			);
			path = engine;
			sourceTree = "<group>";
		};
		ADB7D2DF239EE03800653905 = {
			isa = PBXGroup;
			children = (
				ADB7D2EA239EE03800653905 /* WildWest */,
				ADB7D301239EE03900653905 /* WildWestTests */,
				ADB7D2E9239EE03800653905 /* Products */,
				0B678BA1DAA05FDC7F98BA1E /* Pods */,
				C261B90D4E9953E24737D8E2 /* Frameworks */,
			);
			sourceTree = "<group>";
		};
		ADB7D2E9239EE03800653905 /* Products */ = {
			isa = PBXGroup;
			children = (
				ADB7D2E8239EE03800653905 /* WildWest.app */,
				ADB7D2FE239EE03900653905 /* WildWestTests.xctest */,
			);
			name = Products;
			sourceTree = "<group>";
		};
		ADB7D2EA239EE03800653905 /* WildWest */ = {
			isa = PBXGroup;
			children = (
				AD36CDD723C51C27008D4EDB /* engine */,
				ADE91AD223BA005000F7316B /* ui */,
				AD36CDDF23C51F08008D4EDB /* misc */,
				AD36CDE023C51F59008D4EDB /* resources */,
				ADB7D2EB239EE03800653905 /* AppDelegate.swift */,
				ADB7D2F4239EE03900653905 /* Assets.xcassets */,
				ADB7D2F9239EE03900653905 /* Info.plist */,
			);
			path = WildWest;
			sourceTree = "<group>";
		};
		ADB7D301239EE03900653905 /* WildWestTests */ = {
			isa = PBXGroup;
			children = (
				AD7EAFBD23D7846000FE23D5 /* engine */,
				AD36CDED23C522EE008D4EDB /* state */,
				AD48DD2823BEABD100E5B552 /* action */,
				AD208A6623C6809B0082AC98 /* extensions */,
				AD186BDE23A461F300ABF3E7 /* GeneratedMocks.swift */,
				ADB7D304239EE03900653905 /* Info.plist */,
			);
			path = WildWestTests;
			sourceTree = "<group>";
		};
		ADE91AD223BA005000F7316B /* ui */ = {
			isa = PBXGroup;
			children = (
				ADB7D2F6239EE03900653905 /* LaunchScreen.storyboard */,
				ADB7D2F1239EE03800653905 /* Main.storyboard */,
				332499B223DB9F650082EF09 /* GameViewController.swift */,
				332499B023DB9F140082EF09 /* PlayerCell.swift */,
				332499AE23DB9EFE0082EF09 /* CardCell.swift */,
				33A733F123DC514500E9B2AD /* ActionsViewController.swift */,
			);
			path = ui;
			sourceTree = "<group>";
		};
		C261B90D4E9953E24737D8E2 /* Frameworks */ = {
			isa = PBXGroup;
			children = (
				8C300D3666EB3B530B73C9D4 /* Pods_WildWest.framework */,
				102E20EA2AD38505FB9CFBD5 /* libPods-WildWestTests.a */,
			);
			name = Frameworks;
			sourceTree = "<group>";
		};
/* End PBXGroup section */

/* Begin PBXNativeTarget section */
		ADB7D2E7239EE03800653905 /* WildWest */ = {
			isa = PBXNativeTarget;
			buildConfigurationList = ADB7D307239EE03900653905 /* Build configuration list for PBXNativeTarget "WildWest" */;
			buildPhases = (
				2DF289D4DAA701C3A4808EFC /* [CP] Check Pods Manifest.lock */,
				ADB7D2E4239EE03800653905 /* Sources */,
				ADB7D2E5239EE03800653905 /* Frameworks */,
				ADB7D2E6239EE03800653905 /* Resources */,
				AD8540A223A4291100568FE9 /* Run Swiftlint */,
				EDBCE575E9629DBC63D5C556 /* [CP] Embed Pods Frameworks */,
			);
			buildRules = (
			);
			dependencies = (
			);
			name = WildWest;
			productName = WildWest;
			productReference = ADB7D2E8239EE03800653905 /* WildWest.app */;
			productType = "com.apple.product-type.application";
		};
		ADB7D2FD239EE03900653905 /* WildWestTests */ = {
			isa = PBXNativeTarget;
			buildConfigurationList = ADB7D30A239EE03900653905 /* Build configuration list for PBXNativeTarget "WildWestTests" */;
			buildPhases = (
				EB6EE4491E93C5577B29AB62 /* [CP] Check Pods Manifest.lock */,
				AD186BDD23A4618500ABF3E7 /* Run Cuckoo */,
				ADB7D2FA239EE03900653905 /* Sources */,
				ADB7D2FB239EE03900653905 /* Frameworks */,
				ADB7D2FC239EE03900653905 /* Resources */,
			);
			buildRules = (
			);
			dependencies = (
				ADB7D300239EE03900653905 /* PBXTargetDependency */,
			);
			name = WildWestTests;
			productName = WildWestTests;
			productReference = ADB7D2FE239EE03900653905 /* WildWestTests.xctest */;
			productType = "com.apple.product-type.bundle.unit-test";
		};
/* End PBXNativeTarget section */

/* Begin PBXProject section */
		ADB7D2E0239EE03800653905 /* Project object */ = {
			isa = PBXProject;
			attributes = {
				LastSwiftUpdateCheck = 1120;
				LastUpgradeCheck = 1120;
				ORGANIZATIONNAME = creativeGames;
				TargetAttributes = {
					ADB7D2E7239EE03800653905 = {
						CreatedOnToolsVersion = 11.2.1;
					};
					ADB7D2FD239EE03900653905 = {
						CreatedOnToolsVersion = 11.2.1;
					};
				};
			};
			buildConfigurationList = ADB7D2E3239EE03800653905 /* Build configuration list for PBXProject "WildWest" */;
			compatibilityVersion = "Xcode 9.3";
			developmentRegion = en;
			hasScannedForEncodings = 0;
			knownRegions = (
				en,
				Base,
			);
			mainGroup = ADB7D2DF239EE03800653905;
			productRefGroup = ADB7D2E9239EE03800653905 /* Products */;
			projectDirPath = "";
			projectRoot = "";
			targets = (
				ADB7D2E7239EE03800653905 /* WildWest */,
				ADB7D2FD239EE03900653905 /* WildWestTests */,
			);
		};
/* End PBXProject section */

/* Begin PBXResourcesBuildPhase section */
		ADB7D2E6239EE03800653905 /* Resources */ = {
			isa = PBXResourcesBuildPhase;
			buildActionMask = 2147483647;
			files = (
				ADB7D2F8239EE03900653905 /* LaunchScreen.storyboard in Resources */,
				ADB7D2F5239EE03900653905 /* Assets.xcassets in Resources */,
				ADB7D2F3239EE03800653905 /* Main.storyboard in Resources */,
				33A815ED23DB54350081A055 /* roles.json in Resources */,
				ADE91AD023B9FF0700F7316B /* cards.json in Resources */,
				AD49F86A23BA074100543F59 /* figures.json in Resources */,
			);
			runOnlyForDeploymentPostprocessing = 0;
		};
		ADB7D2FC239EE03900653905 /* Resources */ = {
			isa = PBXResourcesBuildPhase;
			buildActionMask = 2147483647;
			files = (
				33A815EB23DB525A0081A055 /* figures.json in Resources */,
				33A815E623DB507D0081A055 /* Assets.xcassets in Resources */,
				ADE91AD123B9FF0700F7316B /* cards.json in Resources */,
				33A815EE23DB54350081A055 /* roles.json in Resources */,
			);
			runOnlyForDeploymentPostprocessing = 0;
		};
/* End PBXResourcesBuildPhase section */

/* Begin PBXShellScriptBuildPhase section */
		2DF289D4DAA701C3A4808EFC /* [CP] Check Pods Manifest.lock */ = {
			isa = PBXShellScriptBuildPhase;
			buildActionMask = 2147483647;
			files = (
			);
			inputFileListPaths = (
			);
			inputPaths = (
				"${PODS_PODFILE_DIR_PATH}/Podfile.lock",
				"${PODS_ROOT}/Manifest.lock",
			);
			name = "[CP] Check Pods Manifest.lock";
			outputFileListPaths = (
			);
			outputPaths = (
				"$(DERIVED_FILE_DIR)/Pods-WildWest-checkManifestLockResult.txt",
			);
			runOnlyForDeploymentPostprocessing = 0;
			shellPath = /bin/sh;
			shellScript = "diff \"${PODS_PODFILE_DIR_PATH}/Podfile.lock\" \"${PODS_ROOT}/Manifest.lock\" > /dev/null\nif [ $? != 0 ] ; then\n    # print error to STDERR\n    echo \"error: The sandbox is not in sync with the Podfile.lock. Run 'pod install' or update your CocoaPods installation.\" >&2\n    exit 1\nfi\n# This output is used by Xcode 'outputs' to avoid re-running this script phase.\necho \"SUCCESS\" > \"${SCRIPT_OUTPUT_FILE_0}\"\n";
			showEnvVarsInLog = 0;
		};
		AD186BDD23A4618500ABF3E7 /* Run Cuckoo */ = {
			isa = PBXShellScriptBuildPhase;
			buildActionMask = 2147483647;
			files = (
			);
			inputFileListPaths = (
			);
			inputPaths = (
			);
			name = "Run Cuckoo";
			outputFileListPaths = (
			);
			outputPaths = (
			);
			runOnlyForDeploymentPostprocessing = 0;
			shellPath = /bin/sh;
			shellScript = "# Define output file. Change \"${PROJECT_DIR}/${PROJECT_NAME}Tests\" to your test's root source folder, if it's not the default name.\nOUTPUT_FILE=\"${PROJECT_DIR}/${PROJECT_NAME}Tests/GeneratedMocks.swift\"\necho \"Generated Mocks File = ${OUTPUT_FILE}\"\n\n# Define input directory. Change \"${PROJECT_DIR}/${PROJECT_NAME}\" to your project's root source folder, if it's not the default name.\nINPUT_DIR=\"${PROJECT_DIR}/${PROJECT_NAME}\"\necho \"Mocks Input Directory = ${INPUT_DIR}\"\n\n# Generate mock files, include as many input files as you'd like to create mocks for.\n\"${PODS_ROOT}/Cuckoo/run\" generate --testable \"${PROJECT_NAME}\" \\\n--output \"${OUTPUT_FILE}\" \\\n--no-header \\\n--no-class-mocking \\\n\"${INPUT_DIR}/engine/state/GameStateProtocol.swift\" \\\n\"${INPUT_DIR}/engine/state/PlayerProtocol.swift\" \\\n\"${INPUT_DIR}/engine/state/CardListProtocol.swift\" \\\n\"${INPUT_DIR}/engine/state/CardProtocol.swift\" \\\n\"${INPUT_DIR}/engine/action/ActionProtocol.swift\"\n";
		};
		AD8540A223A4291100568FE9 /* Run Swiftlint */ = {
			isa = PBXShellScriptBuildPhase;
			buildActionMask = 2147483647;
			files = (
			);
			inputFileListPaths = (
			);
			inputPaths = (
			);
			name = "Run Swiftlint";
			outputFileListPaths = (
			);
			outputPaths = (
			);
			runOnlyForDeploymentPostprocessing = 0;
			shellPath = /bin/sh;
			shellScript = "# Type a script or drag a script file from your workspace to insert its path.\n\"${PODS_ROOT}/SwiftLint/swiftlint\"\n";
		};
		EB6EE4491E93C5577B29AB62 /* [CP] Check Pods Manifest.lock */ = {
			isa = PBXShellScriptBuildPhase;
			buildActionMask = 2147483647;
			files = (
			);
			inputFileListPaths = (
			);
			inputPaths = (
				"${PODS_PODFILE_DIR_PATH}/Podfile.lock",
				"${PODS_ROOT}/Manifest.lock",
			);
			name = "[CP] Check Pods Manifest.lock";
			outputFileListPaths = (
			);
			outputPaths = (
				"$(DERIVED_FILE_DIR)/Pods-WildWestTests-checkManifestLockResult.txt",
			);
			runOnlyForDeploymentPostprocessing = 0;
			shellPath = /bin/sh;
			shellScript = "diff \"${PODS_PODFILE_DIR_PATH}/Podfile.lock\" \"${PODS_ROOT}/Manifest.lock\" > /dev/null\nif [ $? != 0 ] ; then\n    # print error to STDERR\n    echo \"error: The sandbox is not in sync with the Podfile.lock. Run 'pod install' or update your CocoaPods installation.\" >&2\n    exit 1\nfi\n# This output is used by Xcode 'outputs' to avoid re-running this script phase.\necho \"SUCCESS\" > \"${SCRIPT_OUTPUT_FILE_0}\"\n";
			showEnvVarsInLog = 0;
		};
		EDBCE575E9629DBC63D5C556 /* [CP] Embed Pods Frameworks */ = {
			isa = PBXShellScriptBuildPhase;
			buildActionMask = 2147483647;
			files = (
			);
			inputFileListPaths = (
				"${PODS_ROOT}/Target Support Files/Pods-WildWest/Pods-WildWest-frameworks-${CONFIGURATION}-input-files.xcfilelist",
			);
			name = "[CP] Embed Pods Frameworks";
			outputFileListPaths = (
				"${PODS_ROOT}/Target Support Files/Pods-WildWest/Pods-WildWest-frameworks-${CONFIGURATION}-output-files.xcfilelist",
			);
			runOnlyForDeploymentPostprocessing = 0;
			shellPath = /bin/sh;
			shellScript = "\"${PODS_ROOT}/Target Support Files/Pods-WildWest/Pods-WildWest-frameworks.sh\"\n";
			showEnvVarsInLog = 0;
		};
/* End PBXShellScriptBuildPhase section */

/* Begin PBXSourcesBuildPhase section */
		ADB7D2E4239EE03800653905 /* Sources */ = {
			isa = PBXSourcesBuildPhase;
			buildActionMask = 2147483647;
			files = (
				ADB5A11023BAB89C0050E173 /* CatBalou.swift in Sources */,
				ADE91AC623B9F84200F7316B /* Saloon.swift in Sources */,
				ADE91AD423BA00DC00F7316B /* GameSetup.swift in Sources */,
				ADD035D523A96034003B2576 /* PlayerProtocol.swift in Sources */,
				AD49F86723BA054400543F59 /* Figure.swift in Sources */,
				ADB5A0F523BAB29C0050E173 /* Equip.swift in Sources */,
				ADB5A0FB23BAB7DD0050E173 /* Jail.swift in Sources */,
				ADB5A11623BABBE80050E173 /* EndTurn.swift in Sources */,
				AD46810E23BEA2B0000B42C7 /* PlayerExtension.swift in Sources */,
				ADB5A10123BAB81E0050E173 /* Missed.swift in Sources */,
				33A733F623DC553900E9B2AD /* GameAI.swift in Sources */,
				AD49F86F23BA0E3E00543F59 /* WellsFargo.swift in Sources */,
				ADB7D2EC239EE03800653905 /* AppDelegate.swift in Sources */,
				ADB5A10723BAB84E0050E173 /* Gatling.swift in Sources */,
				AD52B99923B178CC0013240B /* Player.swift in Sources */,
				ADB5A11323BAB9330050E173 /* GeneralStore.swift in Sources */,
				3324019023DBAA7500B92439 /* UIViewExtension.swift in Sources */,
				3324018E23DBA6C800B92439 /* UICollectionViewExtension.swift in Sources */,
				ADB5A0FE23BAB8070050E173 /* Shoot.swift in Sources */,
				33A733F823DC5AC300E9B2AD /* GameEngine.swift in Sources */,
				33AFA25323DC201A00425BEB /* ClassNameProtocol.swift in Sources */,
				ADB5A10423BAB8370050E173 /* Duel.swift in Sources */,
				ADD5643523A4E09C00C1BD01 /* Beer.swift in Sources */,
				ADB5A10D23BAB8780050E173 /* Panic.swift in Sources */,
				AD49F86C23BA0C4600543F59 /* Stagecoach.swift in Sources */,
				AD36CDDD23C51EFA008D4EDB /* GameResources.swift in Sources */,
				ADD035D823A9604F003B2576 /* GameStateProtocol.swift in Sources */,
				33A815F023DB547D0081A055 /* RoleCard.swift in Sources */,
				ADE91ACD23B9FE2300F7316B /* JsonReader.swift in Sources */,
				332499B323DB9F650082EF09 /* GameViewController.swift in Sources */,
				AD671A1C23D8F9D600F0AA4A /* CardExtension.swift in Sources */,
				AD52B99C23B17A310013240B /* GameState.swift in Sources */,
				AD52B99623B1771E0013240B /* CardList.swift in Sources */,
				332499B123DB9F140082EF09 /* PlayerCell.swift in Sources */,
				33A733F223DC514500E9B2AD /* ActionsViewController.swift in Sources */,
				AD671A1923D8DCE000F0AA4A /* BeerLastLifePoint.swift in Sources */,
				ADB5A10A23BAB8630050E173 /* Indians.swift in Sources */,
				ADD035C923A95EEB003B2576 /* ActionProtocol.swift in Sources */,
				ADD035D223A9601B003B2576 /* CardListProtocol.swift in Sources */,
				332499AF23DB9EFE0082EF09 /* CardCell.swift in Sources */,
				AD52B99323B175110013240B /* Card.swift in Sources */,
				ADD035CC23A95F37003B2576 /* RuleProtocol.swift in Sources */,
				ADD035CF23A96002003B2576 /* CardProtocol.swift in Sources */,
				33A733EE23DC4A5300E9B2AD /* Subscribable.swift in Sources */,
			);
			runOnlyForDeploymentPostprocessing = 0;
		};
		ADB7D2FA239EE03900653905 /* Sources */ = {
			isa = PBXSourcesBuildPhase;
			buildActionMask = 2147483647;
			files = (
				ADB5A11123BAB89C0050E173 /* CatBalou.swift in Sources */,
				AD52B99723B1771E0013240B /* CardList.swift in Sources */,
				33A815E823DB51BE0081A055 /* GameResourcesFiguresTests.swift in Sources */,
				ADD5643623A4E09C00C1BD01 /* Beer.swift in Sources */,
				ADD035CD23A95F37003B2576 /* RuleProtocol.swift in Sources */,
				AD49F86823BA054D00543F59 /* Figure.swift in Sources */,
				ADB5A0F623BAB29C0050E173 /* Equip.swift in Sources */,
				ADB5A0FC23BAB7DD0050E173 /* Jail.swift in Sources */,
				AD52B99D23B17A310013240B /* GameState.swift in Sources */,
				ADB5A11723BABBE80050E173 /* EndTurn.swift in Sources */,
				AD46810F23BEA2B0000B42C7 /* PlayerExtension.swift in Sources */,
				AD7F34B923D79841001B4072 /* MockCardProtocolExtension.swift in Sources */,
				AD48DD3023BEB11800E5B552 /* BeerTests.swift in Sources */,
				ADB5A10223BAB81E0050E173 /* Missed.swift in Sources */,
				AD7EAFBF23D7846D00FE23D5 /* GameSetupTests.swift in Sources */,
				ADD035D923A9604F003B2576 /* GameStateProtocol.swift in Sources */,
				AD49F87023BA0E3E00543F59 /* WellsFargo.swift in Sources */,
				AD36CDDE23C51EFA008D4EDB /* GameResources.swift in Sources */,
				33A815F323DB55350081A055 /* GameResourcesRolesTests.swift in Sources */,
				ADB5A10823BAB84E0050E173 /* Gatling.swift in Sources */,
				AD48DD2C23BEAFAF00E5B552 /* WellsFargoTests.swift in Sources */,
				AD186BDF23A461F300ABF3E7 /* GeneratedMocks.swift in Sources */,
				ADB5A11423BAB9330050E173 /* GeneralStore.swift in Sources */,
				AD48DD3223BEB12800E5B552 /* SaloonTests.swift in Sources */,
				AD36CDEF23C52306008D4EDB /* CardTests.swift in Sources */,
				ADB5A0FF23BAB8070050E173 /* Shoot.swift in Sources */,
				ADB5A10523BAB8370050E173 /* Duel.swift in Sources */,
				33A815F123DB547D0081A055 /* RoleCard.swift in Sources */,
				AD48DD2A23BEAE1300E5B552 /* StagecoachTests.swift in Sources */,
				ADB5A10E23BAB8780050E173 /* Panic.swift in Sources */,
				AD49F86D23BA0C4600543F59 /* Stagecoach.swift in Sources */,
				ADD035D623A96034003B2576 /* PlayerProtocol.swift in Sources */,
				AD7F34BB23D7985C001B4072 /* MockCardListProtocolExtension.swift in Sources */,
				ADE91ACE23B9FE2300F7316B /* JsonReader.swift in Sources */,
				AD48DD2E23BEB06600E5B552 /* EquipTests.swift in Sources */,
				33A815EA23DB51D40081A055 /* GameResourcesCardsTests.swift in Sources */,
				AD7EAFBA23D7817E00FE23D5 /* JailTests.swift in Sources */,
				AD36CDF123C523BD008D4EDB /* CardListTests.swift in Sources */,
				ADD035CA23A95EEB003B2576 /* ActionProtocol.swift in Sources */,
				ADE91AC723B9F84200F7316B /* Saloon.swift in Sources */,
				AD4BE6AA23DA4B12003A610A /* CollectionExtension.swift in Sources */,
				ADD035D323A9601B003B2576 /* CardListProtocol.swift in Sources */,
				AD7F34BF23D79893001B4072 /* MockGameStateProtocolExtension.swift in Sources */,
				AD7F34BD23D79879001B4072 /* MockPlayerProtocolExtension.swift in Sources */,
				AD7EAFBC23D7825800FE23D5 /* GameStateTests.swift in Sources */,
				ADB5A10B23BAB8630050E173 /* Indians.swift in Sources */,
				ADD0825E23C67C96001BC18F /* PlayerTests.swift in Sources */,
				ADD035D023A96002003B2576 /* CardProtocol.swift in Sources */,
				AD52B99A23B178CC0013240B /* Player.swift in Sources */,
				ADE91AD523BA00DC00F7316B /* GameSetup.swift in Sources */,
				AD671A1A23D8DCE000F0AA4A /* BeerLastLifePoint.swift in Sources */,
				33A733F923DC5B3D00E9B2AD /* GameAI.swift in Sources */,
				AD52B99423B175110013240B /* Card.swift in Sources */,
				AD671A1D23D8F9D600F0AA4A /* CardExtension.swift in Sources */,
			);
			runOnlyForDeploymentPostprocessing = 0;
		};
/* End PBXSourcesBuildPhase section */

/* Begin PBXTargetDependency section */
		ADB7D300239EE03900653905 /* PBXTargetDependency */ = {
			isa = PBXTargetDependency;
			target = ADB7D2E7239EE03800653905 /* WildWest */;
			targetProxy = ADB7D2FF239EE03900653905 /* PBXContainerItemProxy */;
		};
/* End PBXTargetDependency section */

/* Begin PBXVariantGroup section */
		ADB7D2F1239EE03800653905 /* Main.storyboard */ = {
			isa = PBXVariantGroup;
			children = (
				ADB7D2F2239EE03800653905 /* Base */,
			);
			name = Main.storyboard;
			sourceTree = "<group>";
		};
		ADB7D2F6239EE03900653905 /* LaunchScreen.storyboard */ = {
			isa = PBXVariantGroup;
			children = (
				ADB7D2F7239EE03900653905 /* Base */,
			);
			name = LaunchScreen.storyboard;
			sourceTree = "<group>";
		};
/* End PBXVariantGroup section */

/* Begin XCBuildConfiguration section */
		ADB7D305239EE03900653905 /* Debug */ = {
			isa = XCBuildConfiguration;
			buildSettings = {
				ALWAYS_SEARCH_USER_PATHS = NO;
				CLANG_ANALYZER_NONNULL = YES;
				CLANG_ANALYZER_NUMBER_OBJECT_CONVERSION = YES_AGGRESSIVE;
				CLANG_CXX_LANGUAGE_STANDARD = "gnu++14";
				CLANG_CXX_LIBRARY = "libc++";
				CLANG_ENABLE_MODULES = YES;
				CLANG_ENABLE_OBJC_ARC = YES;
				CLANG_ENABLE_OBJC_WEAK = YES;
				CLANG_WARN_BLOCK_CAPTURE_AUTORELEASING = YES;
				CLANG_WARN_BOOL_CONVERSION = YES;
				CLANG_WARN_COMMA = YES;
				CLANG_WARN_CONSTANT_CONVERSION = YES;
				CLANG_WARN_DEPRECATED_OBJC_IMPLEMENTATIONS = YES;
				CLANG_WARN_DIRECT_OBJC_ISA_USAGE = YES_ERROR;
				CLANG_WARN_DOCUMENTATION_COMMENTS = YES;
				CLANG_WARN_EMPTY_BODY = YES;
				CLANG_WARN_ENUM_CONVERSION = YES;
				CLANG_WARN_INFINITE_RECURSION = YES;
				CLANG_WARN_INT_CONVERSION = YES;
				CLANG_WARN_NON_LITERAL_NULL_CONVERSION = YES;
				CLANG_WARN_OBJC_IMPLICIT_RETAIN_SELF = YES;
				CLANG_WARN_OBJC_LITERAL_CONVERSION = YES;
				CLANG_WARN_OBJC_ROOT_CLASS = YES_ERROR;
				CLANG_WARN_RANGE_LOOP_ANALYSIS = YES;
				CLANG_WARN_STRICT_PROTOTYPES = YES;
				CLANG_WARN_SUSPICIOUS_MOVE = YES;
				CLANG_WARN_UNGUARDED_AVAILABILITY = YES_AGGRESSIVE;
				CLANG_WARN_UNREACHABLE_CODE = YES;
				CLANG_WARN__DUPLICATE_METHOD_MATCH = YES;
				COPY_PHASE_STRIP = NO;
				DEBUG_INFORMATION_FORMAT = dwarf;
				ENABLE_STRICT_OBJC_MSGSEND = YES;
				ENABLE_TESTABILITY = YES;
				GCC_C_LANGUAGE_STANDARD = gnu11;
				GCC_DYNAMIC_NO_PIC = NO;
				GCC_NO_COMMON_BLOCKS = YES;
				GCC_OPTIMIZATION_LEVEL = 0;
				GCC_PREPROCESSOR_DEFINITIONS = (
					"DEBUG=1",
					"$(inherited)",
				);
				GCC_WARN_64_TO_32_BIT_CONVERSION = YES;
				GCC_WARN_ABOUT_RETURN_TYPE = YES_ERROR;
				GCC_WARN_UNDECLARED_SELECTOR = YES;
				GCC_WARN_UNINITIALIZED_AUTOS = YES_AGGRESSIVE;
				GCC_WARN_UNUSED_FUNCTION = YES;
				GCC_WARN_UNUSED_VARIABLE = YES;
				IPHONEOS_DEPLOYMENT_TARGET = 9.3;
				MTL_ENABLE_DEBUG_INFO = INCLUDE_SOURCE;
				MTL_FAST_MATH = YES;
				ONLY_ACTIVE_ARCH = YES;
				SDKROOT = iphoneos;
				SWIFT_ACTIVE_COMPILATION_CONDITIONS = DEBUG;
				SWIFT_OPTIMIZATION_LEVEL = "-Onone";
				SWIFT_VERSION = 5.0;
			};
			name = Debug;
		};
		ADB7D306239EE03900653905 /* Release */ = {
			isa = XCBuildConfiguration;
			buildSettings = {
				ALWAYS_SEARCH_USER_PATHS = NO;
				CLANG_ANALYZER_NONNULL = YES;
				CLANG_ANALYZER_NUMBER_OBJECT_CONVERSION = YES_AGGRESSIVE;
				CLANG_CXX_LANGUAGE_STANDARD = "gnu++14";
				CLANG_CXX_LIBRARY = "libc++";
				CLANG_ENABLE_MODULES = YES;
				CLANG_ENABLE_OBJC_ARC = YES;
				CLANG_ENABLE_OBJC_WEAK = YES;
				CLANG_WARN_BLOCK_CAPTURE_AUTORELEASING = YES;
				CLANG_WARN_BOOL_CONVERSION = YES;
				CLANG_WARN_COMMA = YES;
				CLANG_WARN_CONSTANT_CONVERSION = YES;
				CLANG_WARN_DEPRECATED_OBJC_IMPLEMENTATIONS = YES;
				CLANG_WARN_DIRECT_OBJC_ISA_USAGE = YES_ERROR;
				CLANG_WARN_DOCUMENTATION_COMMENTS = YES;
				CLANG_WARN_EMPTY_BODY = YES;
				CLANG_WARN_ENUM_CONVERSION = YES;
				CLANG_WARN_INFINITE_RECURSION = YES;
				CLANG_WARN_INT_CONVERSION = YES;
				CLANG_WARN_NON_LITERAL_NULL_CONVERSION = YES;
				CLANG_WARN_OBJC_IMPLICIT_RETAIN_SELF = YES;
				CLANG_WARN_OBJC_LITERAL_CONVERSION = YES;
				CLANG_WARN_OBJC_ROOT_CLASS = YES_ERROR;
				CLANG_WARN_RANGE_LOOP_ANALYSIS = YES;
				CLANG_WARN_STRICT_PROTOTYPES = YES;
				CLANG_WARN_SUSPICIOUS_MOVE = YES;
				CLANG_WARN_UNGUARDED_AVAILABILITY = YES_AGGRESSIVE;
				CLANG_WARN_UNREACHABLE_CODE = YES;
				CLANG_WARN__DUPLICATE_METHOD_MATCH = YES;
				COPY_PHASE_STRIP = NO;
				DEBUG_INFORMATION_FORMAT = "dwarf-with-dsym";
				ENABLE_NS_ASSERTIONS = NO;
				ENABLE_STRICT_OBJC_MSGSEND = YES;
				GCC_C_LANGUAGE_STANDARD = gnu11;
				GCC_NO_COMMON_BLOCKS = YES;
				GCC_WARN_64_TO_32_BIT_CONVERSION = YES;
				GCC_WARN_ABOUT_RETURN_TYPE = YES_ERROR;
				GCC_WARN_UNDECLARED_SELECTOR = YES;
				GCC_WARN_UNINITIALIZED_AUTOS = YES_AGGRESSIVE;
				GCC_WARN_UNUSED_FUNCTION = YES;
				GCC_WARN_UNUSED_VARIABLE = YES;
				IPHONEOS_DEPLOYMENT_TARGET = 9.3;
				MTL_ENABLE_DEBUG_INFO = NO;
				MTL_FAST_MATH = YES;
				SDKROOT = iphoneos;
				SWIFT_COMPILATION_MODE = wholemodule;
				SWIFT_OPTIMIZATION_LEVEL = "-O";
				SWIFT_VERSION = 5.0;
				VALIDATE_PRODUCT = YES;
			};
			name = Release;
		};
		ADB7D308239EE03900653905 /* Debug */ = {
			isa = XCBuildConfiguration;
			baseConfigurationReference = 51195E55CF3E86BE639C2405 /* Pods-WildWest.debug.xcconfig */;
			buildSettings = {
				ASSETCATALOG_COMPILER_APPICON_NAME = AppIcon;
				CODE_SIGN_IDENTITY = "iPhone Developer";
				CODE_SIGN_STYLE = Manual;
				DEVELOPMENT_TEAM = WC7W275DZZ;
				INFOPLIST_FILE = WildWest/Info.plist;
				LD_RUNPATH_SEARCH_PATHS = (
					"$(inherited)",
					"@executable_path/Frameworks",
				);
				PRODUCT_BUNDLE_IDENTIFIER = com.creativegames.wildwest;
				PRODUCT_NAME = "$(TARGET_NAME)";
				PROVISIONING_PROFILE_SPECIFIER = "Provisionning Wildcard development iOS";
			};
			name = Debug;
		};
		ADB7D309239EE03900653905 /* Release */ = {
			isa = XCBuildConfiguration;
			baseConfigurationReference = 873275DE3D79FFF36F6D066E /* Pods-WildWest.release.xcconfig */;
			buildSettings = {
				ASSETCATALOG_COMPILER_APPICON_NAME = AppIcon;
				CODE_SIGN_IDENTITY = "iPhone Developer";
				CODE_SIGN_STYLE = Manual;
				DEVELOPMENT_TEAM = WC7W275DZZ;
				INFOPLIST_FILE = WildWest/Info.plist;
				LD_RUNPATH_SEARCH_PATHS = (
					"$(inherited)",
					"@executable_path/Frameworks",
				);
				PRODUCT_BUNDLE_IDENTIFIER = com.creativegames.wildwest;
				PRODUCT_NAME = "$(TARGET_NAME)";
				PROVISIONING_PROFILE_SPECIFIER = "Provisionning Wildcard development iOS";
			};
			name = Release;
		};
		ADB7D30B239EE03900653905 /* Debug */ = {
			isa = XCBuildConfiguration;
			baseConfigurationReference = 15EFD4A90888EB671B9B5CF5 /* Pods-WildWestTests.debug.xcconfig */;
			buildSettings = {
				INFOPLIST_FILE = WildWestTests/Info.plist;
				LD_RUNPATH_SEARCH_PATHS = (
					"$(inherited)",
					"@executable_path/Frameworks",
					"@loader_path/Frameworks",
				);
				PRODUCT_BUNDLE_IDENTIFIER = com.creativegames.WildWestTests;
				PRODUCT_NAME = "$(TARGET_NAME)";
			};
			name = Debug;
		};
		ADB7D30C239EE03900653905 /* Release */ = {
			isa = XCBuildConfiguration;
			baseConfigurationReference = 6D17AD4368D4F158C313A85D /* Pods-WildWestTests.release.xcconfig */;
			buildSettings = {
				INFOPLIST_FILE = WildWestTests/Info.plist;
				LD_RUNPATH_SEARCH_PATHS = (
					"$(inherited)",
					"@executable_path/Frameworks",
					"@loader_path/Frameworks",
				);
				PRODUCT_BUNDLE_IDENTIFIER = com.creativegames.WildWestTests;
				PRODUCT_NAME = "$(TARGET_NAME)";
			};
			name = Release;
		};
/* End XCBuildConfiguration section */

/* Begin XCConfigurationList section */
		ADB7D2E3239EE03800653905 /* Build configuration list for PBXProject "WildWest" */ = {
			isa = XCConfigurationList;
			buildConfigurations = (
				ADB7D305239EE03900653905 /* Debug */,
				ADB7D306239EE03900653905 /* Release */,
			);
			defaultConfigurationIsVisible = 0;
			defaultConfigurationName = Release;
		};
		ADB7D307239EE03900653905 /* Build configuration list for PBXNativeTarget "WildWest" */ = {
			isa = XCConfigurationList;
			buildConfigurations = (
				ADB7D308239EE03900653905 /* Debug */,
				ADB7D309239EE03900653905 /* Release */,
			);
			defaultConfigurationIsVisible = 0;
			defaultConfigurationName = Release;
		};
		ADB7D30A239EE03900653905 /* Build configuration list for PBXNativeTarget "WildWestTests" */ = {
			isa = XCConfigurationList;
			buildConfigurations = (
				ADB7D30B239EE03900653905 /* Debug */,
				ADB7D30C239EE03900653905 /* Release */,
			);
			defaultConfigurationIsVisible = 0;
			defaultConfigurationName = Release;
		};
/* End XCConfigurationList section */
	};
	rootObject = ADB7D2E0239EE03800653905 /* Project object */;
}
